// !$*UTF8*$!
{
	archiveVersion = 1;
	classes = {
	};
	objectVersion = 70;
	objects = {

/* Begin PBXBuildFile section */
		780ED3BB2E23EFFA00FAF3FC /* TopUpTimeView.swift in Sources */ = {isa = PBXBuildFile; fileRef = 780ED3BA2E23EFFA00FAF3FC /* TopUpTimeView.swift */; };
		780ED3F82E24E9E500FAF3FC /* AppBlockerModel.swift in Sources */ = {isa = PBXBuildFile; fileRef = 78A77D9D2E20FECD00B1872A /* AppBlockerModel.swift */; };
		780ED4092E2580F400FAF3FC /* MainViewButton.swift in Sources */ = {isa = PBXBuildFile; fileRef = 780ED4082E2580F400FAF3FC /* MainViewButton.swift */; };
		780ED40B2E25872D00FAF3FC /* AppBlockerView.swift in Sources */ = {isa = PBXBuildFile; fileRef = 780ED40A2E25872D00FAF3FC /* AppBlockerView.swift */; };
		780ED42C2E264A6A00FAF3FC /* HowToButton.swift in Sources */ = {isa = PBXBuildFile; fileRef = 780ED42B2E264A6A00FAF3FC /* HowToButton.swift */; };
		780ED42E2E264AF900FAF3FC /* ButtonLabel.swift in Sources */ = {isa = PBXBuildFile; fileRef = 780ED42D2E264AF900FAF3FC /* ButtonLabel.swift */; };
		780ED4302E264B9D00FAF3FC /* HowToView.swift in Sources */ = {isa = PBXBuildFile; fileRef = 780ED42F2E264B9D00FAF3FC /* HowToView.swift */; };
		780ED4312E265A5900FAF3FC /* Assets.xcassets in Resources */ = {isa = PBXBuildFile; fileRef = 78385D0E2BF3647500581057 /* Assets.xcassets */; };
		781D557C2CF606C900C56DE6 /* TricksView.swift in Sources */ = {isa = PBXBuildFile; fileRef = 781D557B2CF606C900C56DE6 /* TricksView.swift */; };
		7827880A2BF68B67004E7F77 /* TimerRunningView.swift in Sources */ = {isa = PBXBuildFile; fileRef = 782788092BF68B67004E7F77 /* TimerRunningView.swift */; };
		7827880D2BFB3F45004E7F77 /* OptionsView.swift in Sources */ = {isa = PBXBuildFile; fileRef = 7827880C2BFB3F45004E7F77 /* OptionsView.swift */; };
		782992412C06316B003C4949 /* Assets.xcassets in Resources */ = {isa = PBXBuildFile; fileRef = 78385D0E2BF3647500581057 /* Assets.xcassets */; };
		7834263C2BFF6B990008F9F9 /* NotificationSoundView.swift in Sources */ = {isa = PBXBuildFile; fileRef = 7834263B2BFF6B990008F9F9 /* NotificationSoundView.swift */; };
		783426402BFF6C7B0008F9F9 /* TimerSound.swift in Sources */ = {isa = PBXBuildFile; fileRef = 7834263F2BFF6C7B0008F9F9 /* TimerSound.swift */; };
		783426742BFFBC7F0008F9F9 /* Synth Bell.caf in Resources */ = {isa = PBXBuildFile; fileRef = 783426632BFFBC7E0008F9F9 /* Synth Bell.caf */; };
		783426752BFFBC7F0008F9F9 /* Dual Bowl.caf in Resources */ = {isa = PBXBuildFile; fileRef = 783426642BFFBC7E0008F9F9 /* Dual Bowl.caf */; };
		783426762BFFBC7F0008F9F9 /* Friendly.caf in Resources */ = {isa = PBXBuildFile; fileRef = 783426652BFFBC7E0008F9F9 /* Friendly.caf */; };
		783426772BFFBC7F0008F9F9 /* Basic Bells 3.caf in Resources */ = {isa = PBXBuildFile; fileRef = 783426662BFFBC7E0008F9F9 /* Basic Bells 3.caf */; };
		783426782BFFBC7F0008F9F9 /* Friendly End.caf in Resources */ = {isa = PBXBuildFile; fileRef = 783426672BFFBC7E0008F9F9 /* Friendly End.caf */; };
		783426792BFFBC7F0008F9F9 /* Chimes 3.caf in Resources */ = {isa = PBXBuildFile; fileRef = 783426682BFFBC7E0008F9F9 /* Chimes 3.caf */; };
		7834267A2BFFBC7F0008F9F9 /* Chimes.caf in Resources */ = {isa = PBXBuildFile; fileRef = 783426692BFFBC7E0008F9F9 /* Chimes.caf */; };
		7834267B2BFFBC7F0008F9F9 /* Basic Bells 1.caf in Resources */ = {isa = PBXBuildFile; fileRef = 7834266A2BFFBC7E0008F9F9 /* Basic Bells 1.caf */; };
		7834267C2BFFBC7F0008F9F9 /* Chimes 4.caf in Resources */ = {isa = PBXBuildFile; fileRef = 7834266B2BFFBC7F0008F9F9 /* Chimes 4.caf */; };
		7834267D2BFFBC7F0008F9F9 /* Chimes 2.caf in Resources */ = {isa = PBXBuildFile; fileRef = 7834266C2BFFBC7F0008F9F9 /* Chimes 2.caf */; };
		7834267E2BFFBC7F0008F9F9 /* Basic Bells 2.caf in Resources */ = {isa = PBXBuildFile; fileRef = 7834266D2BFFBC7F0008F9F9 /* Basic Bells 2.caf */; };
		7834267F2BFFBC7F0008F9F9 /* Singing Bowl 1.caf in Resources */ = {isa = PBXBuildFile; fileRef = 7834266E2BFFBC7F0008F9F9 /* Singing Bowl 1.caf */; };
		783426802BFFBC7F0008F9F9 /* Metallophone.caf in Resources */ = {isa = PBXBuildFile; fileRef = 7834266F2BFFBC7F0008F9F9 /* Metallophone.caf */; };
		783426812BFFBC7F0008F9F9 /* Gong 2.caf in Resources */ = {isa = PBXBuildFile; fileRef = 783426702BFFBC7F0008F9F9 /* Gong 2.caf */; };
		783426822BFFBC7F0008F9F9 /* Singing Bowl 2.caf in Resources */ = {isa = PBXBuildFile; fileRef = 783426712BFFBC7F0008F9F9 /* Singing Bowl 2.caf */; };
		783426832BFFBC7F0008F9F9 /* Gong 2b.caf in Resources */ = {isa = PBXBuildFile; fileRef = 783426722BFFBC7F0008F9F9 /* Gong 2b.caf */; };
		783426842BFFBC7F0008F9F9 /* Singing Bowl 2b.caf in Resources */ = {isa = PBXBuildFile; fileRef = 783426732BFFBC7F0008F9F9 /* Singing Bowl 2b.caf */; };
		783426862BFFCFB20008F9F9 /* TimerCircleView.swift in Sources */ = {isa = PBXBuildFile; fileRef = 783426852BFFCFB20008F9F9 /* TimerCircleView.swift */; };
		78385D0B2BF3647300581057 /* MeditationApp.swift in Sources */ = {isa = PBXBuildFile; fileRef = 78385D0A2BF3647300581057 /* MeditationApp.swift */; };
		78385D0D2BF3647300581057 /* MeditationView.swift in Sources */ = {isa = PBXBuildFile; fileRef = 78385D0C2BF3647300581057 /* MeditationView.swift */; };
		78385D0F2BF3647500581057 /* Assets.xcassets in Resources */ = {isa = PBXBuildFile; fileRef = 78385D0E2BF3647500581057 /* Assets.xcassets */; };
		78385D132BF3647500581057 /* Preview Assets.xcassets in Resources */ = {isa = PBXBuildFile; fileRef = 78385D122BF3647500581057 /* Preview Assets.xcassets */; };
		78385D1A2BF366A000581057 /* MeditationTimer.swift in Sources */ = {isa = PBXBuildFile; fileRef = 78385D192BF366A000581057 /* MeditationTimer.swift */; };
		78385D1F2BF3674800581057 /* TimerView.swift in Sources */ = {isa = PBXBuildFile; fileRef = 78385D1E2BF3674800581057 /* TimerView.swift */; };
		78385D232BF3E11B00581057 /* MeditationSession.swift in Sources */ = {isa = PBXBuildFile; fileRef = 78385D222BF3E11B00581057 /* MeditationSession.swift */; };
		784ECA822CAFCCB3004C0CF6 /* BuddhaBoxLayout.swift in Sources */ = {isa = PBXBuildFile; fileRef = 784ECA812CAFCCB3004C0CF6 /* BuddhaBoxLayout.swift */; };
		784ECA842CAFCCF2004C0CF6 /* Encoder.swift in Sources */ = {isa = PBXBuildFile; fileRef = 784ECA832CAFCCF2004C0CF6 /* Encoder.swift */; };
		784ECA862CAFCD90004C0CF6 /* Triangle.swift in Sources */ = {isa = PBXBuildFile; fileRef = 784ECA852CAFCD90004C0CF6 /* Triangle.swift */; };
		7854735D2C07ABFD009645BF /* StopMeditation.swift in Sources */ = {isa = PBXBuildFile; fileRef = 7854735B2C07ABF3009645BF /* StopMeditation.swift */; };
		7854735F2C07B359009645BF /* StopMeditation.swift in Sources */ = {isa = PBXBuildFile; fileRef = 7854735B2C07ABF3009645BF /* StopMeditation.swift */; };
		785473612C07B5E4009645BF /* TimerStatus.swift in Sources */ = {isa = PBXBuildFile; fileRef = 789A0E3E2C061570009CB9E7 /* TimerStatus.swift */; };
		785473622C07B5E4009645BF /* MeditationStatistics.swift in Sources */ = {isa = PBXBuildFile; fileRef = 789A0E0F2C0392F5009CB9E7 /* MeditationStatistics.swift */; };
		785473632C07B5E4009645BF /* DateComponents + Identifiable.swift in Sources */ = {isa = PBXBuildFile; fileRef = 789A0E172C04FE57009CB9E7 /* DateComponents + Identifiable.swift */; };
		785473642C07B5E4009645BF /* DateComponents + Comparable.swift in Sources */ = {isa = PBXBuildFile; fileRef = 789A0E192C04FEAB009CB9E7 /* DateComponents + Comparable.swift */; };
		785473652C07B5E4009645BF /* MeditationTimer.swift in Sources */ = {isa = PBXBuildFile; fileRef = 78385D192BF366A000581057 /* MeditationTimer.swift */; };
		785473662C07B5E4009645BF /* MeditationSession.swift in Sources */ = {isa = PBXBuildFile; fileRef = 78385D222BF3E11B00581057 /* MeditationSession.swift */; };
		785473672C07B5E4009645BF /* TimerSound.swift in Sources */ = {isa = PBXBuildFile; fileRef = 7834263F2BFF6C7B0008F9F9 /* TimerSound.swift */; };
		7854736B2C090119009645BF /* WidgetLogoView.swift in Sources */ = {isa = PBXBuildFile; fileRef = 785473692C090104009645BF /* WidgetLogoView.swift */; };
		7854736C2C090128009645BF /* WidgetLogoView.swift in Sources */ = {isa = PBXBuildFile; fileRef = 785473692C090104009645BF /* WidgetLogoView.swift */; };
		7854736F2C090185009645BF /* WidgetButtonLabel.swift in Sources */ = {isa = PBXBuildFile; fileRef = 7854736E2C090185009645BF /* WidgetButtonLabel.swift */; };
		785473702C090185009645BF /* WidgetButtonLabel.swift in Sources */ = {isa = PBXBuildFile; fileRef = 7854736E2C090185009645BF /* WidgetButtonLabel.swift */; };
		785473732C09020D009645BF /* WidgetButtonState.swift in Sources */ = {isa = PBXBuildFile; fileRef = 785473712C09020D009645BF /* WidgetButtonState.swift */; };
		785473742C090281009645BF /* WidgetButtonState.swift in Sources */ = {isa = PBXBuildFile; fileRef = 785473712C09020D009645BF /* WidgetButtonState.swift */; };
		785473752C09028C009645BF /* WidgetExtensionLiveActivity.swift in Sources */ = {isa = PBXBuildFile; fileRef = 789A0E2E2C06131E009CB9E7 /* WidgetExtensionLiveActivity.swift */; };
		785473772C09056E009645BF /* CircleProgressView.swift in Sources */ = {isa = PBXBuildFile; fileRef = 785473762C09056E009645BF /* CircleProgressView.swift */; };
		785473782C09056E009645BF /* CircleProgressView.swift in Sources */ = {isa = PBXBuildFile; fileRef = 785473762C09056E009645BF /* CircleProgressView.swift */; };
		785D09492C09CFE100044AE9 /* PauseMeditation.swift in Sources */ = {isa = PBXBuildFile; fileRef = 785D09482C09CFE100044AE9 /* PauseMeditation.swift */; };
		785D094A2C09CFE100044AE9 /* PauseMeditation.swift in Sources */ = {isa = PBXBuildFile; fileRef = 785D09482C09CFE100044AE9 /* PauseMeditation.swift */; };
		785D094C2C09CFE800044AE9 /* ResumeMeditation.swift in Sources */ = {isa = PBXBuildFile; fileRef = 785D094B2C09CFE800044AE9 /* ResumeMeditation.swift */; };
		785D094D2C09CFE800044AE9 /* ResumeMeditation.swift in Sources */ = {isa = PBXBuildFile; fileRef = 785D094B2C09CFE800044AE9 /* ResumeMeditation.swift */; };
		785D094F2C09F0D600044AE9 /* WidgetButtonStyle.swift in Sources */ = {isa = PBXBuildFile; fileRef = 785D094E2C09F0D600044AE9 /* WidgetButtonStyle.swift */; };
		785D09502C09F0D600044AE9 /* WidgetButtonStyle.swift in Sources */ = {isa = PBXBuildFile; fileRef = 785D094E2C09F0D600044AE9 /* WidgetButtonStyle.swift */; };
		785D09522C09F18D00044AE9 /* IslandExpandedBottomView.swift in Sources */ = {isa = PBXBuildFile; fileRef = 785D09512C09F18D00044AE9 /* IslandExpandedBottomView.swift */; };
		785D09532C09F18D00044AE9 /* IslandExpandedBottomView.swift in Sources */ = {isa = PBXBuildFile; fileRef = 785D09512C09F18D00044AE9 /* IslandExpandedBottomView.swift */; };
		785D09552C09F27F00044AE9 /* ActivityLockScreenView.swift in Sources */ = {isa = PBXBuildFile; fileRef = 785D09542C09F27F00044AE9 /* ActivityLockScreenView.swift */; };
		785D09562C09F27F00044AE9 /* ActivityLockScreenView.swift in Sources */ = {isa = PBXBuildFile; fileRef = 785D09542C09F27F00044AE9 /* ActivityLockScreenView.swift */; };
		785D09582C0A06EC00044AE9 /* TimerHackView.swift in Sources */ = {isa = PBXBuildFile; fileRef = 785D09572C0A06EC00044AE9 /* TimerHackView.swift */; };
		785D09592C0A06EC00044AE9 /* TimerHackView.swift in Sources */ = {isa = PBXBuildFile; fileRef = 785D09572C0A06EC00044AE9 /* TimerHackView.swift */; };
		785D095B2C0A48BC00044AE9 /* StopMeditationWithoutSaving.swift in Sources */ = {isa = PBXBuildFile; fileRef = 785D095A2C0A48BC00044AE9 /* StopMeditationWithoutSaving.swift */; };
		785D095C2C0A48BC00044AE9 /* StopMeditationWithoutSaving.swift in Sources */ = {isa = PBXBuildFile; fileRef = 785D095A2C0A48BC00044AE9 /* StopMeditationWithoutSaving.swift */; };
		785D095E2C0B114300044AE9 /* Reminders.swift in Sources */ = {isa = PBXBuildFile; fileRef = 785D095D2C0B114300044AE9 /* Reminders.swift */; };
		785D095F2C0B122A00044AE9 /* Reminders.swift in Sources */ = {isa = PBXBuildFile; fileRef = 785D095D2C0B114300044AE9 /* Reminders.swift */; };
		785D09652C0B9F2200044AE9 /* FlyingEmojiView.swift in Sources */ = {isa = PBXBuildFile; fileRef = 785D09642C0B9F2200044AE9 /* FlyingEmojiView.swift */; };
		785D09672C0BA00500044AE9 /* AttackOfTheEmojiView.swift in Sources */ = {isa = PBXBuildFile; fileRef = 785D09662C0BA00500044AE9 /* AttackOfTheEmojiView.swift */; };
		785D096A2C0C4ABD00044AE9 /* TimeStoppedView.swift in Sources */ = {isa = PBXBuildFile; fileRef = 785D09692C0C4ABD00044AE9 /* TimeStoppedView.swift */; };
		785D096B2C0C4ABD00044AE9 /* TimeStoppedView.swift in Sources */ = {isa = PBXBuildFile; fileRef = 785D09692C0C4ABD00044AE9 /* TimeStoppedView.swift */; };
		785D096F2C0C56F800044AE9 /* AudioManager.swift in Sources */ = {isa = PBXBuildFile; fileRef = 785D096E2C0C56F800044AE9 /* AudioManager.swift */; };
		786A275D2CF083D60014E386 /* buddha04.aif in Resources */ = {isa = PBXBuildFile; fileRef = 786A27592CF083D60014E386 /* buddha04.aif */; };
		786A275E2CF083D60014E386 /* buddha06.aif in Resources */ = {isa = PBXBuildFile; fileRef = 786A275B2CF083D60014E386 /* buddha06.aif */; };
		786A275F2CF083D60014E386 /* buddha01.aif in Resources */ = {isa = PBXBuildFile; fileRef = 786A27562CF083D60014E386 /* buddha01.aif */; };
		786A27602CF083D60014E386 /* buddha03.aif in Resources */ = {isa = PBXBuildFile; fileRef = 786A27582CF083D60014E386 /* buddha03.aif */; };
		786A27612CF083D60014E386 /* buddha07.aif in Resources */ = {isa = PBXBuildFile; fileRef = 786A275C2CF083D60014E386 /* buddha07.aif */; };
		786A27622CF083D60014E386 /* buddha00.aif in Resources */ = {isa = PBXBuildFile; fileRef = 786A27552CF083D60014E386 /* buddha00.aif */; };
		786A27632CF083D60014E386 /* buddha02.aif in Resources */ = {isa = PBXBuildFile; fileRef = 786A27572CF083D60014E386 /* buddha02.aif */; };
		786A27682CF0921C0014E386 /* buddha05.aif in Resources */ = {isa = PBXBuildFile; fileRef = 786A27672CF0921C0014E386 /* buddha05.aif */; };
		787000D52CE4EC2400542E3B /* Dial.swift in Sources */ = {isa = PBXBuildFile; fileRef = 787000D42CE4EC2400542E3B /* Dial.swift */; };
		787000D72CE750AE00542E3B /* BuddhaBoxButton.swift in Sources */ = {isa = PBXBuildFile; fileRef = 787000D62CE750AE00542E3B /* BuddhaBoxButton.swift */; };
		787000D92CE7D0FD00542E3B /* AppStorageAUValue.swift in Sources */ = {isa = PBXBuildFile; fileRef = 787000D82CE7D0FC00542E3B /* AppStorageAUValue.swift */; };
		78713CD72CFC6221000A1B71 /* NoteView.swift in Sources */ = {isa = PBXBuildFile; fileRef = 78713CD62CFC6221000A1B71 /* NoteView.swift */; };
		7879BDF02BF4A43E001994D2 /* Helpers.swift in Sources */ = {isa = PBXBuildFile; fileRef = 7879BDEF2BF4A43E001994D2 /* Helpers.swift */; };
		7879BDF12BF4BDE4001994D2 /* Kitchen Timer Normal.caf in Resources */ = {isa = PBXBuildFile; fileRef = 78385D242BF3E4F100581057 /* Kitchen Timer Normal.caf */; };
		7879BDF32BF68448001994D2 /* CircleButtonStyle.swift in Sources */ = {isa = PBXBuildFile; fileRef = 7879BDF22BF68448001994D2 /* CircleButtonStyle.swift */; };
		7879BDF52BF684FD001994D2 /* TimerStoppedView.swift in Sources */ = {isa = PBXBuildFile; fileRef = 7879BDF42BF684FD001994D2 /* TimerStoppedView.swift */; };
		789A0E072C032377009CB9E7 /* KoansEditView.swift in Sources */ = {isa = PBXBuildFile; fileRef = 789A0E062C032377009CB9E7 /* KoansEditView.swift */; };
		789A0E092C0388FE009CB9E7 /* StreakButton.swift in Sources */ = {isa = PBXBuildFile; fileRef = 789A0E082C0388FE009CB9E7 /* StreakButton.swift */; };
		789A0E0B2C038C42009CB9E7 /* StatisticsView.swift in Sources */ = {isa = PBXBuildFile; fileRef = 789A0E0A2C038C42009CB9E7 /* StatisticsView.swift */; };
		789A0E102C0392F5009CB9E7 /* MeditationStatistics.swift in Sources */ = {isa = PBXBuildFile; fileRef = 789A0E0F2C0392F5009CB9E7 /* MeditationStatistics.swift */; };
		789A0E122C04D965009CB9E7 /* StreakTile.swift in Sources */ = {isa = PBXBuildFile; fileRef = 789A0E112C04D965009CB9E7 /* StreakTile.swift */; };
		789A0E142C04FCCA009CB9E7 /* MonthlyChart.swift in Sources */ = {isa = PBXBuildFile; fileRef = 789A0E132C04FCCA009CB9E7 /* MonthlyChart.swift */; };
		789A0E182C04FE57009CB9E7 /* DateComponents + Identifiable.swift in Sources */ = {isa = PBXBuildFile; fileRef = 789A0E172C04FE57009CB9E7 /* DateComponents + Identifiable.swift */; };
		789A0E1A2C04FEAB009CB9E7 /* DateComponents + Comparable.swift in Sources */ = {isa = PBXBuildFile; fileRef = 789A0E192C04FEAB009CB9E7 /* DateComponents + Comparable.swift */; };
		789A0E1C2C05B3EA009CB9E7 /* ThirtyDaysChart.swift in Sources */ = {isa = PBXBuildFile; fileRef = 789A0E1B2C05B3EA009CB9E7 /* ThirtyDaysChart.swift */; };
		789A0E202C05C35A009CB9E7 /* StatisticsButton.swift in Sources */ = {isa = PBXBuildFile; fileRef = 789A0E1F2C05C35A009CB9E7 /* StatisticsButton.swift */; };
		789A0E282C06131E009CB9E7 /* WidgetKit.framework in Frameworks */ = {isa = PBXBuildFile; fileRef = 789A0E272C06131E009CB9E7 /* WidgetKit.framework */; };
		789A0E2A2C06131E009CB9E7 /* SwiftUI.framework in Frameworks */ = {isa = PBXBuildFile; fileRef = 789A0E292C06131E009CB9E7 /* SwiftUI.framework */; };
		789A0E2D2C06131E009CB9E7 /* WidgetExtensionBundle.swift in Sources */ = {isa = PBXBuildFile; fileRef = 789A0E2C2C06131E009CB9E7 /* WidgetExtensionBundle.swift */; };
		789A0E2F2C06131E009CB9E7 /* WidgetExtensionLiveActivity.swift in Sources */ = {isa = PBXBuildFile; fileRef = 789A0E2E2C06131E009CB9E7 /* WidgetExtensionLiveActivity.swift */; };
		789A0E312C06131E009CB9E7 /* WidgetExtension.swift in Sources */ = {isa = PBXBuildFile; fileRef = 789A0E302C06131E009CB9E7 /* WidgetExtension.swift */; };
		789A0E372C061320009CB9E7 /* WidgetExtensionExtension.appex in Embed Foundation Extensions */ = {isa = PBXBuildFile; fileRef = 789A0E252C06131E009CB9E7 /* WidgetExtensionExtension.appex */; settings = {ATTRIBUTES = (RemoveHeadersOnCopy, ); }; };
		789A0E3F2C061570009CB9E7 /* TimerStatus.swift in Sources */ = {isa = PBXBuildFile; fileRef = 789A0E3E2C061570009CB9E7 /* TimerStatus.swift */; };
		789A0E482C061ECE009CB9E7 /* Helpers.swift in Sources */ = {isa = PBXBuildFile; fileRef = 7879BDEF2BF4A43E001994D2 /* Helpers.swift */; };
		78A77D9C2E20FE4700B1872A /* ContentView.swift in Sources */ = {isa = PBXBuildFile; fileRef = 78A77D9B2E20FE4700B1872A /* ContentView.swift */; };
		78A77D9E2E20FECD00B1872A /* AppBlockerModel.swift in Sources */ = {isa = PBXBuildFile; fileRef = 78A77D9D2E20FECD00B1872A /* AppBlockerModel.swift */; };
		78A77DA52E20FF8F00B1872A /* AuthorizationView.swift in Sources */ = {isa = PBXBuildFile; fileRef = 78A77DA42E20FF8F00B1872A /* AuthorizationView.swift */; };
		78A77DA72E20FFAF00B1872A /* MainContentView.swift in Sources */ = {isa = PBXBuildFile; fileRef = 78A77DA62E20FFAF00B1872A /* MainContentView.swift */; };
		78A77DA92E20FFD000B1872A /* SelectedAppsView.swift in Sources */ = {isa = PBXBuildFile; fileRef = 78A77DA82E20FFD000B1872A /* SelectedAppsView.swift */; };
		78A77DAB2E20FFFB00B1872A /* AppSelectionButton.swift in Sources */ = {isa = PBXBuildFile; fileRef = 78A77DAA2E20FFFB00B1872A /* AppSelectionButton.swift */; };
		78A77DAD2E21002A00B1872A /* BlockingToggleButton.swift in Sources */ = {isa = PBXBuildFile; fileRef = 78A77DAC2E21002A00B1872A /* BlockingToggleButton.swift */; };
		78A77DAF2E21004400B1872A /* StatusView.swift in Sources */ = {isa = PBXBuildFile; fileRef = 78A77DAE2E21004400B1872A /* StatusView.swift */; };
		78A77DBB2E21037100B1872A /* ManagedSettings.framework in Frameworks */ = {isa = PBXBuildFile; fileRef = 78A77DBA2E21037100B1872A /* ManagedSettings.framework */; };
		78A77DBD2E21037100B1872A /* ManagedSettingsUI.framework in Frameworks */ = {isa = PBXBuildFile; fileRef = 78A77DBC2E21037100B1872A /* ManagedSettingsUI.framework */; };
		78A77DC52E21037100B1872A /* ShieldConfigurationExtension.appex in Embed Foundation Extensions */ = {isa = PBXBuildFile; fileRef = 78A77DB92E21037100B1872A /* ShieldConfigurationExtension.appex */; settings = {ATTRIBUTES = (RemoveHeadersOnCopy, ); }; };
		78A77DCF2E21040C00B1872A /* ManagedSettings.framework in Frameworks */ = {isa = PBXBuildFile; fileRef = 78A77DBA2E21037100B1872A /* ManagedSettings.framework */; };
		78A77DD72E21040C00B1872A /* ShieldActionExtension.appex in Embed Foundation Extensions */ = {isa = PBXBuildFile; fileRef = 78A77DCE2E21040C00B1872A /* ShieldActionExtension.appex */; settings = {ATTRIBUTES = (RemoveHeadersOnCopy, ); }; };
		78A77DEE2E224C9000B1872A /* DeviceActivity.framework in Frameworks */ = {isa = PBXBuildFile; fileRef = 78A77DED2E224C9000B1872A /* DeviceActivity.framework */; };
		78A77DF62E224C9000B1872A /* DeviceActivityMonitorExtension.appex in Embed Foundation Extensions */ = {isa = PBXBuildFile; fileRef = 78A77DEC2E224C9000B1872A /* DeviceActivityMonitorExtension.appex */; settings = {ATTRIBUTES = (RemoveHeadersOnCopy, ); }; };
		78C862AB2C0C5A29006235AB /* SoundpipeAudioKit in Frameworks */ = {isa = PBXBuildFile; productRef = 78C862AA2C0C5A29006235AB /* SoundpipeAudioKit */; };
		78C862AF2C0F0866006235AB /* BuddhaBoxView.swift in Sources */ = {isa = PBXBuildFile; fileRef = 78C862AE2C0F0866006235AB /* BuddhaBoxView.swift */; };
		78DAE2F12C0C579D00F2CCB0 /* NoiseMixerView.swift in Sources */ = {isa = PBXBuildFile; fileRef = 78DAE2F02C0C579D00F2CCB0 /* NoiseMixerView.swift */; };
		78DAE2F32C0C58FA00F2CCB0 /* AudioKit in Frameworks */ = {isa = PBXBuildFile; productRef = 78DAE2F22C0C58FA00F2CCB0 /* AudioKit */; };
		78EBA6CA2CE9224100154226 /* AdvertisementView.swift in Sources */ = {isa = PBXBuildFile; fileRef = 78EBA6C92CE9224100154226 /* AdvertisementView.swift */; };
		78EBA6CD2CE924A900154226 /* Ad.swift in Sources */ = {isa = PBXBuildFile; fileRef = 78EBA6CC2CE924A900154226 /* Ad.swift */; };
		78EBA6CE2CE924A900154226 /* Ad.swift in Sources */ = {isa = PBXBuildFile; fileRef = 78EBA6CC2CE924A900154226 /* Ad.swift */; };
		78EBA6D02CE924C300154226 /* MeditationAds.swift in Sources */ = {isa = PBXBuildFile; fileRef = 78EBA6CF2CE924C300154226 /* MeditationAds.swift */; };
		78EBA6D12CE924C300154226 /* MeditationAds.swift in Sources */ = {isa = PBXBuildFile; fileRef = 78EBA6CF2CE924C300154226 /* MeditationAds.swift */; };
		78EBA6D32CEA081B00154226 /* StoreKit.framework in Frameworks */ = {isa = PBXBuildFile; fileRef = 78EBA6D22CEA081B00154226 /* StoreKit.framework */; };
		78EBA6D72CEA0B2D00154226 /* RefundView.swift in Sources */ = {isa = PBXBuildFile; fileRef = 78EBA6D62CEA0B2D00154226 /* RefundView.swift */; };
		78EBA6DB2CEB40C100154226 /* product_ids.plist in Resources */ = {isa = PBXBuildFile; fileRef = 78EBA6DA2CEB40C100154226 /* product_ids.plist */; };
/* End PBXBuildFile section */

/* Begin PBXContainerItemProxy section */
		789A0E352C061320009CB9E7 /* PBXContainerItemProxy */ = {
			isa = PBXContainerItemProxy;
			containerPortal = 78385CFF2BF3647300581057 /* Project object */;
			proxyType = 1;
			remoteGlobalIDString = 789A0E242C06131E009CB9E7;
			remoteInfo = WidgetExtensionExtension;
		};
		78A77DC32E21037100B1872A /* PBXContainerItemProxy */ = {
			isa = PBXContainerItemProxy;
			containerPortal = 78385CFF2BF3647300581057 /* Project object */;
			proxyType = 1;
			remoteGlobalIDString = 78A77DB82E21037100B1872A;
			remoteInfo = ShieldConfigurationExtension;
		};
		78A77DD52E21040C00B1872A /* PBXContainerItemProxy */ = {
			isa = PBXContainerItemProxy;
			containerPortal = 78385CFF2BF3647300581057 /* Project object */;
			proxyType = 1;
			remoteGlobalIDString = 78A77DCD2E21040C00B1872A;
			remoteInfo = ShieldActionExtension;
		};
		78A77DF42E224C9000B1872A /* PBXContainerItemProxy */ = {
			isa = PBXContainerItemProxy;
			containerPortal = 78385CFF2BF3647300581057 /* Project object */;
			proxyType = 1;
			remoteGlobalIDString = 78A77DEB2E224C9000B1872A;
			remoteInfo = DeviceActivityMonitorExtension;
		};
/* End PBXContainerItemProxy section */

/* Begin PBXCopyFilesBuildPhase section */
		789A0E382C061320009CB9E7 /* Embed Foundation Extensions */ = {
			isa = PBXCopyFilesBuildPhase;
			buildActionMask = 2147483647;
			dstPath = "";
			dstSubfolderSpec = 13;
			files = (
				78A77DC52E21037100B1872A /* ShieldConfigurationExtension.appex in Embed Foundation Extensions */,
				789A0E372C061320009CB9E7 /* WidgetExtensionExtension.appex in Embed Foundation Extensions */,
				78A77DF62E224C9000B1872A /* DeviceActivityMonitorExtension.appex in Embed Foundation Extensions */,
				78A77DD72E21040C00B1872A /* ShieldActionExtension.appex in Embed Foundation Extensions */,
			);
			name = "Embed Foundation Extensions";
			runOnlyForDeploymentPostprocessing = 0;
		};
/* End PBXCopyFilesBuildPhase section */

/* Begin PBXFileReference section */
		780ED3BA2E23EFFA00FAF3FC /* TopUpTimeView.swift */ = {isa = PBXFileReference; lastKnownFileType = sourcecode.swift; path = TopUpTimeView.swift; sourceTree = "<group>"; };
		780ED4082E2580F400FAF3FC /* MainViewButton.swift */ = {isa = PBXFileReference; lastKnownFileType = sourcecode.swift; path = MainViewButton.swift; sourceTree = "<group>"; };
		780ED40A2E25872D00FAF3FC /* AppBlockerView.swift */ = {isa = PBXFileReference; lastKnownFileType = sourcecode.swift; path = AppBlockerView.swift; sourceTree = "<group>"; };
		780ED42B2E264A6A00FAF3FC /* HowToButton.swift */ = {isa = PBXFileReference; lastKnownFileType = sourcecode.swift; path = HowToButton.swift; sourceTree = "<group>"; };
		780ED42D2E264AF900FAF3FC /* ButtonLabel.swift */ = {isa = PBXFileReference; lastKnownFileType = sourcecode.swift; path = ButtonLabel.swift; sourceTree = "<group>"; };
		780ED42F2E264B9D00FAF3FC /* HowToView.swift */ = {isa = PBXFileReference; lastKnownFileType = sourcecode.swift; path = HowToView.swift; sourceTree = "<group>"; };
		781D557A2CF5DF3C00C56DE6 /* README.md */ = {isa = PBXFileReference; lastKnownFileType = net.daringfireball.markdown; path = README.md; sourceTree = "<group>"; };
		781D557B2CF606C900C56DE6 /* TricksView.swift */ = {isa = PBXFileReference; lastKnownFileType = sourcecode.swift; path = TricksView.swift; sourceTree = "<group>"; };
		782788092BF68B67004E7F77 /* TimerRunningView.swift */ = {isa = PBXFileReference; lastKnownFileType = sourcecode.swift; path = TimerRunningView.swift; sourceTree = "<group>"; };
		7827880C2BFB3F45004E7F77 /* OptionsView.swift */ = {isa = PBXFileReference; lastKnownFileType = sourcecode.swift; path = OptionsView.swift; sourceTree = "<group>"; };
		7834263B2BFF6B990008F9F9 /* NotificationSoundView.swift */ = {isa = PBXFileReference; lastKnownFileType = sourcecode.swift; path = NotificationSoundView.swift; sourceTree = "<group>"; };
		7834263F2BFF6C7B0008F9F9 /* TimerSound.swift */ = {isa = PBXFileReference; lastKnownFileType = sourcecode.swift; path = TimerSound.swift; sourceTree = "<group>"; };
		783426632BFFBC7E0008F9F9 /* Synth Bell.caf */ = {isa = PBXFileReference; lastKnownFileType = file; path = "Synth Bell.caf"; sourceTree = "<group>"; };
		783426642BFFBC7E0008F9F9 /* Dual Bowl.caf */ = {isa = PBXFileReference; lastKnownFileType = file; path = "Dual Bowl.caf"; sourceTree = "<group>"; };
		783426652BFFBC7E0008F9F9 /* Friendly.caf */ = {isa = PBXFileReference; lastKnownFileType = file; path = Friendly.caf; sourceTree = "<group>"; };
		783426662BFFBC7E0008F9F9 /* Basic Bells 3.caf */ = {isa = PBXFileReference; lastKnownFileType = file; path = "Basic Bells 3.caf"; sourceTree = "<group>"; };
		783426672BFFBC7E0008F9F9 /* Friendly End.caf */ = {isa = PBXFileReference; lastKnownFileType = file; path = "Friendly End.caf"; sourceTree = "<group>"; };
		783426682BFFBC7E0008F9F9 /* Chimes 3.caf */ = {isa = PBXFileReference; lastKnownFileType = file; path = "Chimes 3.caf"; sourceTree = "<group>"; };
		783426692BFFBC7E0008F9F9 /* Chimes.caf */ = {isa = PBXFileReference; lastKnownFileType = file; path = Chimes.caf; sourceTree = "<group>"; };
		7834266A2BFFBC7E0008F9F9 /* Basic Bells 1.caf */ = {isa = PBXFileReference; lastKnownFileType = file; path = "Basic Bells 1.caf"; sourceTree = "<group>"; };
		7834266B2BFFBC7F0008F9F9 /* Chimes 4.caf */ = {isa = PBXFileReference; lastKnownFileType = file; path = "Chimes 4.caf"; sourceTree = "<group>"; };
		7834266C2BFFBC7F0008F9F9 /* Chimes 2.caf */ = {isa = PBXFileReference; lastKnownFileType = file; path = "Chimes 2.caf"; sourceTree = "<group>"; };
		7834266D2BFFBC7F0008F9F9 /* Basic Bells 2.caf */ = {isa = PBXFileReference; lastKnownFileType = file; path = "Basic Bells 2.caf"; sourceTree = "<group>"; };
		7834266E2BFFBC7F0008F9F9 /* Singing Bowl 1.caf */ = {isa = PBXFileReference; lastKnownFileType = file; path = "Singing Bowl 1.caf"; sourceTree = "<group>"; };
		7834266F2BFFBC7F0008F9F9 /* Metallophone.caf */ = {isa = PBXFileReference; lastKnownFileType = file; path = Metallophone.caf; sourceTree = "<group>"; };
		783426702BFFBC7F0008F9F9 /* Gong 2.caf */ = {isa = PBXFileReference; lastKnownFileType = file; path = "Gong 2.caf"; sourceTree = "<group>"; };
		783426712BFFBC7F0008F9F9 /* Singing Bowl 2.caf */ = {isa = PBXFileReference; lastKnownFileType = file; path = "Singing Bowl 2.caf"; sourceTree = "<group>"; };
		783426722BFFBC7F0008F9F9 /* Gong 2b.caf */ = {isa = PBXFileReference; lastKnownFileType = file; path = "Gong 2b.caf"; sourceTree = "<group>"; };
		783426732BFFBC7F0008F9F9 /* Singing Bowl 2b.caf */ = {isa = PBXFileReference; lastKnownFileType = file; path = "Singing Bowl 2b.caf"; sourceTree = "<group>"; };
		783426852BFFCFB20008F9F9 /* TimerCircleView.swift */ = {isa = PBXFileReference; lastKnownFileType = sourcecode.swift; path = TimerCircleView.swift; sourceTree = "<group>"; };
		78385D072BF3647300581057 /* Meditation.app */ = {isa = PBXFileReference; explicitFileType = wrapper.application; includeInIndex = 0; path = Meditation.app; sourceTree = BUILT_PRODUCTS_DIR; };
		78385D0A2BF3647300581057 /* MeditationApp.swift */ = {isa = PBXFileReference; lastKnownFileType = sourcecode.swift; path = MeditationApp.swift; sourceTree = "<group>"; };
		78385D0C2BF3647300581057 /* MeditationView.swift */ = {isa = PBXFileReference; lastKnownFileType = sourcecode.swift; path = MeditationView.swift; sourceTree = "<group>"; };
		78385D0E2BF3647500581057 /* Assets.xcassets */ = {isa = PBXFileReference; lastKnownFileType = folder.assetcatalog; path = Assets.xcassets; sourceTree = "<group>"; };
		78385D102BF3647500581057 /* Meditation.entitlements */ = {isa = PBXFileReference; lastKnownFileType = text.plist.entitlements; path = Meditation.entitlements; sourceTree = "<group>"; };
		78385D122BF3647500581057 /* Preview Assets.xcassets */ = {isa = PBXFileReference; lastKnownFileType = folder.assetcatalog; path = "Preview Assets.xcassets"; sourceTree = "<group>"; };
		78385D192BF366A000581057 /* MeditationTimer.swift */ = {isa = PBXFileReference; lastKnownFileType = sourcecode.swift; path = MeditationTimer.swift; sourceTree = "<group>"; };
		78385D1E2BF3674800581057 /* TimerView.swift */ = {isa = PBXFileReference; lastKnownFileType = sourcecode.swift; path = TimerView.swift; sourceTree = "<group>"; };
		78385D222BF3E11B00581057 /* MeditationSession.swift */ = {isa = PBXFileReference; lastKnownFileType = sourcecode.swift; path = MeditationSession.swift; sourceTree = "<group>"; };
		78385D242BF3E4F100581057 /* Kitchen Timer Normal.caf */ = {isa = PBXFileReference; lastKnownFileType = file; path = "Kitchen Timer Normal.caf"; sourceTree = "<group>"; };
		784ECA812CAFCCB3004C0CF6 /* BuddhaBoxLayout.swift */ = {isa = PBXFileReference; lastKnownFileType = sourcecode.swift; path = BuddhaBoxLayout.swift; sourceTree = "<group>"; };
		784ECA832CAFCCF2004C0CF6 /* Encoder.swift */ = {isa = PBXFileReference; lastKnownFileType = sourcecode.swift; path = Encoder.swift; sourceTree = "<group>"; };
		784ECA852CAFCD90004C0CF6 /* Triangle.swift */ = {isa = PBXFileReference; lastKnownFileType = sourcecode.swift; path = Triangle.swift; sourceTree = "<group>"; };
		7854735B2C07ABF3009645BF /* StopMeditation.swift */ = {isa = PBXFileReference; lastKnownFileType = sourcecode.swift; path = StopMeditation.swift; sourceTree = "<group>"; };
		785473692C090104009645BF /* WidgetLogoView.swift */ = {isa = PBXFileReference; lastKnownFileType = sourcecode.swift; path = WidgetLogoView.swift; sourceTree = "<group>"; };
		7854736E2C090185009645BF /* WidgetButtonLabel.swift */ = {isa = PBXFileReference; lastKnownFileType = sourcecode.swift; path = WidgetButtonLabel.swift; sourceTree = "<group>"; };
		785473712C09020D009645BF /* WidgetButtonState.swift */ = {isa = PBXFileReference; lastKnownFileType = sourcecode.swift; path = WidgetButtonState.swift; sourceTree = "<group>"; };
		785473762C09056E009645BF /* CircleProgressView.swift */ = {isa = PBXFileReference; lastKnownFileType = sourcecode.swift; path = CircleProgressView.swift; sourceTree = "<group>"; };
		785D09482C09CFE100044AE9 /* PauseMeditation.swift */ = {isa = PBXFileReference; lastKnownFileType = sourcecode.swift; path = PauseMeditation.swift; sourceTree = "<group>"; };
		785D094B2C09CFE800044AE9 /* ResumeMeditation.swift */ = {isa = PBXFileReference; lastKnownFileType = sourcecode.swift; path = ResumeMeditation.swift; sourceTree = "<group>"; };
		785D094E2C09F0D600044AE9 /* WidgetButtonStyle.swift */ = {isa = PBXFileReference; lastKnownFileType = sourcecode.swift; path = WidgetButtonStyle.swift; sourceTree = "<group>"; };
		785D09512C09F18D00044AE9 /* IslandExpandedBottomView.swift */ = {isa = PBXFileReference; lastKnownFileType = sourcecode.swift; path = IslandExpandedBottomView.swift; sourceTree = "<group>"; };
		785D09542C09F27F00044AE9 /* ActivityLockScreenView.swift */ = {isa = PBXFileReference; lastKnownFileType = sourcecode.swift; path = ActivityLockScreenView.swift; sourceTree = "<group>"; };
		785D09572C0A06EC00044AE9 /* TimerHackView.swift */ = {isa = PBXFileReference; lastKnownFileType = sourcecode.swift; path = TimerHackView.swift; sourceTree = "<group>"; };
		785D095A2C0A48BC00044AE9 /* StopMeditationWithoutSaving.swift */ = {isa = PBXFileReference; lastKnownFileType = sourcecode.swift; path = StopMeditationWithoutSaving.swift; sourceTree = "<group>"; };
		785D095D2C0B114300044AE9 /* Reminders.swift */ = {isa = PBXFileReference; lastKnownFileType = sourcecode.swift; path = Reminders.swift; sourceTree = "<group>"; };
		785D09642C0B9F2200044AE9 /* FlyingEmojiView.swift */ = {isa = PBXFileReference; lastKnownFileType = sourcecode.swift; path = FlyingEmojiView.swift; sourceTree = "<group>"; };
		785D09662C0BA00500044AE9 /* AttackOfTheEmojiView.swift */ = {isa = PBXFileReference; lastKnownFileType = sourcecode.swift; path = AttackOfTheEmojiView.swift; sourceTree = "<group>"; };
		785D09692C0C4ABD00044AE9 /* TimeStoppedView.swift */ = {isa = PBXFileReference; lastKnownFileType = sourcecode.swift; path = TimeStoppedView.swift; sourceTree = "<group>"; };
		785D096E2C0C56F800044AE9 /* AudioManager.swift */ = {isa = PBXFileReference; lastKnownFileType = sourcecode.swift; path = AudioManager.swift; sourceTree = "<group>"; };
		786A27552CF083D60014E386 /* buddha00.aif */ = {isa = PBXFileReference; lastKnownFileType = file; path = buddha00.aif; sourceTree = "<group>"; };
		786A27562CF083D60014E386 /* buddha01.aif */ = {isa = PBXFileReference; lastKnownFileType = file; path = buddha01.aif; sourceTree = "<group>"; };
		786A27572CF083D60014E386 /* buddha02.aif */ = {isa = PBXFileReference; lastKnownFileType = file; path = buddha02.aif; sourceTree = "<group>"; };
		786A27582CF083D60014E386 /* buddha03.aif */ = {isa = PBXFileReference; lastKnownFileType = file; path = buddha03.aif; sourceTree = "<group>"; };
		786A27592CF083D60014E386 /* buddha04.aif */ = {isa = PBXFileReference; lastKnownFileType = file; path = buddha04.aif; sourceTree = "<group>"; };
		786A275B2CF083D60014E386 /* buddha06.aif */ = {isa = PBXFileReference; lastKnownFileType = file; path = buddha06.aif; sourceTree = "<group>"; };
		786A275C2CF083D60014E386 /* buddha07.aif */ = {isa = PBXFileReference; lastKnownFileType = file; path = buddha07.aif; sourceTree = "<group>"; };
		786A27672CF0921C0014E386 /* buddha05.aif */ = {isa = PBXFileReference; lastKnownFileType = file; path = buddha05.aif; sourceTree = "<group>"; };
		787000D42CE4EC2400542E3B /* Dial.swift */ = {isa = PBXFileReference; lastKnownFileType = sourcecode.swift; path = Dial.swift; sourceTree = "<group>"; };
		787000D62CE750AE00542E3B /* BuddhaBoxButton.swift */ = {isa = PBXFileReference; lastKnownFileType = sourcecode.swift; path = BuddhaBoxButton.swift; sourceTree = "<group>"; };
		787000D82CE7D0FC00542E3B /* AppStorageAUValue.swift */ = {isa = PBXFileReference; lastKnownFileType = sourcecode.swift; path = AppStorageAUValue.swift; sourceTree = "<group>"; };
		78713CD62CFC6221000A1B71 /* NoteView.swift */ = {isa = PBXFileReference; lastKnownFileType = sourcecode.swift; path = NoteView.swift; sourceTree = "<group>"; };
		7879BDEF2BF4A43E001994D2 /* Helpers.swift */ = {isa = PBXFileReference; lastKnownFileType = sourcecode.swift; path = Helpers.swift; sourceTree = "<group>"; };
		7879BDF22BF68448001994D2 /* CircleButtonStyle.swift */ = {isa = PBXFileReference; lastKnownFileType = sourcecode.swift; path = CircleButtonStyle.swift; sourceTree = "<group>"; };
		7879BDF42BF684FD001994D2 /* TimerStoppedView.swift */ = {isa = PBXFileReference; lastKnownFileType = sourcecode.swift; path = TimerStoppedView.swift; sourceTree = "<group>"; };
		789A0E062C032377009CB9E7 /* KoansEditView.swift */ = {isa = PBXFileReference; lastKnownFileType = sourcecode.swift; path = KoansEditView.swift; sourceTree = "<group>"; };
		789A0E082C0388FE009CB9E7 /* StreakButton.swift */ = {isa = PBXFileReference; lastKnownFileType = sourcecode.swift; path = StreakButton.swift; sourceTree = "<group>"; };
		789A0E0A2C038C42009CB9E7 /* StatisticsView.swift */ = {isa = PBXFileReference; lastKnownFileType = sourcecode.swift; path = StatisticsView.swift; sourceTree = "<group>"; };
		789A0E0F2C0392F5009CB9E7 /* MeditationStatistics.swift */ = {isa = PBXFileReference; lastKnownFileType = sourcecode.swift; path = MeditationStatistics.swift; sourceTree = "<group>"; };
		789A0E112C04D965009CB9E7 /* StreakTile.swift */ = {isa = PBXFileReference; lastKnownFileType = sourcecode.swift; path = StreakTile.swift; sourceTree = "<group>"; };
		789A0E132C04FCCA009CB9E7 /* MonthlyChart.swift */ = {isa = PBXFileReference; lastKnownFileType = sourcecode.swift; path = MonthlyChart.swift; sourceTree = "<group>"; };
		789A0E172C04FE57009CB9E7 /* DateComponents + Identifiable.swift */ = {isa = PBXFileReference; lastKnownFileType = sourcecode.swift; path = "DateComponents + Identifiable.swift"; sourceTree = "<group>"; };
		789A0E192C04FEAB009CB9E7 /* DateComponents + Comparable.swift */ = {isa = PBXFileReference; lastKnownFileType = sourcecode.swift; path = "DateComponents + Comparable.swift"; sourceTree = "<group>"; };
		789A0E1B2C05B3EA009CB9E7 /* ThirtyDaysChart.swift */ = {isa = PBXFileReference; lastKnownFileType = sourcecode.swift; path = ThirtyDaysChart.swift; sourceTree = "<group>"; };
		789A0E1F2C05C35A009CB9E7 /* StatisticsButton.swift */ = {isa = PBXFileReference; lastKnownFileType = sourcecode.swift; path = StatisticsButton.swift; sourceTree = "<group>"; };
		789A0E252C06131E009CB9E7 /* WidgetExtensionExtension.appex */ = {isa = PBXFileReference; explicitFileType = "wrapper.app-extension"; includeInIndex = 0; path = WidgetExtensionExtension.appex; sourceTree = BUILT_PRODUCTS_DIR; };
		789A0E272C06131E009CB9E7 /* WidgetKit.framework */ = {isa = PBXFileReference; lastKnownFileType = wrapper.framework; name = WidgetKit.framework; path = System/Library/Frameworks/WidgetKit.framework; sourceTree = SDKROOT; };
		789A0E292C06131E009CB9E7 /* SwiftUI.framework */ = {isa = PBXFileReference; lastKnownFileType = wrapper.framework; name = SwiftUI.framework; path = System/Library/Frameworks/SwiftUI.framework; sourceTree = SDKROOT; };
		789A0E2C2C06131E009CB9E7 /* WidgetExtensionBundle.swift */ = {isa = PBXFileReference; lastKnownFileType = sourcecode.swift; path = WidgetExtensionBundle.swift; sourceTree = "<group>"; };
		789A0E2E2C06131E009CB9E7 /* WidgetExtensionLiveActivity.swift */ = {isa = PBXFileReference; lastKnownFileType = sourcecode.swift; path = WidgetExtensionLiveActivity.swift; sourceTree = "<group>"; };
		789A0E302C06131E009CB9E7 /* WidgetExtension.swift */ = {isa = PBXFileReference; lastKnownFileType = sourcecode.swift; path = WidgetExtension.swift; sourceTree = "<group>"; };
		789A0E342C061320009CB9E7 /* Info.plist */ = {isa = PBXFileReference; lastKnownFileType = text.plist.xml; path = Info.plist; sourceTree = "<group>"; };
		789A0E3C2C061412009CB9E7 /* Info.plist */ = {isa = PBXFileReference; lastKnownFileType = text.plist; path = Info.plist; sourceTree = "<group>"; };
		789A0E3E2C061570009CB9E7 /* TimerStatus.swift */ = {isa = PBXFileReference; lastKnownFileType = sourcecode.swift; path = TimerStatus.swift; sourceTree = "<group>"; };
		78A77D9B2E20FE4700B1872A /* ContentView.swift */ = {isa = PBXFileReference; lastKnownFileType = sourcecode.swift; path = ContentView.swift; sourceTree = "<group>"; };
		78A77D9D2E20FECD00B1872A /* AppBlockerModel.swift */ = {isa = PBXFileReference; lastKnownFileType = sourcecode.swift; path = AppBlockerModel.swift; sourceTree = "<group>"; };
		78A77DA42E20FF8F00B1872A /* AuthorizationView.swift */ = {isa = PBXFileReference; lastKnownFileType = sourcecode.swift; path = AuthorizationView.swift; sourceTree = "<group>"; };
		78A77DA62E20FFAF00B1872A /* MainContentView.swift */ = {isa = PBXFileReference; lastKnownFileType = sourcecode.swift; path = MainContentView.swift; sourceTree = "<group>"; };
		78A77DA82E20FFD000B1872A /* SelectedAppsView.swift */ = {isa = PBXFileReference; lastKnownFileType = sourcecode.swift; path = SelectedAppsView.swift; sourceTree = "<group>"; };
		78A77DAA2E20FFFB00B1872A /* AppSelectionButton.swift */ = {isa = PBXFileReference; lastKnownFileType = sourcecode.swift; path = AppSelectionButton.swift; sourceTree = "<group>"; };
		78A77DAC2E21002A00B1872A /* BlockingToggleButton.swift */ = {isa = PBXFileReference; lastKnownFileType = sourcecode.swift; path = BlockingToggleButton.swift; sourceTree = "<group>"; };
		78A77DAE2E21004400B1872A /* StatusView.swift */ = {isa = PBXFileReference; lastKnownFileType = sourcecode.swift; path = StatusView.swift; sourceTree = "<group>"; };
		78A77DB92E21037100B1872A /* ShieldConfigurationExtension.appex */ = {isa = PBXFileReference; explicitFileType = "wrapper.app-extension"; includeInIndex = 0; path = ShieldConfigurationExtension.appex; sourceTree = BUILT_PRODUCTS_DIR; };
		78A77DBA2E21037100B1872A /* ManagedSettings.framework */ = {isa = PBXFileReference; lastKnownFileType = wrapper.framework; name = ManagedSettings.framework; path = System/Library/Frameworks/ManagedSettings.framework; sourceTree = SDKROOT; };
		78A77DBC2E21037100B1872A /* ManagedSettingsUI.framework */ = {isa = PBXFileReference; lastKnownFileType = wrapper.framework; name = ManagedSettingsUI.framework; path = Library/Frameworks/ManagedSettingsUI.framework; sourceTree = DEVELOPER_DIR; };
		78A77DCE2E21040C00B1872A /* ShieldActionExtension.appex */ = {isa = PBXFileReference; explicitFileType = "wrapper.app-extension"; includeInIndex = 0; path = ShieldActionExtension.appex; sourceTree = BUILT_PRODUCTS_DIR; };
		78A77DEC2E224C9000B1872A /* DeviceActivityMonitorExtension.appex */ = {isa = PBXFileReference; explicitFileType = "wrapper.app-extension"; includeInIndex = 0; path = DeviceActivityMonitorExtension.appex; sourceTree = BUILT_PRODUCTS_DIR; };
		78A77DED2E224C9000B1872A /* DeviceActivity.framework */ = {isa = PBXFileReference; lastKnownFileType = wrapper.framework; name = DeviceActivity.framework; path = System/Library/Frameworks/DeviceActivity.framework; sourceTree = SDKROOT; };
		78C862AE2C0F0866006235AB /* BuddhaBoxView.swift */ = {isa = PBXFileReference; lastKnownFileType = sourcecode.swift; path = BuddhaBoxView.swift; sourceTree = "<group>"; };
		78DAE2F02C0C579D00F2CCB0 /* NoiseMixerView.swift */ = {isa = PBXFileReference; lastKnownFileType = sourcecode.swift; path = NoiseMixerView.swift; sourceTree = "<group>"; };
		78EBA6C92CE9224100154226 /* AdvertisementView.swift */ = {isa = PBXFileReference; lastKnownFileType = sourcecode.swift; path = AdvertisementView.swift; sourceTree = "<group>"; };
		78EBA6CC2CE924A900154226 /* Ad.swift */ = {isa = PBXFileReference; lastKnownFileType = sourcecode.swift; path = Ad.swift; sourceTree = "<group>"; };
		78EBA6CF2CE924C300154226 /* MeditationAds.swift */ = {isa = PBXFileReference; lastKnownFileType = sourcecode.swift; path = MeditationAds.swift; sourceTree = "<group>"; };
		78EBA6D22CEA081B00154226 /* StoreKit.framework */ = {isa = PBXFileReference; lastKnownFileType = wrapper.framework; name = StoreKit.framework; path = System/Library/Frameworks/StoreKit.framework; sourceTree = SDKROOT; };
		78EBA6D62CEA0B2D00154226 /* RefundView.swift */ = {isa = PBXFileReference; lastKnownFileType = sourcecode.swift; path = RefundView.swift; sourceTree = "<group>"; };
		78EBA6D82CEB3DB100154226 /* 7III Meditation.storekit */ = {isa = PBXFileReference; lastKnownFileType = text; path = "7III Meditation.storekit"; sourceTree = "<group>"; };
		78EBA6DA2CEB40C100154226 /* product_ids.plist */ = {isa = PBXFileReference; lastKnownFileType = text.plist.xml; path = product_ids.plist; sourceTree = "<group>"; };
/* End PBXFileReference section */

/* Begin PBXFileSystemSynchronizedBuildFileExceptionSet section */
		78A77DC62E21037100B1872A /* PBXFileSystemSynchronizedBuildFileExceptionSet */ = {
			isa = PBXFileSystemSynchronizedBuildFileExceptionSet;
			membershipExceptions = (
				Info.plist,
			);
			target = 78A77DB82E21037100B1872A /* ShieldConfigurationExtension */;
		};
		78A77DD82E21040C00B1872A /* PBXFileSystemSynchronizedBuildFileExceptionSet */ = {
			isa = PBXFileSystemSynchronizedBuildFileExceptionSet;
			membershipExceptions = (
				Info.plist,
			);
			target = 78A77DCD2E21040C00B1872A /* ShieldActionExtension */;
		};
		78A77DF72E224C9000B1872A /* PBXFileSystemSynchronizedBuildFileExceptionSet */ = {
			isa = PBXFileSystemSynchronizedBuildFileExceptionSet;
			membershipExceptions = (
				Info.plist,
			);
			target = 78A77DEB2E224C9000B1872A /* DeviceActivityMonitorExtension */;
		};
/* End PBXFileSystemSynchronizedBuildFileExceptionSet section */

/* Begin PBXFileSystemSynchronizedRootGroup section */
		78A77DBE2E21037100B1872A /* ShieldConfigurationExtension */ = {isa = PBXFileSystemSynchronizedRootGroup; exceptions = (78A77DC62E21037100B1872A /* PBXFileSystemSynchronizedBuildFileExceptionSet */, ); explicitFileTypes = {}; explicitFolders = (); path = ShieldConfigurationExtension; sourceTree = "<group>"; };
		78A77DD02E21040C00B1872A /* ShieldActionExtension */ = {isa = PBXFileSystemSynchronizedRootGroup; exceptions = (78A77DD82E21040C00B1872A /* PBXFileSystemSynchronizedBuildFileExceptionSet */, ); explicitFileTypes = {}; explicitFolders = (); path = ShieldActionExtension; sourceTree = "<group>"; };
		78A77DEF2E224C9000B1872A /* DeviceActivityMonitorExtension */ = {isa = PBXFileSystemSynchronizedRootGroup; exceptions = (78A77DF72E224C9000B1872A /* PBXFileSystemSynchronizedBuildFileExceptionSet */, ); explicitFileTypes = {}; explicitFolders = (); path = DeviceActivityMonitorExtension; sourceTree = "<group>"; };
/* End PBXFileSystemSynchronizedRootGroup section */

/* Begin PBXFrameworksBuildPhase section */
		78385D042BF3647300581057 /* Frameworks */ = {
			isa = PBXFrameworksBuildPhase;
			buildActionMask = 2147483647;
			files = (
				78EBA6D32CEA081B00154226 /* StoreKit.framework in Frameworks */,
				78C862AB2C0C5A29006235AB /* SoundpipeAudioKit in Frameworks */,
				78DAE2F32C0C58FA00F2CCB0 /* AudioKit in Frameworks */,
			);
			runOnlyForDeploymentPostprocessing = 0;
		};
		789A0E222C06131E009CB9E7 /* Frameworks */ = {
			isa = PBXFrameworksBuildPhase;
			buildActionMask = 2147483647;
			files = (
				789A0E2A2C06131E009CB9E7 /* SwiftUI.framework in Frameworks */,
				789A0E282C06131E009CB9E7 /* WidgetKit.framework in Frameworks */,
			);
			runOnlyForDeploymentPostprocessing = 0;
		};
		78A77DB62E21037100B1872A /* Frameworks */ = {
			isa = PBXFrameworksBuildPhase;
			buildActionMask = 2147483647;
			files = (
				78A77DBB2E21037100B1872A /* ManagedSettings.framework in Frameworks */,
				78A77DBD2E21037100B1872A /* ManagedSettingsUI.framework in Frameworks */,
			);
			runOnlyForDeploymentPostprocessing = 0;
		};
		78A77DCB2E21040C00B1872A /* Frameworks */ = {
			isa = PBXFrameworksBuildPhase;
			buildActionMask = 2147483647;
			files = (
				78A77DCF2E21040C00B1872A /* ManagedSettings.framework in Frameworks */,
			);
			runOnlyForDeploymentPostprocessing = 0;
		};
		78A77DE92E224C9000B1872A /* Frameworks */ = {
			isa = PBXFrameworksBuildPhase;
			buildActionMask = 2147483647;
			files = (
				78A77DEE2E224C9000B1872A /* DeviceActivity.framework in Frameworks */,
			);
			runOnlyForDeploymentPostprocessing = 0;
		};
/* End PBXFrameworksBuildPhase section */

/* Begin PBXGroup section */
		780ED40C2E25877E00FAF3FC /* Main View */ = {
			isa = PBXGroup;
			children = (
				78A77DA42E20FF8F00B1872A /* AuthorizationView.swift */,
				78A77DA62E20FFAF00B1872A /* MainContentView.swift */,
				780ED4082E2580F400FAF3FC /* MainViewButton.swift */,
			);
			path = "Main View";
			sourceTree = "<group>";
		};
		7827880B2BFB3F30004E7F77 /* Timer */ = {
			isa = PBXGroup;
			children = (
				78385D1E2BF3674800581057 /* TimerView.swift */,
				783426852BFFCFB20008F9F9 /* TimerCircleView.swift */,
				7879BDF42BF684FD001994D2 /* TimerStoppedView.swift */,
				782788092BF68B67004E7F77 /* TimerRunningView.swift */,
				7879BDF22BF68448001994D2 /* CircleButtonStyle.swift */,
			);
			path = Timer;
			sourceTree = "<group>";
		};
		78385CFE2BF3647300581057 = {
			isa = PBXGroup;
			children = (
				781D557A2CF5DF3C00C56DE6 /* README.md */,
				78385D092BF3647300581057 /* Meditation */,
				789A0E2B2C06131E009CB9E7 /* WidgetExtension */,
				78A77DBE2E21037100B1872A /* ShieldConfigurationExtension */,
				78A77DD02E21040C00B1872A /* ShieldActionExtension */,
				78A77DEF2E224C9000B1872A /* DeviceActivityMonitorExtension */,
				789A0E262C06131E009CB9E7 /* Frameworks */,
				78385D082BF3647300581057 /* Products */,
			);
			sourceTree = "<group>";
		};
		78385D082BF3647300581057 /* Products */ = {
			isa = PBXGroup;
			children = (
				78385D072BF3647300581057 /* Meditation.app */,
				789A0E252C06131E009CB9E7 /* WidgetExtensionExtension.appex */,
				78A77DB92E21037100B1872A /* ShieldConfigurationExtension.appex */,
				78A77DCE2E21040C00B1872A /* ShieldActionExtension.appex */,
				78A77DEC2E224C9000B1872A /* DeviceActivityMonitorExtension.appex */,
			);
			name = Products;
			sourceTree = "<group>";
		};
		78385D092BF3647300581057 /* Meditation */ = {
			isa = PBXGroup;
			children = (
				789A0E3C2C061412009CB9E7 /* Info.plist */,
				78EBA6DA2CEB40C100154226 /* product_ids.plist */,
				78EBA6D82CEB3DB100154226 /* 7III Meditation.storekit */,
				78385D0A2BF3647300581057 /* MeditationApp.swift */,
				78A77D9B2E20FE4700B1872A /* ContentView.swift */,
				780ED40C2E25877E00FAF3FC /* Main View */,
				78A77DA12E20FF5F00B1872A /* AppBlock */,
				78A77DA02E20FF4F00B1872A /* Meditation */,
				785D096C2C0C4B5300044AE9 /* Buddha Box */,
				785D09682C0BA7F900044AE9 /* Flying Emoji */,
				789A0E0E2C039149009CB9E7 /* Statistics */,
				789A0E0D2C03912D009CB9E7 /* Options */,
				7827880B2BFB3F30004E7F77 /* Timer */,
				78EBA6CB2CE9248E00154226 /* Ads */,
				78385D1B2BF366F900581057 /* Model */,
				78EBA6C82CE8B2AF00154226 /* Experiments */,
				78385D0E2BF3647500581057 /* Assets.xcassets */,
				78385D252BF3E4F700581057 /* Sounds */,
				78385D102BF3647500581057 /* Meditation.entitlements */,
				78385D112BF3647500581057 /* Preview Content */,
			);
			path = Meditation;
			sourceTree = "<group>";
		};
		78385D112BF3647500581057 /* Preview Content */ = {
			isa = PBXGroup;
			children = (
				78385D122BF3647500581057 /* Preview Assets.xcassets */,
			);
			path = "Preview Content";
			sourceTree = "<group>";
		};
		78385D1B2BF366F900581057 /* Model */ = {
			isa = PBXGroup;
			children = (
				78385D192BF366A000581057 /* MeditationTimer.swift */,
				785D095D2C0B114300044AE9 /* Reminders.swift */,
				789A0E3E2C061570009CB9E7 /* TimerStatus.swift */,
				789A0E0F2C0392F5009CB9E7 /* MeditationStatistics.swift */,
				7834263F2BFF6C7B0008F9F9 /* TimerSound.swift */,
				78385D222BF3E11B00581057 /* MeditationSession.swift */,
				7879BDEF2BF4A43E001994D2 /* Helpers.swift */,
				787000D82CE7D0FC00542E3B /* AppStorageAUValue.swift */,
				789A0E172C04FE57009CB9E7 /* DateComponents + Identifiable.swift */,
				789A0E192C04FEAB009CB9E7 /* DateComponents + Comparable.swift */,
				785D096E2C0C56F800044AE9 /* AudioManager.swift */,
				78EBA6CC2CE924A900154226 /* Ad.swift */,
				78EBA6CF2CE924C300154226 /* MeditationAds.swift */,
				78A77D9D2E20FECD00B1872A /* AppBlockerModel.swift */,
			);
			path = Model;
			sourceTree = "<group>";
		};
		78385D252BF3E4F700581057 /* Sounds */ = {
			isa = PBXGroup;
			children = (
				786A27552CF083D60014E386 /* buddha00.aif */,
				786A27562CF083D60014E386 /* buddha01.aif */,
				786A27572CF083D60014E386 /* buddha02.aif */,
				786A27582CF083D60014E386 /* buddha03.aif */,
				786A27592CF083D60014E386 /* buddha04.aif */,
				786A27672CF0921C0014E386 /* buddha05.aif */,
				786A275B2CF083D60014E386 /* buddha06.aif */,
				786A275C2CF083D60014E386 /* buddha07.aif */,
				7834266A2BFFBC7E0008F9F9 /* Basic Bells 1.caf */,
				7834266D2BFFBC7F0008F9F9 /* Basic Bells 2.caf */,
				783426662BFFBC7E0008F9F9 /* Basic Bells 3.caf */,
				7834266C2BFFBC7F0008F9F9 /* Chimes 2.caf */,
				783426682BFFBC7E0008F9F9 /* Chimes 3.caf */,
				7834266B2BFFBC7F0008F9F9 /* Chimes 4.caf */,
				783426692BFFBC7E0008F9F9 /* Chimes.caf */,
				783426642BFFBC7E0008F9F9 /* Dual Bowl.caf */,
				783426672BFFBC7E0008F9F9 /* Friendly End.caf */,
				783426652BFFBC7E0008F9F9 /* Friendly.caf */,
				783426702BFFBC7F0008F9F9 /* Gong 2.caf */,
				783426722BFFBC7F0008F9F9 /* Gong 2b.caf */,
				7834266F2BFFBC7F0008F9F9 /* Metallophone.caf */,
				7834266E2BFFBC7F0008F9F9 /* Singing Bowl 1.caf */,
				783426712BFFBC7F0008F9F9 /* Singing Bowl 2.caf */,
				783426732BFFBC7F0008F9F9 /* Singing Bowl 2b.caf */,
				783426632BFFBC7E0008F9F9 /* Synth Bell.caf */,
				78385D242BF3E4F100581057 /* Kitchen Timer Normal.caf */,
			);
			path = Sounds;
			sourceTree = "<group>";
		};
		784ECA872CAFCDA0004C0CF6 /* Box Design Elements */ = {
			isa = PBXGroup;
			children = (
				787000D42CE4EC2400542E3B /* Dial.swift */,
				784ECA832CAFCCF2004C0CF6 /* Encoder.swift */,
				784ECA852CAFCD90004C0CF6 /* Triangle.swift */,
				787000D62CE750AE00542E3B /* BuddhaBoxButton.swift */,
			);
			path = "Box Design Elements";
			sourceTree = "<group>";
		};
		7854735A2C07ABD7009645BF /* Intents */ = {
			isa = PBXGroup;
			children = (
				7854735B2C07ABF3009645BF /* StopMeditation.swift */,
				785D095A2C0A48BC00044AE9 /* StopMeditationWithoutSaving.swift */,
				785D09482C09CFE100044AE9 /* PauseMeditation.swift */,
				785D094B2C09CFE800044AE9 /* ResumeMeditation.swift */,
			);
			path = Intents;
			sourceTree = "<group>";
		};
		7854736D2C090162009645BF /* Views */ = {
			isa = PBXGroup;
			children = (
				785D09542C09F27F00044AE9 /* ActivityLockScreenView.swift */,
				785D09512C09F18D00044AE9 /* IslandExpandedBottomView.swift */,
				785D09572C0A06EC00044AE9 /* TimerHackView.swift */,
				785D09692C0C4ABD00044AE9 /* TimeStoppedView.swift */,
				785473692C090104009645BF /* WidgetLogoView.swift */,
				7854736E2C090185009645BF /* WidgetButtonLabel.swift */,
				785473762C09056E009645BF /* CircleProgressView.swift */,
				785473712C09020D009645BF /* WidgetButtonState.swift */,
				785D094E2C09F0D600044AE9 /* WidgetButtonStyle.swift */,
			);
			path = Views;
			sourceTree = "<group>";
		};
		785D09682C0BA7F900044AE9 /* Flying Emoji */ = {
			isa = PBXGroup;
			children = (
				785D09662C0BA00500044AE9 /* AttackOfTheEmojiView.swift */,
				785D09642C0B9F2200044AE9 /* FlyingEmojiView.swift */,
			);
			path = "Flying Emoji";
			sourceTree = "<group>";
		};
		785D096C2C0C4B5300044AE9 /* Buddha Box */ = {
			isa = PBXGroup;
			children = (
				784ECA812CAFCCB3004C0CF6 /* BuddhaBoxLayout.swift */,
				784ECA872CAFCDA0004C0CF6 /* Box Design Elements */,
			);
			path = "Buddha Box";
			sourceTree = "<group>";
		};
		789A0E0D2C03912D009CB9E7 /* Options */ = {
			isa = PBXGroup;
			children = (
				7827880C2BFB3F45004E7F77 /* OptionsView.swift */,
				781D557B2CF606C900C56DE6 /* TricksView.swift */,
				789A0E062C032377009CB9E7 /* KoansEditView.swift */,
				7834263B2BFF6B990008F9F9 /* NotificationSoundView.swift */,
				78EBA6D62CEA0B2D00154226 /* RefundView.swift */,
			);
			path = Options;
			sourceTree = "<group>";
		};
		789A0E0E2C039149009CB9E7 /* Statistics */ = {
			isa = PBXGroup;
			children = (
				789A0E0A2C038C42009CB9E7 /* StatisticsView.swift */,
				789A0E112C04D965009CB9E7 /* StreakTile.swift */,
				789A0E1B2C05B3EA009CB9E7 /* ThirtyDaysChart.swift */,
				789A0E132C04FCCA009CB9E7 /* MonthlyChart.swift */,
			);
			path = Statistics;
			sourceTree = "<group>";
		};
		789A0E262C06131E009CB9E7 /* Frameworks */ = {
			isa = PBXGroup;
			children = (
				78EBA6D22CEA081B00154226 /* StoreKit.framework */,
				789A0E272C06131E009CB9E7 /* WidgetKit.framework */,
				789A0E292C06131E009CB9E7 /* SwiftUI.framework */,
				78A77DBA2E21037100B1872A /* ManagedSettings.framework */,
				78A77DBC2E21037100B1872A /* ManagedSettingsUI.framework */,
				78A77DED2E224C9000B1872A /* DeviceActivity.framework */,
			);
			name = Frameworks;
			sourceTree = "<group>";
		};
		789A0E2B2C06131E009CB9E7 /* WidgetExtension */ = {
			isa = PBXGroup;
			children = (
				789A0E2C2C06131E009CB9E7 /* WidgetExtensionBundle.swift */,
				789A0E2E2C06131E009CB9E7 /* WidgetExtensionLiveActivity.swift */,
				789A0E302C06131E009CB9E7 /* WidgetExtension.swift */,
				7854736D2C090162009645BF /* Views */,
				7854735A2C07ABD7009645BF /* Intents */,
				789A0E342C061320009CB9E7 /* Info.plist */,
			);
			path = WidgetExtension;
			sourceTree = "<group>";
		};
		78A77DA02E20FF4F00B1872A /* Meditation */ = {
			isa = PBXGroup;
			children = (
				78385D0C2BF3647300581057 /* MeditationView.swift */,
				789A0E1F2C05C35A009CB9E7 /* StatisticsButton.swift */,
				789A0E082C0388FE009CB9E7 /* StreakButton.swift */,
				78713CD62CFC6221000A1B71 /* NoteView.swift */,
			);
			path = Meditation;
			sourceTree = "<group>";
		};
		78A77DA12E20FF5F00B1872A /* AppBlock */ = {
			isa = PBXGroup;
			children = (
				780ED40A2E25872D00FAF3FC /* AppBlockerView.swift */,
				780ED3BA2E23EFFA00FAF3FC /* TopUpTimeView.swift */,
				78A77DA82E20FFD000B1872A /* SelectedAppsView.swift */,
				78A77DAA2E20FFFB00B1872A /* AppSelectionButton.swift */,
				780ED42B2E264A6A00FAF3FC /* HowToButton.swift */,
				780ED42F2E264B9D00FAF3FC /* HowToView.swift */,
				780ED42D2E264AF900FAF3FC /* ButtonLabel.swift */,
				78A77DAC2E21002A00B1872A /* BlockingToggleButton.swift */,
				78A77DAE2E21004400B1872A /* StatusView.swift */,
			);
			path = AppBlock;
			sourceTree = "<group>";
		};
		78EBA6C82CE8B2AF00154226 /* Experiments */ = {
			isa = PBXGroup;
			children = (
				78C862AE2C0F0866006235AB /* BuddhaBoxView.swift */,
				78DAE2F02C0C579D00F2CCB0 /* NoiseMixerView.swift */,
			);
			path = Experiments;
			sourceTree = "<group>";
		};
		78EBA6CB2CE9248E00154226 /* Ads */ = {
			isa = PBXGroup;
			children = (
				78EBA6C92CE9224100154226 /* AdvertisementView.swift */,
			);
			path = Ads;
			sourceTree = "<group>";
		};
/* End PBXGroup section */

/* Begin PBXNativeTarget section */
		78385D062BF3647300581057 /* Meditation */ = {
			isa = PBXNativeTarget;
			buildConfigurationList = 78385D162BF3647500581057 /* Build configuration list for PBXNativeTarget "Meditation" */;
			buildPhases = (
				78385D032BF3647300581057 /* Sources */,
				78385D042BF3647300581057 /* Frameworks */,
				78385D052BF3647300581057 /* Resources */,
				789A0E382C061320009CB9E7 /* Embed Foundation Extensions */,
			);
			buildRules = (
			);
			dependencies = (
				789A0E362C061320009CB9E7 /* PBXTargetDependency */,
				78A77DC42E21037100B1872A /* PBXTargetDependency */,
				78A77DD62E21040C00B1872A /* PBXTargetDependency */,
				78A77DF52E224C9000B1872A /* PBXTargetDependency */,
			);
			name = Meditation;
			packageProductDependencies = (
				78DAE2F22C0C58FA00F2CCB0 /* AudioKit */,
				78C862AA2C0C5A29006235AB /* SoundpipeAudioKit */,
			);
			productName = Meditation;
			productReference = 78385D072BF3647300581057 /* Meditation.app */;
			productType = "com.apple.product-type.application";
		};
		789A0E242C06131E009CB9E7 /* WidgetExtensionExtension */ = {
			isa = PBXNativeTarget;
			buildConfigurationList = 789A0E3B2C061320009CB9E7 /* Build configuration list for PBXNativeTarget "WidgetExtensionExtension" */;
			buildPhases = (
				789A0E212C06131E009CB9E7 /* Sources */,
				789A0E222C06131E009CB9E7 /* Frameworks */,
				789A0E232C06131E009CB9E7 /* Resources */,
			);
			buildRules = (
			);
			dependencies = (
			);
			name = WidgetExtensionExtension;
			productName = WidgetExtensionExtension;
			productReference = 789A0E252C06131E009CB9E7 /* WidgetExtensionExtension.appex */;
			productType = "com.apple.product-type.app-extension";
		};
		78A77DB82E21037100B1872A /* ShieldConfigurationExtension */ = {
			isa = PBXNativeTarget;
			buildConfigurationList = 78A77DC72E21037100B1872A /* Build configuration list for PBXNativeTarget "ShieldConfigurationExtension" */;
			buildPhases = (
				78A77DB52E21037100B1872A /* Sources */,
				78A77DB62E21037100B1872A /* Frameworks */,
				78A77DB72E21037100B1872A /* Resources */,
			);
			buildRules = (
			);
			dependencies = (
			);
			fileSystemSynchronizedGroups = (
				78A77DBE2E21037100B1872A /* ShieldConfigurationExtension */,
			);
			name = ShieldConfigurationExtension;
			packageProductDependencies = (
			);
			productName = ShieldConfigurationExtension;
			productReference = 78A77DB92E21037100B1872A /* ShieldConfigurationExtension.appex */;
			productType = "com.apple.product-type.app-extension";
		};
		78A77DCD2E21040C00B1872A /* ShieldActionExtension */ = {
			isa = PBXNativeTarget;
			buildConfigurationList = 78A77DD92E21040C00B1872A /* Build configuration list for PBXNativeTarget "ShieldActionExtension" */;
			buildPhases = (
				78A77DCA2E21040C00B1872A /* Sources */,
				78A77DCB2E21040C00B1872A /* Frameworks */,
				78A77DCC2E21040C00B1872A /* Resources */,
			);
			buildRules = (
			);
			dependencies = (
			);
			fileSystemSynchronizedGroups = (
				78A77DD02E21040C00B1872A /* ShieldActionExtension */,
			);
			name = ShieldActionExtension;
			packageProductDependencies = (
			);
			productName = ShieldActionExtension;
			productReference = 78A77DCE2E21040C00B1872A /* ShieldActionExtension.appex */;
			productType = "com.apple.product-type.app-extension";
		};
		78A77DEB2E224C9000B1872A /* DeviceActivityMonitorExtension */ = {
			isa = PBXNativeTarget;
			buildConfigurationList = 78A77DF82E224C9000B1872A /* Build configuration list for PBXNativeTarget "DeviceActivityMonitorExtension" */;
			buildPhases = (
				78A77DE82E224C9000B1872A /* Sources */,
				78A77DE92E224C9000B1872A /* Frameworks */,
				78A77DEA2E224C9000B1872A /* Resources */,
			);
			buildRules = (
			);
			dependencies = (
			);
			fileSystemSynchronizedGroups = (
				78A77DEF2E224C9000B1872A /* DeviceActivityMonitorExtension */,
			);
			name = DeviceActivityMonitorExtension;
			packageProductDependencies = (
			);
			productName = DeviceActivityMonitorExtension;
			productReference = 78A77DEC2E224C9000B1872A /* DeviceActivityMonitorExtension.appex */;
			productType = "com.apple.product-type.app-extension";
		};
/* End PBXNativeTarget section */

/* Begin PBXProject section */
		78385CFF2BF3647300581057 /* Project object */ = {
			isa = PBXProject;
			attributes = {
				BuildIndependentTargetsInParallel = 1;
				LastSwiftUpdateCheck = 1640;
				LastUpgradeCheck = 1600;
				TargetAttributes = {
					78385D062BF3647300581057 = {
						CreatedOnToolsVersion = 15.3;
					};
					789A0E242C06131E009CB9E7 = {
						CreatedOnToolsVersion = 15.4;
					};
					78A77DB82E21037100B1872A = {
						CreatedOnToolsVersion = 16.4;
					};
					78A77DCD2E21040C00B1872A = {
						CreatedOnToolsVersion = 16.4;
					};
					78A77DEB2E224C9000B1872A = {
						CreatedOnToolsVersion = 16.4;
					};
				};
			};
			buildConfigurationList = 78385D022BF3647300581057 /* Build configuration list for PBXProject "Meditation" */;
			compatibilityVersion = "Xcode 14.0";
			developmentRegion = en;
			hasScannedForEncodings = 0;
			knownRegions = (
				en,
				Base,
			);
			mainGroup = 78385CFE2BF3647300581057;
			packageReferences = (
				785D096D2C0C56EB00044AE9 /* XCRemoteSwiftPackageReference "AudioKit" */,
				78C862A92C0C5A29006235AB /* XCRemoteSwiftPackageReference "SoundpipeAudioKit" */,
			);
			productRefGroup = 78385D082BF3647300581057 /* Products */;
			projectDirPath = "";
			projectRoot = "";
			targets = (
				78385D062BF3647300581057 /* Meditation */,
				789A0E242C06131E009CB9E7 /* WidgetExtensionExtension */,
				78A77DB82E21037100B1872A /* ShieldConfigurationExtension */,
				78A77DCD2E21040C00B1872A /* ShieldActionExtension */,
				78A77DEB2E224C9000B1872A /* DeviceActivityMonitorExtension */,
			);
		};
/* End PBXProject section */

/* Begin PBXResourcesBuildPhase section */
		78385D052BF3647300581057 /* Resources */ = {
			isa = PBXResourcesBuildPhase;
			buildActionMask = 2147483647;
			files = (
				783426832BFFBC7F0008F9F9 /* Gong 2b.caf in Resources */,
				783426802BFFBC7F0008F9F9 /* Metallophone.caf in Resources */,
				783426842BFFBC7F0008F9F9 /* Singing Bowl 2b.caf in Resources */,
				7879BDF12BF4BDE4001994D2 /* Kitchen Timer Normal.caf in Resources */,
				7834267C2BFFBC7F0008F9F9 /* Chimes 4.caf in Resources */,
				78385D132BF3647500581057 /* Preview Assets.xcassets in Resources */,
				7834267E2BFFBC7F0008F9F9 /* Basic Bells 2.caf in Resources */,
				7834267D2BFFBC7F0008F9F9 /* Chimes 2.caf in Resources */,
				78385D0F2BF3647500581057 /* Assets.xcassets in Resources */,
				7834267A2BFFBC7F0008F9F9 /* Chimes.caf in Resources */,
				783426742BFFBC7F0008F9F9 /* Synth Bell.caf in Resources */,
				78EBA6DB2CEB40C100154226 /* product_ids.plist in Resources */,
				783426782BFFBC7F0008F9F9 /* Friendly End.caf in Resources */,
				783426812BFFBC7F0008F9F9 /* Gong 2.caf in Resources */,
				786A275D2CF083D60014E386 /* buddha04.aif in Resources */,
				786A275E2CF083D60014E386 /* buddha06.aif in Resources */,
				786A275F2CF083D60014E386 /* buddha01.aif in Resources */,
				786A27602CF083D60014E386 /* buddha03.aif in Resources */,
				786A27612CF083D60014E386 /* buddha07.aif in Resources */,
				786A27622CF083D60014E386 /* buddha00.aif in Resources */,
				786A27632CF083D60014E386 /* buddha02.aif in Resources */,
				7834267F2BFFBC7F0008F9F9 /* Singing Bowl 1.caf in Resources */,
				786A27682CF0921C0014E386 /* buddha05.aif in Resources */,
				783426752BFFBC7F0008F9F9 /* Dual Bowl.caf in Resources */,
				783426762BFFBC7F0008F9F9 /* Friendly.caf in Resources */,
				7834267B2BFFBC7F0008F9F9 /* Basic Bells 1.caf in Resources */,
				783426792BFFBC7F0008F9F9 /* Chimes 3.caf in Resources */,
				783426772BFFBC7F0008F9F9 /* Basic Bells 3.caf in Resources */,
				783426822BFFBC7F0008F9F9 /* Singing Bowl 2.caf in Resources */,
			);
			runOnlyForDeploymentPostprocessing = 0;
		};
		789A0E232C06131E009CB9E7 /* Resources */ = {
			isa = PBXResourcesBuildPhase;
			buildActionMask = 2147483647;
			files = (
				782992412C06316B003C4949 /* Assets.xcassets in Resources */,
			);
			runOnlyForDeploymentPostprocessing = 0;
		};
		78A77DB72E21037100B1872A /* Resources */ = {
			isa = PBXResourcesBuildPhase;
			buildActionMask = 2147483647;
			files = (
				780ED4312E265A5900FAF3FC /* Assets.xcassets in Resources */,
			);
			runOnlyForDeploymentPostprocessing = 0;
		};
		78A77DCC2E21040C00B1872A /* Resources */ = {
			isa = PBXResourcesBuildPhase;
			buildActionMask = 2147483647;
			files = (
			);
			runOnlyForDeploymentPostprocessing = 0;
		};
		78A77DEA2E224C9000B1872A /* Resources */ = {
			isa = PBXResourcesBuildPhase;
			buildActionMask = 2147483647;
			files = (
			);
			runOnlyForDeploymentPostprocessing = 0;
		};
/* End PBXResourcesBuildPhase section */

/* Begin PBXSourcesBuildPhase section */
		78385D032BF3647300581057 /* Sources */ = {
			isa = PBXSourcesBuildPhase;
			buildActionMask = 2147483647;
			files = (
				78C862AF2C0F0866006235AB /* BuddhaBoxView.swift in Sources */,
				7827880A2BF68B67004E7F77 /* TimerRunningView.swift in Sources */,
				78A77DAF2E21004400B1872A /* StatusView.swift in Sources */,
				785D094C2C09CFE800044AE9 /* ResumeMeditation.swift in Sources */,
				783426402BFF6C7B0008F9F9 /* TimerSound.swift in Sources */,
				785D09522C09F18D00044AE9 /* IslandExpandedBottomView.swift in Sources */,
				78385D1A2BF366A000581057 /* MeditationTimer.swift in Sources */,
				789A0E092C0388FE009CB9E7 /* StreakButton.swift in Sources */,
				789A0E182C04FE57009CB9E7 /* DateComponents + Identifiable.swift in Sources */,
				78EBA6D12CE924C300154226 /* MeditationAds.swift in Sources */,
				78A77DA72E20FFAF00B1872A /* MainContentView.swift in Sources */,
				7879BDF32BF68448001994D2 /* CircleButtonStyle.swift in Sources */,
				785D096F2C0C56F800044AE9 /* AudioManager.swift in Sources */,
				7879BDF02BF4A43E001994D2 /* Helpers.swift in Sources */,
				785D096A2C0C4ABD00044AE9 /* TimeStoppedView.swift in Sources */,
				789A0E102C0392F5009CB9E7 /* MeditationStatistics.swift in Sources */,
				787000D72CE750AE00542E3B /* BuddhaBoxButton.swift in Sources */,
				785D095B2C0A48BC00044AE9 /* StopMeditationWithoutSaving.swift in Sources */,
				789A0E072C032377009CB9E7 /* KoansEditView.swift in Sources */,
				780ED3BB2E23EFFA00FAF3FC /* TopUpTimeView.swift in Sources */,
				784ECA862CAFCD90004C0CF6 /* Triangle.swift in Sources */,
				780ED42C2E264A6A00FAF3FC /* HowToButton.swift in Sources */,
				789A0E1C2C05B3EA009CB9E7 /* ThirtyDaysChart.swift in Sources */,
				785D094F2C09F0D600044AE9 /* WidgetButtonStyle.swift in Sources */,
				78A77DAD2E21002A00B1872A /* BlockingToggleButton.swift in Sources */,
				78385D0D2BF3647300581057 /* MeditationView.swift in Sources */,
				783426862BFFCFB20008F9F9 /* TimerCircleView.swift in Sources */,
				789A0E1A2C04FEAB009CB9E7 /* DateComponents + Comparable.swift in Sources */,
				785D09552C09F27F00044AE9 /* ActivityLockScreenView.swift in Sources */,
				789A0E3F2C061570009CB9E7 /* TimerStatus.swift in Sources */,
				78DAE2F12C0C579D00F2CCB0 /* NoiseMixerView.swift in Sources */,
				78A77DA92E20FFD000B1872A /* SelectedAppsView.swift in Sources */,
				78A77D9C2E20FE4700B1872A /* ContentView.swift in Sources */,
				787000D52CE4EC2400542E3B /* Dial.swift in Sources */,
				789A0E142C04FCCA009CB9E7 /* MonthlyChart.swift in Sources */,
				787000D92CE7D0FD00542E3B /* AppStorageAUValue.swift in Sources */,
				7854735F2C07B359009645BF /* StopMeditation.swift in Sources */,
				781D557C2CF606C900C56DE6 /* TricksView.swift in Sources */,
				785D09652C0B9F2200044AE9 /* FlyingEmojiView.swift in Sources */,
				7834263C2BFF6B990008F9F9 /* NotificationSoundView.swift in Sources */,
				7879BDF52BF684FD001994D2 /* TimerStoppedView.swift in Sources */,
				78EBA6CA2CE9224100154226 /* AdvertisementView.swift in Sources */,
				78EBA6D72CEA0B2D00154226 /* RefundView.swift in Sources */,
				7854736F2C090185009645BF /* WidgetButtonLabel.swift in Sources */,
				78EBA6CD2CE924A900154226 /* Ad.swift in Sources */,
				784ECA842CAFCCF2004C0CF6 /* Encoder.swift in Sources */,
				780ED4302E264B9D00FAF3FC /* HowToView.swift in Sources */,
				780ED40B2E25872D00FAF3FC /* AppBlockerView.swift in Sources */,
				789A0E202C05C35A009CB9E7 /* StatisticsButton.swift in Sources */,
				7854736C2C090128009645BF /* WidgetLogoView.swift in Sources */,
				785D09672C0BA00500044AE9 /* AttackOfTheEmojiView.swift in Sources */,
				780ED42E2E264AF900FAF3FC /* ButtonLabel.swift in Sources */,
				78A77DA52E20FF8F00B1872A /* AuthorizationView.swift in Sources */,
				785D095E2C0B114300044AE9 /* Reminders.swift in Sources */,
				785473752C09028C009645BF /* WidgetExtensionLiveActivity.swift in Sources */,
				789A0E122C04D965009CB9E7 /* StreakTile.swift in Sources */,
				78385D1F2BF3674800581057 /* TimerView.swift in Sources */,
				784ECA822CAFCCB3004C0CF6 /* BuddhaBoxLayout.swift in Sources */,
				789A0E0B2C038C42009CB9E7 /* StatisticsView.swift in Sources */,
				785473742C090281009645BF /* WidgetButtonState.swift in Sources */,
				78A77DAB2E20FFFB00B1872A /* AppSelectionButton.swift in Sources */,
				780ED4092E2580F400FAF3FC /* MainViewButton.swift in Sources */,
				78713CD72CFC6221000A1B71 /* NoteView.swift in Sources */,
				7827880D2BFB3F45004E7F77 /* OptionsView.swift in Sources */,
				785D09492C09CFE100044AE9 /* PauseMeditation.swift in Sources */,
				785D09582C0A06EC00044AE9 /* TimerHackView.swift in Sources */,
				78385D0B2BF3647300581057 /* MeditationApp.swift in Sources */,
				78A77D9E2E20FECD00B1872A /* AppBlockerModel.swift in Sources */,
				785473772C09056E009645BF /* CircleProgressView.swift in Sources */,
				78385D232BF3E11B00581057 /* MeditationSession.swift in Sources */,
			);
			runOnlyForDeploymentPostprocessing = 0;
		};
		789A0E212C06131E009CB9E7 /* Sources */ = {
			isa = PBXSourcesBuildPhase;
			buildActionMask = 2147483647;
			files = (
				7854735D2C07ABFD009645BF /* StopMeditation.swift in Sources */,
				789A0E2F2C06131E009CB9E7 /* WidgetExtensionLiveActivity.swift in Sources */,
				789A0E482C061ECE009CB9E7 /* Helpers.swift in Sources */,
				785473732C09020D009645BF /* WidgetButtonState.swift in Sources */,
				785D09562C09F27F00044AE9 /* ActivityLockScreenView.swift in Sources */,
				785473702C090185009645BF /* WidgetButtonLabel.swift in Sources */,
				789A0E2D2C06131E009CB9E7 /* WidgetExtensionBundle.swift in Sources */,
				785473782C09056E009645BF /* CircleProgressView.swift in Sources */,
				7854736B2C090119009645BF /* WidgetLogoView.swift in Sources */,
				785473612C07B5E4009645BF /* TimerStatus.swift in Sources */,
				785D09592C0A06EC00044AE9 /* TimerHackView.swift in Sources */,
				785473622C07B5E4009645BF /* MeditationStatistics.swift in Sources */,
				785473632C07B5E4009645BF /* DateComponents + Identifiable.swift in Sources */,
				785473642C07B5E4009645BF /* DateComponents + Comparable.swift in Sources */,
				78EBA6CE2CE924A900154226 /* Ad.swift in Sources */,
				78EBA6D02CE924C300154226 /* MeditationAds.swift in Sources */,
				780ED3F82E24E9E500FAF3FC /* AppBlockerModel.swift in Sources */,
				785D094D2C09CFE800044AE9 /* ResumeMeditation.swift in Sources */,
				785473652C07B5E4009645BF /* MeditationTimer.swift in Sources */,
				785D096B2C0C4ABD00044AE9 /* TimeStoppedView.swift in Sources */,
				785473662C07B5E4009645BF /* MeditationSession.swift in Sources */,
				785473672C07B5E4009645BF /* TimerSound.swift in Sources */,
				785D09532C09F18D00044AE9 /* IslandExpandedBottomView.swift in Sources */,
				785D095F2C0B122A00044AE9 /* Reminders.swift in Sources */,
				785D095C2C0A48BC00044AE9 /* StopMeditationWithoutSaving.swift in Sources */,
				785D094A2C09CFE100044AE9 /* PauseMeditation.swift in Sources */,
				789A0E312C06131E009CB9E7 /* WidgetExtension.swift in Sources */,
				785D09502C09F0D600044AE9 /* WidgetButtonStyle.swift in Sources */,
			);
			runOnlyForDeploymentPostprocessing = 0;
		};
		78A77DB52E21037100B1872A /* Sources */ = {
			isa = PBXSourcesBuildPhase;
			buildActionMask = 2147483647;
			files = (
			);
			runOnlyForDeploymentPostprocessing = 0;
		};
		78A77DCA2E21040C00B1872A /* Sources */ = {
			isa = PBXSourcesBuildPhase;
			buildActionMask = 2147483647;
			files = (
			);
			runOnlyForDeploymentPostprocessing = 0;
		};
		78A77DE82E224C9000B1872A /* Sources */ = {
			isa = PBXSourcesBuildPhase;
			buildActionMask = 2147483647;
			files = (
			);
			runOnlyForDeploymentPostprocessing = 0;
		};
/* End PBXSourcesBuildPhase section */

/* Begin PBXTargetDependency section */
		789A0E362C061320009CB9E7 /* PBXTargetDependency */ = {
			isa = PBXTargetDependency;
			target = 789A0E242C06131E009CB9E7 /* WidgetExtensionExtension */;
			targetProxy = 789A0E352C061320009CB9E7 /* PBXContainerItemProxy */;
		};
		78A77DC42E21037100B1872A /* PBXTargetDependency */ = {
			isa = PBXTargetDependency;
			target = 78A77DB82E21037100B1872A /* ShieldConfigurationExtension */;
			targetProxy = 78A77DC32E21037100B1872A /* PBXContainerItemProxy */;
		};
		78A77DD62E21040C00B1872A /* PBXTargetDependency */ = {
			isa = PBXTargetDependency;
			target = 78A77DCD2E21040C00B1872A /* ShieldActionExtension */;
			targetProxy = 78A77DD52E21040C00B1872A /* PBXContainerItemProxy */;
		};
		78A77DF52E224C9000B1872A /* PBXTargetDependency */ = {
			isa = PBXTargetDependency;
			target = 78A77DEB2E224C9000B1872A /* DeviceActivityMonitorExtension */;
			targetProxy = 78A77DF42E224C9000B1872A /* PBXContainerItemProxy */;
		};
/* End PBXTargetDependency section */

/* Begin XCBuildConfiguration section */
		78385D142BF3647500581057 /* Debug */ = {
			isa = XCBuildConfiguration;
			buildSettings = {
				ALWAYS_SEARCH_USER_PATHS = NO;
				ASSETCATALOG_COMPILER_GENERATE_SWIFT_ASSET_SYMBOL_EXTENSIONS = YES;
				CLANG_ANALYZER_NONNULL = YES;
				CLANG_ANALYZER_NUMBER_OBJECT_CONVERSION = YES_AGGRESSIVE;
				CLANG_CXX_LANGUAGE_STANDARD = "gnu++20";
				CLANG_ENABLE_MODULES = YES;
				CLANG_ENABLE_OBJC_ARC = YES;
				CLANG_ENABLE_OBJC_WEAK = YES;
				CLANG_WARN_BLOCK_CAPTURE_AUTORELEASING = YES;
				CLANG_WARN_BOOL_CONVERSION = YES;
				CLANG_WARN_COMMA = YES;
				CLANG_WARN_CONSTANT_CONVERSION = YES;
				CLANG_WARN_DEPRECATED_OBJC_IMPLEMENTATIONS = YES;
				CLANG_WARN_DIRECT_OBJC_ISA_USAGE = YES_ERROR;
				CLANG_WARN_DOCUMENTATION_COMMENTS = YES;
				CLANG_WARN_EMPTY_BODY = YES;
				CLANG_WARN_ENUM_CONVERSION = YES;
				CLANG_WARN_INFINITE_RECURSION = YES;
				CLANG_WARN_INT_CONVERSION = YES;
				CLANG_WARN_NON_LITERAL_NULL_CONVERSION = YES;
				CLANG_WARN_OBJC_IMPLICIT_RETAIN_SELF = YES;
				CLANG_WARN_OBJC_LITERAL_CONVERSION = YES;
				CLANG_WARN_OBJC_ROOT_CLASS = YES_ERROR;
				CLANG_WARN_QUOTED_INCLUDE_IN_FRAMEWORK_HEADER = YES;
				CLANG_WARN_RANGE_LOOP_ANALYSIS = YES;
				CLANG_WARN_STRICT_PROTOTYPES = YES;
				CLANG_WARN_SUSPICIOUS_MOVE = YES;
				CLANG_WARN_UNGUARDED_AVAILABILITY = YES_AGGRESSIVE;
				CLANG_WARN_UNREACHABLE_CODE = YES;
				CLANG_WARN__DUPLICATE_METHOD_MATCH = YES;
				COPY_PHASE_STRIP = NO;
				DEAD_CODE_STRIPPING = YES;
				DEBUG_INFORMATION_FORMAT = dwarf;
				ENABLE_STRICT_OBJC_MSGSEND = YES;
				ENABLE_TESTABILITY = YES;
				ENABLE_USER_SCRIPT_SANDBOXING = YES;
				GCC_C_LANGUAGE_STANDARD = gnu17;
				GCC_DYNAMIC_NO_PIC = NO;
				GCC_NO_COMMON_BLOCKS = YES;
				GCC_OPTIMIZATION_LEVEL = 0;
				GCC_PREPROCESSOR_DEFINITIONS = (
					"DEBUG=1",
					"$(inherited)",
				);
				GCC_WARN_64_TO_32_BIT_CONVERSION = YES;
				GCC_WARN_ABOUT_RETURN_TYPE = YES_ERROR;
				GCC_WARN_UNDECLARED_SELECTOR = YES;
				GCC_WARN_UNINITIALIZED_AUTOS = YES_AGGRESSIVE;
				GCC_WARN_UNUSED_FUNCTION = YES;
				GCC_WARN_UNUSED_VARIABLE = YES;
				LOCALIZATION_PREFERS_STRING_CATALOGS = YES;
				MTL_ENABLE_DEBUG_INFO = INCLUDE_SOURCE;
				MTL_FAST_MATH = YES;
				ONLY_ACTIVE_ARCH = YES;
				SWIFT_ACTIVE_COMPILATION_CONDITIONS = "DEBUG $(inherited)";
				SWIFT_OPTIMIZATION_LEVEL = "-Onone";
			};
			name = Debug;
		};
		78385D152BF3647500581057 /* Release */ = {
			isa = XCBuildConfiguration;
			buildSettings = {
				ALWAYS_SEARCH_USER_PATHS = NO;
				ASSETCATALOG_COMPILER_GENERATE_SWIFT_ASSET_SYMBOL_EXTENSIONS = YES;
				CLANG_ANALYZER_NONNULL = YES;
				CLANG_ANALYZER_NUMBER_OBJECT_CONVERSION = YES_AGGRESSIVE;
				CLANG_CXX_LANGUAGE_STANDARD = "gnu++20";
				CLANG_ENABLE_MODULES = YES;
				CLANG_ENABLE_OBJC_ARC = YES;
				CLANG_ENABLE_OBJC_WEAK = YES;
				CLANG_WARN_BLOCK_CAPTURE_AUTORELEASING = YES;
				CLANG_WARN_BOOL_CONVERSION = YES;
				CLANG_WARN_COMMA = YES;
				CLANG_WARN_CONSTANT_CONVERSION = YES;
				CLANG_WARN_DEPRECATED_OBJC_IMPLEMENTATIONS = YES;
				CLANG_WARN_DIRECT_OBJC_ISA_USAGE = YES_ERROR;
				CLANG_WARN_DOCUMENTATION_COMMENTS = YES;
				CLANG_WARN_EMPTY_BODY = YES;
				CLANG_WARN_ENUM_CONVERSION = YES;
				CLANG_WARN_INFINITE_RECURSION = YES;
				CLANG_WARN_INT_CONVERSION = YES;
				CLANG_WARN_NON_LITERAL_NULL_CONVERSION = YES;
				CLANG_WARN_OBJC_IMPLICIT_RETAIN_SELF = YES;
				CLANG_WARN_OBJC_LITERAL_CONVERSION = YES;
				CLANG_WARN_OBJC_ROOT_CLASS = YES_ERROR;
				CLANG_WARN_QUOTED_INCLUDE_IN_FRAMEWORK_HEADER = YES;
				CLANG_WARN_RANGE_LOOP_ANALYSIS = YES;
				CLANG_WARN_STRICT_PROTOTYPES = YES;
				CLANG_WARN_SUSPICIOUS_MOVE = YES;
				CLANG_WARN_UNGUARDED_AVAILABILITY = YES_AGGRESSIVE;
				CLANG_WARN_UNREACHABLE_CODE = YES;
				CLANG_WARN__DUPLICATE_METHOD_MATCH = YES;
				COPY_PHASE_STRIP = NO;
				DEAD_CODE_STRIPPING = YES;
				DEBUG_INFORMATION_FORMAT = "dwarf-with-dsym";
				ENABLE_NS_ASSERTIONS = NO;
				ENABLE_STRICT_OBJC_MSGSEND = YES;
				ENABLE_USER_SCRIPT_SANDBOXING = YES;
				GCC_C_LANGUAGE_STANDARD = gnu17;
				GCC_NO_COMMON_BLOCKS = YES;
				GCC_WARN_64_TO_32_BIT_CONVERSION = YES;
				GCC_WARN_ABOUT_RETURN_TYPE = YES_ERROR;
				GCC_WARN_UNDECLARED_SELECTOR = YES;
				GCC_WARN_UNINITIALIZED_AUTOS = YES_AGGRESSIVE;
				GCC_WARN_UNUSED_FUNCTION = YES;
				GCC_WARN_UNUSED_VARIABLE = YES;
				LOCALIZATION_PREFERS_STRING_CATALOGS = YES;
				MTL_ENABLE_DEBUG_INFO = NO;
				MTL_FAST_MATH = YES;
				SWIFT_COMPILATION_MODE = wholemodule;
			};
			name = Release;
		};
		78385D172BF3647500581057 /* Debug */ = {
			isa = XCBuildConfiguration;
			buildSettings = {
				ASSETCATALOG_COMPILER_APPICON_NAME = AppIcon;
				ASSETCATALOG_COMPILER_GLOBAL_ACCENT_COLOR_NAME = AccentColor;
				CODE_SIGN_ENTITLEMENTS = Meditation/Meditation.entitlements;
				CODE_SIGN_STYLE = Automatic;
				CURRENT_PROJECT_VERSION = 3;
				DEAD_CODE_STRIPPING = YES;
				DEVELOPMENT_ASSET_PATHS = "\"Meditation/Preview Content\"";
				DEVELOPMENT_TEAM = A9H57996U3;
				ENABLE_HARDENED_RUNTIME = YES;
				ENABLE_PREVIEWS = YES;
				GENERATE_INFOPLIST_FILE = YES;
				INFOPLIST_FILE = Meditation/Info.plist;
				INFOPLIST_KEY_CFBundleDisplayName = "7III Life";
				INFOPLIST_KEY_LSApplicationCategoryType = "public.app-category.productivity";
				INFOPLIST_KEY_NSHealthShareUsageDescription = "We need access to Mindful Minutes so we can save and load your meditation sessions.";
				INFOPLIST_KEY_NSHealthUpdateUsageDescription = "We need access to Mindful Minutes so we can save and load your meditation sessions.";
				INFOPLIST_KEY_NSMicrophoneUsageDescription = "We need access to your microphone to record your own tape loop.";
				INFOPLIST_KEY_NSSupportsLiveActivities = YES;
				"INFOPLIST_KEY_UIApplicationSceneManifest_Generation[sdk=iphoneos*]" = YES;
				"INFOPLIST_KEY_UIApplicationSceneManifest_Generation[sdk=iphonesimulator*]" = YES;
				"INFOPLIST_KEY_UIApplicationSupportsIndirectInputEvents[sdk=iphoneos*]" = YES;
				"INFOPLIST_KEY_UIApplicationSupportsIndirectInputEvents[sdk=iphonesimulator*]" = YES;
				"INFOPLIST_KEY_UILaunchScreen_Generation[sdk=iphoneos*]" = YES;
				"INFOPLIST_KEY_UILaunchScreen_Generation[sdk=iphonesimulator*]" = YES;
				INFOPLIST_KEY_UILaunchStoryboardName = "Meditation Dot";
				"INFOPLIST_KEY_UIStatusBarStyle[sdk=iphoneos*]" = UIStatusBarStyleDefault;
				"INFOPLIST_KEY_UIStatusBarStyle[sdk=iphonesimulator*]" = UIStatusBarStyleDefault;
				INFOPLIST_KEY_UISupportedInterfaceOrientations = UIInterfaceOrientationPortrait;
				INFOPLIST_KEY_UISupportedInterfaceOrientations_iPad = "UIInterfaceOrientationLandscapeLeft UIInterfaceOrientationLandscapeRight UIInterfaceOrientationPortrait UIInterfaceOrientationPortraitUpsideDown";
				IPHONEOS_DEPLOYMENT_TARGET = 17.4;
				LD_RUNPATH_SEARCH_PATHS = "@executable_path/Frameworks";
				"LD_RUNPATH_SEARCH_PATHS[sdk=macosx*]" = "@executable_path/../Frameworks";
				MACOSX_DEPLOYMENT_TARGET = 14.4;
				MARKETING_VERSION = 0.1;
				PRODUCT_BUNDLE_IDENTIFIER = com.project7III.meditation;
				PRODUCT_NAME = "$(TARGET_NAME)";
				SDKROOT = auto;
				SUPPORTED_PLATFORMS = "iphoneos iphonesimulator";
				SUPPORTS_MACCATALYST = NO;
				SWIFT_EMIT_LOC_STRINGS = YES;
				SWIFT_VERSION = 5.0;
				TARGETED_DEVICE_FAMILY = "1,2";
			};
			name = Debug;
		};
		78385D182BF3647500581057 /* Release */ = {
			isa = XCBuildConfiguration;
			buildSettings = {
				ASSETCATALOG_COMPILER_APPICON_NAME = AppIcon;
				ASSETCATALOG_COMPILER_GLOBAL_ACCENT_COLOR_NAME = AccentColor;
				CODE_SIGN_ENTITLEMENTS = Meditation/Meditation.entitlements;
				CODE_SIGN_STYLE = Automatic;
				CURRENT_PROJECT_VERSION = 3;
				DEAD_CODE_STRIPPING = YES;
				DEVELOPMENT_ASSET_PATHS = "\"Meditation/Preview Content\"";
				DEVELOPMENT_TEAM = A9H57996U3;
				ENABLE_HARDENED_RUNTIME = YES;
				ENABLE_PREVIEWS = YES;
				GENERATE_INFOPLIST_FILE = YES;
				INFOPLIST_FILE = Meditation/Info.plist;
				INFOPLIST_KEY_CFBundleDisplayName = "7III Life";
				INFOPLIST_KEY_LSApplicationCategoryType = "public.app-category.productivity";
				INFOPLIST_KEY_NSHealthShareUsageDescription = "We need access to Mindful Minutes so we can save and load your meditation sessions.";
				INFOPLIST_KEY_NSHealthUpdateUsageDescription = "We need access to Mindful Minutes so we can save and load your meditation sessions.";
				INFOPLIST_KEY_NSMicrophoneUsageDescription = "We need access to your microphone to record your own tape loop.";
				INFOPLIST_KEY_NSSupportsLiveActivities = YES;
				"INFOPLIST_KEY_UIApplicationSceneManifest_Generation[sdk=iphoneos*]" = YES;
				"INFOPLIST_KEY_UIApplicationSceneManifest_Generation[sdk=iphonesimulator*]" = YES;
				"INFOPLIST_KEY_UIApplicationSupportsIndirectInputEvents[sdk=iphoneos*]" = YES;
				"INFOPLIST_KEY_UIApplicationSupportsIndirectInputEvents[sdk=iphonesimulator*]" = YES;
				"INFOPLIST_KEY_UILaunchScreen_Generation[sdk=iphoneos*]" = YES;
				"INFOPLIST_KEY_UILaunchScreen_Generation[sdk=iphonesimulator*]" = YES;
				INFOPLIST_KEY_UILaunchStoryboardName = "Meditation Dot";
				"INFOPLIST_KEY_UIStatusBarStyle[sdk=iphoneos*]" = UIStatusBarStyleDefault;
				"INFOPLIST_KEY_UIStatusBarStyle[sdk=iphonesimulator*]" = UIStatusBarStyleDefault;
				INFOPLIST_KEY_UISupportedInterfaceOrientations = UIInterfaceOrientationPortrait;
				INFOPLIST_KEY_UISupportedInterfaceOrientations_iPad = "UIInterfaceOrientationLandscapeLeft UIInterfaceOrientationLandscapeRight UIInterfaceOrientationPortrait UIInterfaceOrientationPortraitUpsideDown";
				IPHONEOS_DEPLOYMENT_TARGET = 17.4;
				LD_RUNPATH_SEARCH_PATHS = "@executable_path/Frameworks";
				"LD_RUNPATH_SEARCH_PATHS[sdk=macosx*]" = "@executable_path/../Frameworks";
				MACOSX_DEPLOYMENT_TARGET = 14.4;
				MARKETING_VERSION = 0.1;
				PRODUCT_BUNDLE_IDENTIFIER = com.project7III.meditation;
				PRODUCT_NAME = "$(TARGET_NAME)";
				SDKROOT = auto;
				SUPPORTED_PLATFORMS = "iphoneos iphonesimulator";
				SUPPORTS_MACCATALYST = NO;
				SWIFT_EMIT_LOC_STRINGS = YES;
				SWIFT_VERSION = 5.0;
				TARGETED_DEVICE_FAMILY = "1,2";
			};
			name = Release;
		};
		789A0E392C061320009CB9E7 /* Debug */ = {
			isa = XCBuildConfiguration;
			buildSettings = {
				ASSETCATALOG_COMPILER_GLOBAL_ACCENT_COLOR_NAME = AccentColor;
				ASSETCATALOG_COMPILER_WIDGET_BACKGROUND_COLOR_NAME = WidgetBackground;
				CODE_SIGN_STYLE = Automatic;
				CURRENT_PROJECT_VERSION = 3;
				DEVELOPMENT_TEAM = A9H57996U3;
				GENERATE_INFOPLIST_FILE = YES;
				INFOPLIST_FILE = WidgetExtension/Info.plist;
				INFOPLIST_KEY_CFBundleDisplayName = WidgetExtension;
				INFOPLIST_KEY_NSHumanReadableCopyright = "";
				IPHONEOS_DEPLOYMENT_TARGET = 17.4;
				LD_RUNPATH_SEARCH_PATHS = (
					"$(inherited)",
					"@executable_path/Frameworks",
					"@executable_path/../../Frameworks",
				);
				MARKETING_VERSION = 0.1;
				PRODUCT_BUNDLE_IDENTIFIER = com.project7III.meditation.WidgetExtension;
				PRODUCT_NAME = "$(TARGET_NAME)";
				SDKROOT = iphoneos;
				SKIP_INSTALL = YES;
				SWIFT_EMIT_LOC_STRINGS = YES;
				SWIFT_VERSION = 5.0;
				TARGETED_DEVICE_FAMILY = "1,2";
			};
			name = Debug;
		};
		789A0E3A2C061320009CB9E7 /* Release */ = {
			isa = XCBuildConfiguration;
			buildSettings = {
				ASSETCATALOG_COMPILER_GLOBAL_ACCENT_COLOR_NAME = AccentColor;
				ASSETCATALOG_COMPILER_WIDGET_BACKGROUND_COLOR_NAME = WidgetBackground;
				CODE_SIGN_STYLE = Automatic;
				CURRENT_PROJECT_VERSION = 3;
				DEVELOPMENT_TEAM = A9H57996U3;
				GENERATE_INFOPLIST_FILE = YES;
				INFOPLIST_FILE = WidgetExtension/Info.plist;
				INFOPLIST_KEY_CFBundleDisplayName = WidgetExtension;
				INFOPLIST_KEY_NSHumanReadableCopyright = "";
				IPHONEOS_DEPLOYMENT_TARGET = 17.4;
				LD_RUNPATH_SEARCH_PATHS = (
					"$(inherited)",
					"@executable_path/Frameworks",
					"@executable_path/../../Frameworks",
				);
				MARKETING_VERSION = 0.1;
				PRODUCT_BUNDLE_IDENTIFIER = com.project7III.meditation.WidgetExtension;
				PRODUCT_NAME = "$(TARGET_NAME)";
				SDKROOT = iphoneos;
				SKIP_INSTALL = YES;
				SWIFT_EMIT_LOC_STRINGS = YES;
				SWIFT_VERSION = 5.0;
				TARGETED_DEVICE_FAMILY = "1,2";
				VALIDATE_PRODUCT = YES;
			};
			name = Release;
		};
		78A77DC82E21037100B1872A /* Debug */ = {
			isa = XCBuildConfiguration;
			buildSettings = {
				CODE_SIGN_ENTITLEMENTS = ShieldConfigurationExtension/ShieldConfigurationExtension.entitlements;
				CODE_SIGN_STYLE = Automatic;
				CURRENT_PROJECT_VERSION = 3;
				DEVELOPMENT_TEAM = A9H57996U3;
				GENERATE_INFOPLIST_FILE = YES;
				INFOPLIST_FILE = ShieldConfigurationExtension/Info.plist;
				INFOPLIST_KEY_CFBundleDisplayName = ShieldConfigurationExtension;
				INFOPLIST_KEY_NSHumanReadableCopyright = "";
				IPHONEOS_DEPLOYMENT_TARGET = 17.6;
				LD_RUNPATH_SEARCH_PATHS = (
					"$(inherited)",
					"@executable_path/Frameworks",
					"@executable_path/../../Frameworks",
				);
				MARKETING_VERSION = 0.1;
				PRODUCT_BUNDLE_IDENTIFIER = com.project7III.meditation.ShieldConfigurationExtension;
				PRODUCT_NAME = "$(TARGET_NAME)";
				SDKROOT = iphoneos;
				SKIP_INSTALL = YES;
				SWIFT_EMIT_LOC_STRINGS = YES;
				SWIFT_VERSION = 5.0;
				TARGETED_DEVICE_FAMILY = "1,2";
			};
			name = Debug;
		};
		78A77DC92E21037100B1872A /* Release */ = {
			isa = XCBuildConfiguration;
			buildSettings = {
				CODE_SIGN_ENTITLEMENTS = ShieldConfigurationExtension/ShieldConfigurationExtension.entitlements;
				CODE_SIGN_STYLE = Automatic;
				CURRENT_PROJECT_VERSION = 3;
				DEVELOPMENT_TEAM = A9H57996U3;
				GENERATE_INFOPLIST_FILE = YES;
				INFOPLIST_FILE = ShieldConfigurationExtension/Info.plist;
				INFOPLIST_KEY_CFBundleDisplayName = ShieldConfigurationExtension;
				INFOPLIST_KEY_NSHumanReadableCopyright = "";
				IPHONEOS_DEPLOYMENT_TARGET = 17.6;
				LD_RUNPATH_SEARCH_PATHS = (
					"$(inherited)",
					"@executable_path/Frameworks",
					"@executable_path/../../Frameworks",
				);
				MARKETING_VERSION = 0.1;
				PRODUCT_BUNDLE_IDENTIFIER = com.project7III.meditation.ShieldConfigurationExtension;
				PRODUCT_NAME = "$(TARGET_NAME)";
				SDKROOT = iphoneos;
				SKIP_INSTALL = YES;
				SWIFT_EMIT_LOC_STRINGS = YES;
				SWIFT_VERSION = 5.0;
				TARGETED_DEVICE_FAMILY = "1,2";
				VALIDATE_PRODUCT = YES;
			};
			name = Release;
		};
		78A77DDA2E21040C00B1872A /* Debug */ = {
			isa = XCBuildConfiguration;
			buildSettings = {
				CODE_SIGN_ENTITLEMENTS = ShieldActionExtension/ShieldActionExtension.entitlements;
				CODE_SIGN_STYLE = Automatic;
				CURRENT_PROJECT_VERSION = 3;
				DEVELOPMENT_TEAM = A9H57996U3;
				GENERATE_INFOPLIST_FILE = YES;
				INFOPLIST_FILE = ShieldActionExtension/Info.plist;
				INFOPLIST_KEY_CFBundleDisplayName = ShieldActionExtension;
				INFOPLIST_KEY_NSHumanReadableCopyright = "";
				IPHONEOS_DEPLOYMENT_TARGET = 17.6;
				LD_RUNPATH_SEARCH_PATHS = (
					"$(inherited)",
					"@executable_path/Frameworks",
					"@executable_path/../../Frameworks",
				);
				MARKETING_VERSION = 0.1;
				PRODUCT_BUNDLE_IDENTIFIER = com.project7III.meditation.ShieldActionExtension;
				PRODUCT_NAME = "$(TARGET_NAME)";
				SDKROOT = iphoneos;
				SKIP_INSTALL = YES;
				SWIFT_EMIT_LOC_STRINGS = YES;
				SWIFT_VERSION = 5.0;
				TARGETED_DEVICE_FAMILY = "1,2";
			};
			name = Debug;
		};
		78A77DDB2E21040C00B1872A /* Release */ = {
			isa = XCBuildConfiguration;
			buildSettings = {
				CODE_SIGN_ENTITLEMENTS = ShieldActionExtension/ShieldActionExtension.entitlements;
				CODE_SIGN_STYLE = Automatic;
				CURRENT_PROJECT_VERSION = 3;
				DEVELOPMENT_TEAM = A9H57996U3;
				GENERATE_INFOPLIST_FILE = YES;
				INFOPLIST_FILE = ShieldActionExtension/Info.plist;
				INFOPLIST_KEY_CFBundleDisplayName = ShieldActionExtension;
				INFOPLIST_KEY_NSHumanReadableCopyright = "";
				IPHONEOS_DEPLOYMENT_TARGET = 17.6;
				LD_RUNPATH_SEARCH_PATHS = (
					"$(inherited)",
					"@executable_path/Frameworks",
					"@executable_path/../../Frameworks",
				);
				MARKETING_VERSION = 0.1;
				PRODUCT_BUNDLE_IDENTIFIER = com.project7III.meditation.ShieldActionExtension;
				PRODUCT_NAME = "$(TARGET_NAME)";
				SDKROOT = iphoneos;
				SKIP_INSTALL = YES;
				SWIFT_EMIT_LOC_STRINGS = YES;
				SWIFT_VERSION = 5.0;
				TARGETED_DEVICE_FAMILY = "1,2";
				VALIDATE_PRODUCT = YES;
			};
			name = Release;
		};
		78A77DF92E224C9000B1872A /* Debug */ = {
			isa = XCBuildConfiguration;
			buildSettings = {
				CODE_SIGN_ENTITLEMENTS = DeviceActivityMonitorExtension/DeviceActivityMonitorExtension.entitlements;
				CODE_SIGN_STYLE = Automatic;
				CURRENT_PROJECT_VERSION = 3;
				DEVELOPMENT_TEAM = A9H57996U3;
				GENERATE_INFOPLIST_FILE = YES;
				INFOPLIST_FILE = DeviceActivityMonitorExtension/Info.plist;
				INFOPLIST_KEY_CFBundleDisplayName = DeviceActivityMonitorExtension;
				INFOPLIST_KEY_NSHumanReadableCopyright = "";
				IPHONEOS_DEPLOYMENT_TARGET = 17.6;
				LD_RUNPATH_SEARCH_PATHS = (
					"$(inherited)",
					"@executable_path/Frameworks",
					"@executable_path/../../Frameworks",
				);
				MARKETING_VERSION = 0.1;
				PRODUCT_BUNDLE_IDENTIFIER = com.project7III.meditation.DeviceActivityMonitorExtension;
				PRODUCT_NAME = "$(TARGET_NAME)";
				SDKROOT = iphoneos;
				SKIP_INSTALL = YES;
				SWIFT_EMIT_LOC_STRINGS = YES;
				SWIFT_VERSION = 5.0;
				TARGETED_DEVICE_FAMILY = "1,2";
			};
			name = Debug;
		};
		78A77DFA2E224C9000B1872A /* Release */ = {
			isa = XCBuildConfiguration;
			buildSettings = {
				CODE_SIGN_ENTITLEMENTS = DeviceActivityMonitorExtension/DeviceActivityMonitorExtension.entitlements;
				CODE_SIGN_STYLE = Automatic;
				CURRENT_PROJECT_VERSION = 3;
				DEVELOPMENT_TEAM = A9H57996U3;
				GENERATE_INFOPLIST_FILE = YES;
				INFOPLIST_FILE = DeviceActivityMonitorExtension/Info.plist;
				INFOPLIST_KEY_CFBundleDisplayName = DeviceActivityMonitorExtension;
				INFOPLIST_KEY_NSHumanReadableCopyright = "";
				IPHONEOS_DEPLOYMENT_TARGET = 17.6;
				LD_RUNPATH_SEARCH_PATHS = (
					"$(inherited)",
					"@executable_path/Frameworks",
					"@executable_path/../../Frameworks",
				);
				MARKETING_VERSION = 0.1;
				PRODUCT_BUNDLE_IDENTIFIER = com.project7III.meditation.DeviceActivityMonitorExtension;
				PRODUCT_NAME = "$(TARGET_NAME)";
				SDKROOT = iphoneos;
				SKIP_INSTALL = YES;
				SWIFT_EMIT_LOC_STRINGS = YES;
				SWIFT_VERSION = 5.0;
				TARGETED_DEVICE_FAMILY = "1,2";
				VALIDATE_PRODUCT = YES;
			};
			name = Release;
		};
/* End XCBuildConfiguration section */

/* Begin XCConfigurationList section */
		78385D022BF3647300581057 /* Build configuration list for PBXProject "Meditation" */ = {
			isa = XCConfigurationList;
			buildConfigurations = (
				78385D142BF3647500581057 /* Debug */,
				78385D152BF3647500581057 /* Release */,
			);
			defaultConfigurationIsVisible = 0;
			defaultConfigurationName = Release;
		};
		78385D162BF3647500581057 /* Build configuration list for PBXNativeTarget "Meditation" */ = {
			isa = XCConfigurationList;
			buildConfigurations = (
				78385D172BF3647500581057 /* Debug */,
				78385D182BF3647500581057 /* Release */,
			);
			defaultConfigurationIsVisible = 0;
			defaultConfigurationName = Release;
		};
		789A0E3B2C061320009CB9E7 /* Build configuration list for PBXNativeTarget "WidgetExtensionExtension" */ = {
			isa = XCConfigurationList;
			buildConfigurations = (
				789A0E392C061320009CB9E7 /* Debug */,
				789A0E3A2C061320009CB9E7 /* Release */,
			);
			defaultConfigurationIsVisible = 0;
			defaultConfigurationName = Release;
		};
		78A77DC72E21037100B1872A /* Build configuration list for PBXNativeTarget "ShieldConfigurationExtension" */ = {
			isa = XCConfigurationList;
			buildConfigurations = (
				78A77DC82E21037100B1872A /* Debug */,
				78A77DC92E21037100B1872A /* Release */,
			);
			defaultConfigurationIsVisible = 0;
			defaultConfigurationName = Release;
		};
		78A77DD92E21040C00B1872A /* Build configuration list for PBXNativeTarget "ShieldActionExtension" */ = {
			isa = XCConfigurationList;
			buildConfigurations = (
				78A77DDA2E21040C00B1872A /* Debug */,
				78A77DDB2E21040C00B1872A /* Release */,
			);
			defaultConfigurationIsVisible = 0;
			defaultConfigurationName = Release;
		};
		78A77DF82E224C9000B1872A /* Build configuration list for PBXNativeTarget "DeviceActivityMonitorExtension" */ = {
			isa = XCConfigurationList;
			buildConfigurations = (
				78A77DF92E224C9000B1872A /* Debug */,
				78A77DFA2E224C9000B1872A /* Release */,
			);
			defaultConfigurationIsVisible = 0;
			defaultConfigurationName = Release;
		};
/* End XCConfigurationList section */

/* Begin XCRemoteSwiftPackageReference section */
		785D096D2C0C56EB00044AE9 /* XCRemoteSwiftPackageReference "AudioKit" */ = {
			isa = XCRemoteSwiftPackageReference;
			repositoryURL = "https://github.com/AudioKit/AudioKit.git";
			requirement = {
				kind = upToNextMajorVersion;
				minimumVersion = 5.6.4;
			};
		};
		78C862A92C0C5A29006235AB /* XCRemoteSwiftPackageReference "SoundpipeAudioKit" */ = {
			isa = XCRemoteSwiftPackageReference;
			repositoryURL = "https://github.com/AudioKit/SoundpipeAudioKit";
			requirement = {
				kind = upToNextMajorVersion;
				minimumVersion = 5.6.1;
			};
		};
/* End XCRemoteSwiftPackageReference section */

/* Begin XCSwiftPackageProductDependency section */
		78C862AA2C0C5A29006235AB /* SoundpipeAudioKit */ = {
			isa = XCSwiftPackageProductDependency;
			package = 78C862A92C0C5A29006235AB /* XCRemoteSwiftPackageReference "SoundpipeAudioKit" */;
			productName = SoundpipeAudioKit;
		};
		78DAE2F22C0C58FA00F2CCB0 /* AudioKit */ = {
			isa = XCSwiftPackageProductDependency;
			package = 785D096D2C0C56EB00044AE9 /* XCRemoteSwiftPackageReference "AudioKit" */;
			productName = AudioKit;
		};
/* End XCSwiftPackageProductDependency section */
	};
	rootObject = 78385CFF2BF3647300581057 /* Project object */;
}
