// !$*UTF8*$!
{
	archiveVersion = 1;
	classes = {
	};
	objectVersion = 56;
	objects = {

/* Begin PBXBuildFile section */
		7824958A2C075A5300CEA09D /* WidgetExtensionLiveActivity.swift in Sources */ = {isa = PBXBuildFile; fileRef = 789A0E2E2C06131E009CB9E7 /* WidgetExtensionLiveActivity.swift */; };
		7827880A2BF68B67004E7F77 /* TimerRunningView.swift in Sources */ = {isa = PBXBuildFile; fileRef = 782788092BF68B67004E7F77 /* TimerRunningView.swift */; };
		7827880D2BFB3F45004E7F77 /* OptionsView.swift in Sources */ = {isa = PBXBuildFile; fileRef = 7827880C2BFB3F45004E7F77 /* OptionsView.swift */; };
		782992412C06316B003C4949 /* Assets.xcassets in Resources */ = {isa = PBXBuildFile; fileRef = 78385D0E2BF3647500581057 /* Assets.xcassets */; };
		7834263C2BFF6B990008F9F9 /* NotificationSoundView.swift in Sources */ = {isa = PBXBuildFile; fileRef = 7834263B2BFF6B990008F9F9 /* NotificationSoundView.swift */; };
		783426402BFF6C7B0008F9F9 /* TimerSound.swift in Sources */ = {isa = PBXBuildFile; fileRef = 7834263F2BFF6C7B0008F9F9 /* TimerSound.swift */; };
		783426742BFFBC7F0008F9F9 /* Synth Bell.caf in Resources */ = {isa = PBXBuildFile; fileRef = 783426632BFFBC7E0008F9F9 /* Synth Bell.caf */; };
		783426752BFFBC7F0008F9F9 /* Dual Bowl.caf in Resources */ = {isa = PBXBuildFile; fileRef = 783426642BFFBC7E0008F9F9 /* Dual Bowl.caf */; };
		783426762BFFBC7F0008F9F9 /* Friendly.caf in Resources */ = {isa = PBXBuildFile; fileRef = 783426652BFFBC7E0008F9F9 /* Friendly.caf */; };
		783426772BFFBC7F0008F9F9 /* Basic Bells 3.caf in Resources */ = {isa = PBXBuildFile; fileRef = 783426662BFFBC7E0008F9F9 /* Basic Bells 3.caf */; };
		783426782BFFBC7F0008F9F9 /* Friendly End.caf in Resources */ = {isa = PBXBuildFile; fileRef = 783426672BFFBC7E0008F9F9 /* Friendly End.caf */; };
		783426792BFFBC7F0008F9F9 /* Chimes 3.caf in Resources */ = {isa = PBXBuildFile; fileRef = 783426682BFFBC7E0008F9F9 /* Chimes 3.caf */; };
		7834267A2BFFBC7F0008F9F9 /* Chimes.caf in Resources */ = {isa = PBXBuildFile; fileRef = 783426692BFFBC7E0008F9F9 /* Chimes.caf */; };
		7834267B2BFFBC7F0008F9F9 /* Basic Bells 1.caf in Resources */ = {isa = PBXBuildFile; fileRef = 7834266A2BFFBC7E0008F9F9 /* Basic Bells 1.caf */; };
		7834267C2BFFBC7F0008F9F9 /* Chimes 4.caf in Resources */ = {isa = PBXBuildFile; fileRef = 7834266B2BFFBC7F0008F9F9 /* Chimes 4.caf */; };
		7834267D2BFFBC7F0008F9F9 /* Chimes 2.caf in Resources */ = {isa = PBXBuildFile; fileRef = 7834266C2BFFBC7F0008F9F9 /* Chimes 2.caf */; };
		7834267E2BFFBC7F0008F9F9 /* Basic Bells 2.caf in Resources */ = {isa = PBXBuildFile; fileRef = 7834266D2BFFBC7F0008F9F9 /* Basic Bells 2.caf */; };
		7834267F2BFFBC7F0008F9F9 /* Singing Bowl 1.caf in Resources */ = {isa = PBXBuildFile; fileRef = 7834266E2BFFBC7F0008F9F9 /* Singing Bowl 1.caf */; };
		783426802BFFBC7F0008F9F9 /* Metallophone.caf in Resources */ = {isa = PBXBuildFile; fileRef = 7834266F2BFFBC7F0008F9F9 /* Metallophone.caf */; };
		783426812BFFBC7F0008F9F9 /* Gong 2.caf in Resources */ = {isa = PBXBuildFile; fileRef = 783426702BFFBC7F0008F9F9 /* Gong 2.caf */; };
		783426822BFFBC7F0008F9F9 /* Singing Bowl 2.caf in Resources */ = {isa = PBXBuildFile; fileRef = 783426712BFFBC7F0008F9F9 /* Singing Bowl 2.caf */; };
		783426832BFFBC7F0008F9F9 /* Gong 2b.caf in Resources */ = {isa = PBXBuildFile; fileRef = 783426722BFFBC7F0008F9F9 /* Gong 2b.caf */; };
		783426842BFFBC7F0008F9F9 /* Singing Bowl 2b.caf in Resources */ = {isa = PBXBuildFile; fileRef = 783426732BFFBC7F0008F9F9 /* Singing Bowl 2b.caf */; };
		783426862BFFCFB20008F9F9 /* TimerCircleView.swift in Sources */ = {isa = PBXBuildFile; fileRef = 783426852BFFCFB20008F9F9 /* TimerCircleView.swift */; };
		78385D0B2BF3647300581057 /* MeditationApp.swift in Sources */ = {isa = PBXBuildFile; fileRef = 78385D0A2BF3647300581057 /* MeditationApp.swift */; };
		78385D0D2BF3647300581057 /* ContentView.swift in Sources */ = {isa = PBXBuildFile; fileRef = 78385D0C2BF3647300581057 /* ContentView.swift */; };
		78385D0F2BF3647500581057 /* Assets.xcassets in Resources */ = {isa = PBXBuildFile; fileRef = 78385D0E2BF3647500581057 /* Assets.xcassets */; };
		78385D132BF3647500581057 /* Preview Assets.xcassets in Resources */ = {isa = PBXBuildFile; fileRef = 78385D122BF3647500581057 /* Preview Assets.xcassets */; };
		78385D1A2BF366A000581057 /* MeditationTimer.swift in Sources */ = {isa = PBXBuildFile; fileRef = 78385D192BF366A000581057 /* MeditationTimer.swift */; };
		78385D1F2BF3674800581057 /* TimerView.swift in Sources */ = {isa = PBXBuildFile; fileRef = 78385D1E2BF3674800581057 /* TimerView.swift */; };
		78385D212BF3DFEE00581057 /* MeditationManager.swift in Sources */ = {isa = PBXBuildFile; fileRef = 78385D202BF3DFEE00581057 /* MeditationManager.swift */; };
		78385D232BF3E11B00581057 /* MeditationSession.swift in Sources */ = {isa = PBXBuildFile; fileRef = 78385D222BF3E11B00581057 /* MeditationSession.swift */; };
		7879BDF02BF4A43E001994D2 /* Helpers.swift in Sources */ = {isa = PBXBuildFile; fileRef = 7879BDEF2BF4A43E001994D2 /* Helpers.swift */; };
		7879BDF12BF4BDE4001994D2 /* Kitchen Timer Normal.caf in Resources */ = {isa = PBXBuildFile; fileRef = 78385D242BF3E4F100581057 /* Kitchen Timer Normal.caf */; };
		7879BDF32BF68448001994D2 /* CircleButtonStyle.swift in Sources */ = {isa = PBXBuildFile; fileRef = 7879BDF22BF68448001994D2 /* CircleButtonStyle.swift */; };
		7879BDF52BF684FD001994D2 /* TimerStoppedView.swift in Sources */ = {isa = PBXBuildFile; fileRef = 7879BDF42BF684FD001994D2 /* TimerStoppedView.swift */; };
		789A0E072C032377009CB9E7 /* KoansEditView.swift in Sources */ = {isa = PBXBuildFile; fileRef = 789A0E062C032377009CB9E7 /* KoansEditView.swift */; };
		789A0E092C0388FE009CB9E7 /* StreakButton.swift in Sources */ = {isa = PBXBuildFile; fileRef = 789A0E082C0388FE009CB9E7 /* StreakButton.swift */; };
		789A0E0B2C038C42009CB9E7 /* StatisticsView.swift in Sources */ = {isa = PBXBuildFile; fileRef = 789A0E0A2C038C42009CB9E7 /* StatisticsView.swift */; };
		789A0E102C0392F5009CB9E7 /* MeditationStatistics.swift in Sources */ = {isa = PBXBuildFile; fileRef = 789A0E0F2C0392F5009CB9E7 /* MeditationStatistics.swift */; };
		789A0E122C04D965009CB9E7 /* StreakTile.swift in Sources */ = {isa = PBXBuildFile; fileRef = 789A0E112C04D965009CB9E7 /* StreakTile.swift */; };
		789A0E142C04FCCA009CB9E7 /* MonthlyChart.swift in Sources */ = {isa = PBXBuildFile; fileRef = 789A0E132C04FCCA009CB9E7 /* MonthlyChart.swift */; };
		789A0E182C04FE57009CB9E7 /* DateComponents + Identifiable.swift in Sources */ = {isa = PBXBuildFile; fileRef = 789A0E172C04FE57009CB9E7 /* DateComponents + Identifiable.swift */; };
		789A0E1A2C04FEAB009CB9E7 /* DateComponents + Comparable.swift in Sources */ = {isa = PBXBuildFile; fileRef = 789A0E192C04FEAB009CB9E7 /* DateComponents + Comparable.swift */; };
		789A0E1C2C05B3EA009CB9E7 /* ThirtyDaysChart.swift in Sources */ = {isa = PBXBuildFile; fileRef = 789A0E1B2C05B3EA009CB9E7 /* ThirtyDaysChart.swift */; };
		789A0E202C05C35A009CB9E7 /* StatisticsButton.swift in Sources */ = {isa = PBXBuildFile; fileRef = 789A0E1F2C05C35A009CB9E7 /* StatisticsButton.swift */; };
		789A0E282C06131E009CB9E7 /* WidgetKit.framework in Frameworks */ = {isa = PBXBuildFile; fileRef = 789A0E272C06131E009CB9E7 /* WidgetKit.framework */; };
		789A0E2A2C06131E009CB9E7 /* SwiftUI.framework in Frameworks */ = {isa = PBXBuildFile; fileRef = 789A0E292C06131E009CB9E7 /* SwiftUI.framework */; };
		789A0E2D2C06131E009CB9E7 /* WidgetExtensionBundle.swift in Sources */ = {isa = PBXBuildFile; fileRef = 789A0E2C2C06131E009CB9E7 /* WidgetExtensionBundle.swift */; };
		789A0E2F2C06131E009CB9E7 /* WidgetExtensionLiveActivity.swift in Sources */ = {isa = PBXBuildFile; fileRef = 789A0E2E2C06131E009CB9E7 /* WidgetExtensionLiveActivity.swift */; };
		789A0E312C06131E009CB9E7 /* WidgetExtension.swift in Sources */ = {isa = PBXBuildFile; fileRef = 789A0E302C06131E009CB9E7 /* WidgetExtension.swift */; };
		789A0E372C061320009CB9E7 /* WidgetExtensionExtension.appex in Embed Foundation Extensions */ = {isa = PBXBuildFile; fileRef = 789A0E252C06131E009CB9E7 /* WidgetExtensionExtension.appex */; settings = {ATTRIBUTES = (RemoveHeadersOnCopy, ); }; };
		789A0E3F2C061570009CB9E7 /* TimerStatus.swift in Sources */ = {isa = PBXBuildFile; fileRef = 789A0E3E2C061570009CB9E7 /* TimerStatus.swift */; };
		789A0E402C061577009CB9E7 /* TimerStatus.swift in Sources */ = {isa = PBXBuildFile; fileRef = 789A0E3E2C061570009CB9E7 /* TimerStatus.swift */; };
		789A0E482C061ECE009CB9E7 /* Helpers.swift in Sources */ = {isa = PBXBuildFile; fileRef = 7879BDEF2BF4A43E001994D2 /* Helpers.swift */; };
/* End PBXBuildFile section */

/* Begin PBXContainerItemProxy section */
		789A0E352C061320009CB9E7 /* PBXContainerItemProxy */ = {
			isa = PBXContainerItemProxy;
			containerPortal = 78385CFF2BF3647300581057 /* Project object */;
			proxyType = 1;
			remoteGlobalIDString = 789A0E242C06131E009CB9E7;
			remoteInfo = WidgetExtensionExtension;
		};
/* End PBXContainerItemProxy section */

/* Begin PBXCopyFilesBuildPhase section */
		789A0E382C061320009CB9E7 /* Embed Foundation Extensions */ = {
			isa = PBXCopyFilesBuildPhase;
			buildActionMask = 2147483647;
			dstPath = "";
			dstSubfolderSpec = 13;
			files = (
				789A0E372C061320009CB9E7 /* WidgetExtensionExtension.appex in Embed Foundation Extensions */,
			);
			name = "Embed Foundation Extensions";
			runOnlyForDeploymentPostprocessing = 0;
		};
/* End PBXCopyFilesBuildPhase section */

/* Begin PBXFileReference section */
		782788092BF68B67004E7F77 /* TimerRunningView.swift */ = {isa = PBXFileReference; lastKnownFileType = sourcecode.swift; path = TimerRunningView.swift; sourceTree = "<group>"; };
		7827880C2BFB3F45004E7F77 /* OptionsView.swift */ = {isa = PBXFileReference; lastKnownFileType = sourcecode.swift; path = OptionsView.swift; sourceTree = "<group>"; };
		7834263B2BFF6B990008F9F9 /* NotificationSoundView.swift */ = {isa = PBXFileReference; lastKnownFileType = sourcecode.swift; path = NotificationSoundView.swift; sourceTree = "<group>"; };
		7834263F2BFF6C7B0008F9F9 /* TimerSound.swift */ = {isa = PBXFileReference; lastKnownFileType = sourcecode.swift; path = TimerSound.swift; sourceTree = "<group>"; };
		783426632BFFBC7E0008F9F9 /* Synth Bell.caf */ = {isa = PBXFileReference; lastKnownFileType = file; path = "Synth Bell.caf"; sourceTree = "<group>"; };
		783426642BFFBC7E0008F9F9 /* Dual Bowl.caf */ = {isa = PBXFileReference; lastKnownFileType = file; path = "Dual Bowl.caf"; sourceTree = "<group>"; };
		783426652BFFBC7E0008F9F9 /* Friendly.caf */ = {isa = PBXFileReference; lastKnownFileType = file; path = Friendly.caf; sourceTree = "<group>"; };
		783426662BFFBC7E0008F9F9 /* Basic Bells 3.caf */ = {isa = PBXFileReference; lastKnownFileType = file; path = "Basic Bells 3.caf"; sourceTree = "<group>"; };
		783426672BFFBC7E0008F9F9 /* Friendly End.caf */ = {isa = PBXFileReference; lastKnownFileType = file; path = "Friendly End.caf"; sourceTree = "<group>"; };
		783426682BFFBC7E0008F9F9 /* Chimes 3.caf */ = {isa = PBXFileReference; lastKnownFileType = file; path = "Chimes 3.caf"; sourceTree = "<group>"; };
		783426692BFFBC7E0008F9F9 /* Chimes.caf */ = {isa = PBXFileReference; lastKnownFileType = file; path = Chimes.caf; sourceTree = "<group>"; };
		7834266A2BFFBC7E0008F9F9 /* Basic Bells 1.caf */ = {isa = PBXFileReference; lastKnownFileType = file; path = "Basic Bells 1.caf"; sourceTree = "<group>"; };
		7834266B2BFFBC7F0008F9F9 /* Chimes 4.caf */ = {isa = PBXFileReference; lastKnownFileType = file; path = "Chimes 4.caf"; sourceTree = "<group>"; };
		7834266C2BFFBC7F0008F9F9 /* Chimes 2.caf */ = {isa = PBXFileReference; lastKnownFileType = file; path = "Chimes 2.caf"; sourceTree = "<group>"; };
		7834266D2BFFBC7F0008F9F9 /* Basic Bells 2.caf */ = {isa = PBXFileReference; lastKnownFileType = file; path = "Basic Bells 2.caf"; sourceTree = "<group>"; };
		7834266E2BFFBC7F0008F9F9 /* Singing Bowl 1.caf */ = {isa = PBXFileReference; lastKnownFileType = file; path = "Singing Bowl 1.caf"; sourceTree = "<group>"; };
		7834266F2BFFBC7F0008F9F9 /* Metallophone.caf */ = {isa = PBXFileReference; lastKnownFileType = file; path = Metallophone.caf; sourceTree = "<group>"; };
		783426702BFFBC7F0008F9F9 /* Gong 2.caf */ = {isa = PBXFileReference; lastKnownFileType = file; path = "Gong 2.caf"; sourceTree = "<group>"; };
		783426712BFFBC7F0008F9F9 /* Singing Bowl 2.caf */ = {isa = PBXFileReference; lastKnownFileType = file; path = "Singing Bowl 2.caf"; sourceTree = "<group>"; };
		783426722BFFBC7F0008F9F9 /* Gong 2b.caf */ = {isa = PBXFileReference; lastKnownFileType = file; path = "Gong 2b.caf"; sourceTree = "<group>"; };
		783426732BFFBC7F0008F9F9 /* Singing Bowl 2b.caf */ = {isa = PBXFileReference; lastKnownFileType = file; path = "Singing Bowl 2b.caf"; sourceTree = "<group>"; };
		783426852BFFCFB20008F9F9 /* TimerCircleView.swift */ = {isa = PBXFileReference; lastKnownFileType = sourcecode.swift; path = TimerCircleView.swift; sourceTree = "<group>"; };
		78385D072BF3647300581057 /* Meditation.app */ = {isa = PBXFileReference; explicitFileType = wrapper.application; includeInIndex = 0; path = Meditation.app; sourceTree = BUILT_PRODUCTS_DIR; };
		78385D0A2BF3647300581057 /* MeditationApp.swift */ = {isa = PBXFileReference; lastKnownFileType = sourcecode.swift; path = MeditationApp.swift; sourceTree = "<group>"; };
		78385D0C2BF3647300581057 /* ContentView.swift */ = {isa = PBXFileReference; lastKnownFileType = sourcecode.swift; path = ContentView.swift; sourceTree = "<group>"; };
		78385D0E2BF3647500581057 /* Assets.xcassets */ = {isa = PBXFileReference; lastKnownFileType = folder.assetcatalog; path = Assets.xcassets; sourceTree = "<group>"; };
		78385D102BF3647500581057 /* Meditation.entitlements */ = {isa = PBXFileReference; lastKnownFileType = text.plist.entitlements; path = Meditation.entitlements; sourceTree = "<group>"; };
		78385D122BF3647500581057 /* Preview Assets.xcassets */ = {isa = PBXFileReference; lastKnownFileType = folder.assetcatalog; path = "Preview Assets.xcassets"; sourceTree = "<group>"; };
		78385D192BF366A000581057 /* MeditationTimer.swift */ = {isa = PBXFileReference; lastKnownFileType = sourcecode.swift; path = MeditationTimer.swift; sourceTree = "<group>"; };
		78385D1E2BF3674800581057 /* TimerView.swift */ = {isa = PBXFileReference; lastKnownFileType = sourcecode.swift; path = TimerView.swift; sourceTree = "<group>"; };
		78385D202BF3DFEE00581057 /* MeditationManager.swift */ = {isa = PBXFileReference; lastKnownFileType = sourcecode.swift; path = MeditationManager.swift; sourceTree = "<group>"; };
		78385D222BF3E11B00581057 /* MeditationSession.swift */ = {isa = PBXFileReference; lastKnownFileType = sourcecode.swift; path = MeditationSession.swift; sourceTree = "<group>"; };
		78385D242BF3E4F100581057 /* Kitchen Timer Normal.caf */ = {isa = PBXFileReference; lastKnownFileType = file; path = "Kitchen Timer Normal.caf"; sourceTree = "<group>"; };
		7879BDEF2BF4A43E001994D2 /* Helpers.swift */ = {isa = PBXFileReference; lastKnownFileType = sourcecode.swift; path = Helpers.swift; sourceTree = "<group>"; };
		7879BDF22BF68448001994D2 /* CircleButtonStyle.swift */ = {isa = PBXFileReference; lastKnownFileType = sourcecode.swift; path = CircleButtonStyle.swift; sourceTree = "<group>"; };
		7879BDF42BF684FD001994D2 /* TimerStoppedView.swift */ = {isa = PBXFileReference; lastKnownFileType = sourcecode.swift; path = TimerStoppedView.swift; sourceTree = "<group>"; };
		789A0E062C032377009CB9E7 /* KoansEditView.swift */ = {isa = PBXFileReference; lastKnownFileType = sourcecode.swift; path = KoansEditView.swift; sourceTree = "<group>"; };
		789A0E082C0388FE009CB9E7 /* StreakButton.swift */ = {isa = PBXFileReference; lastKnownFileType = sourcecode.swift; path = StreakButton.swift; sourceTree = "<group>"; };
		789A0E0A2C038C42009CB9E7 /* StatisticsView.swift */ = {isa = PBXFileReference; lastKnownFileType = sourcecode.swift; path = StatisticsView.swift; sourceTree = "<group>"; };
		789A0E0F2C0392F5009CB9E7 /* MeditationStatistics.swift */ = {isa = PBXFileReference; lastKnownFileType = sourcecode.swift; path = MeditationStatistics.swift; sourceTree = "<group>"; };
		789A0E112C04D965009CB9E7 /* StreakTile.swift */ = {isa = PBXFileReference; lastKnownFileType = sourcecode.swift; path = StreakTile.swift; sourceTree = "<group>"; };
		789A0E132C04FCCA009CB9E7 /* MonthlyChart.swift */ = {isa = PBXFileReference; lastKnownFileType = sourcecode.swift; path = MonthlyChart.swift; sourceTree = "<group>"; };
		789A0E172C04FE57009CB9E7 /* DateComponents + Identifiable.swift */ = {isa = PBXFileReference; lastKnownFileType = sourcecode.swift; path = "DateComponents + Identifiable.swift"; sourceTree = "<group>"; };
		789A0E192C04FEAB009CB9E7 /* DateComponents + Comparable.swift */ = {isa = PBXFileReference; lastKnownFileType = sourcecode.swift; path = "DateComponents + Comparable.swift"; sourceTree = "<group>"; };
		789A0E1B2C05B3EA009CB9E7 /* ThirtyDaysChart.swift */ = {isa = PBXFileReference; lastKnownFileType = sourcecode.swift; path = ThirtyDaysChart.swift; sourceTree = "<group>"; };
		789A0E1F2C05C35A009CB9E7 /* StatisticsButton.swift */ = {isa = PBXFileReference; lastKnownFileType = sourcecode.swift; path = StatisticsButton.swift; sourceTree = "<group>"; };
		789A0E252C06131E009CB9E7 /* WidgetExtensionExtension.appex */ = {isa = PBXFileReference; explicitFileType = "wrapper.app-extension"; includeInIndex = 0; path = WidgetExtensionExtension.appex; sourceTree = BUILT_PRODUCTS_DIR; };
		789A0E272C06131E009CB9E7 /* WidgetKit.framework */ = {isa = PBXFileReference; lastKnownFileType = wrapper.framework; name = WidgetKit.framework; path = System/Library/Frameworks/WidgetKit.framework; sourceTree = SDKROOT; };
		789A0E292C06131E009CB9E7 /* SwiftUI.framework */ = {isa = PBXFileReference; lastKnownFileType = wrapper.framework; name = SwiftUI.framework; path = System/Library/Frameworks/SwiftUI.framework; sourceTree = SDKROOT; };
		789A0E2C2C06131E009CB9E7 /* WidgetExtensionBundle.swift */ = {isa = PBXFileReference; lastKnownFileType = sourcecode.swift; path = WidgetExtensionBundle.swift; sourceTree = "<group>"; };
		789A0E2E2C06131E009CB9E7 /* WidgetExtensionLiveActivity.swift */ = {isa = PBXFileReference; lastKnownFileType = sourcecode.swift; path = WidgetExtensionLiveActivity.swift; sourceTree = "<group>"; };
		789A0E302C06131E009CB9E7 /* WidgetExtension.swift */ = {isa = PBXFileReference; lastKnownFileType = sourcecode.swift; path = WidgetExtension.swift; sourceTree = "<group>"; };
		789A0E342C061320009CB9E7 /* Info.plist */ = {isa = PBXFileReference; lastKnownFileType = text.plist.xml; path = Info.plist; sourceTree = "<group>"; };
		789A0E3C2C061412009CB9E7 /* Info.plist */ = {isa = PBXFileReference; lastKnownFileType = text.plist; path = Info.plist; sourceTree = "<group>"; };
		789A0E3E2C061570009CB9E7 /* TimerStatus.swift */ = {isa = PBXFileReference; lastKnownFileType = sourcecode.swift; path = TimerStatus.swift; sourceTree = "<group>"; };
/* End PBXFileReference section */

/* Begin PBXFrameworksBuildPhase section */
		78385D042BF3647300581057 /* Frameworks */ = {
			isa = PBXFrameworksBuildPhase;
			buildActionMask = 2147483647;
			files = (
			);
			runOnlyForDeploymentPostprocessing = 0;
		};
		789A0E222C06131E009CB9E7 /* Frameworks */ = {
			isa = PBXFrameworksBuildPhase;
			buildActionMask = 2147483647;
			files = (
				789A0E2A2C06131E009CB9E7 /* SwiftUI.framework in Frameworks */,
				789A0E282C06131E009CB9E7 /* WidgetKit.framework in Frameworks */,
			);
			runOnlyForDeploymentPostprocessing = 0;
		};
/* End PBXFrameworksBuildPhase section */

/* Begin PBXGroup section */
		7827880B2BFB3F30004E7F77 /* Timer */ = {
			isa = PBXGroup;
			children = (
				78385D1E2BF3674800581057 /* TimerView.swift */,
				783426852BFFCFB20008F9F9 /* TimerCircleView.swift */,
				7879BDF42BF684FD001994D2 /* TimerStoppedView.swift */,
				782788092BF68B67004E7F77 /* TimerRunningView.swift */,
				7879BDF22BF68448001994D2 /* CircleButtonStyle.swift */,
			);
			path = Timer;
			sourceTree = "<group>";
		};
		78385CFE2BF3647300581057 = {
			isa = PBXGroup;
			children = (
				78385D092BF3647300581057 /* Meditation */,
				789A0E2B2C06131E009CB9E7 /* WidgetExtension */,
				789A0E262C06131E009CB9E7 /* Frameworks */,
				78385D082BF3647300581057 /* Products */,
			);
			sourceTree = "<group>";
		};
		78385D082BF3647300581057 /* Products */ = {
			isa = PBXGroup;
			children = (
				78385D072BF3647300581057 /* Meditation.app */,
				789A0E252C06131E009CB9E7 /* WidgetExtensionExtension.appex */,
			);
			name = Products;
			sourceTree = "<group>";
		};
		78385D092BF3647300581057 /* Meditation */ = {
			isa = PBXGroup;
			children = (
				789A0E3C2C061412009CB9E7 /* Info.plist */,
				78385D0A2BF3647300581057 /* MeditationApp.swift */,
				78385D0C2BF3647300581057 /* ContentView.swift */,
				789A0E082C0388FE009CB9E7 /* StreakButton.swift */,
				789A0E1F2C05C35A009CB9E7 /* StatisticsButton.swift */,
				789A0E0E2C039149009CB9E7 /* Statistics */,
				789A0E0D2C03912D009CB9E7 /* Options */,
				7827880B2BFB3F30004E7F77 /* Timer */,
				78385D1B2BF366F900581057 /* Model */,
				78385D0E2BF3647500581057 /* Assets.xcassets */,
				78385D252BF3E4F700581057 /* Sounds */,
				78385D102BF3647500581057 /* Meditation.entitlements */,
				78385D112BF3647500581057 /* Preview Content */,
			);
			path = Meditation;
			sourceTree = "<group>";
		};
		78385D112BF3647500581057 /* Preview Content */ = {
			isa = PBXGroup;
			children = (
				78385D122BF3647500581057 /* Preview Assets.xcassets */,
			);
			path = "Preview Content";
			sourceTree = "<group>";
		};
		78385D1B2BF366F900581057 /* Model */ = {
			isa = PBXGroup;
			children = (
				78385D202BF3DFEE00581057 /* MeditationManager.swift */,
				78385D192BF366A000581057 /* MeditationTimer.swift */,
				789A0E3E2C061570009CB9E7 /* TimerStatus.swift */,
				789A0E0F2C0392F5009CB9E7 /* MeditationStatistics.swift */,
				7834263F2BFF6C7B0008F9F9 /* TimerSound.swift */,
				78385D222BF3E11B00581057 /* MeditationSession.swift */,
				7879BDEF2BF4A43E001994D2 /* Helpers.swift */,
				789A0E172C04FE57009CB9E7 /* DateComponents + Identifiable.swift */,
				789A0E192C04FEAB009CB9E7 /* DateComponents + Comparable.swift */,
			);
			path = Model;
			sourceTree = "<group>";
		};
		78385D252BF3E4F700581057 /* Sounds */ = {
			isa = PBXGroup;
			children = (
				7834266A2BFFBC7E0008F9F9 /* Basic Bells 1.caf */,
				7834266D2BFFBC7F0008F9F9 /* Basic Bells 2.caf */,
				783426662BFFBC7E0008F9F9 /* Basic Bells 3.caf */,
				7834266C2BFFBC7F0008F9F9 /* Chimes 2.caf */,
				783426682BFFBC7E0008F9F9 /* Chimes 3.caf */,
				7834266B2BFFBC7F0008F9F9 /* Chimes 4.caf */,
				783426692BFFBC7E0008F9F9 /* Chimes.caf */,
				783426642BFFBC7E0008F9F9 /* Dual Bowl.caf */,
				783426672BFFBC7E0008F9F9 /* Friendly End.caf */,
				783426652BFFBC7E0008F9F9 /* Friendly.caf */,
				783426702BFFBC7F0008F9F9 /* Gong 2.caf */,
				783426722BFFBC7F0008F9F9 /* Gong 2b.caf */,
				7834266F2BFFBC7F0008F9F9 /* Metallophone.caf */,
				7834266E2BFFBC7F0008F9F9 /* Singing Bowl 1.caf */,
				783426712BFFBC7F0008F9F9 /* Singing Bowl 2.caf */,
				783426732BFFBC7F0008F9F9 /* Singing Bowl 2b.caf */,
				783426632BFFBC7E0008F9F9 /* Synth Bell.caf */,
				78385D242BF3E4F100581057 /* Kitchen Timer Normal.caf */,
			);
			path = Sounds;
			sourceTree = "<group>";
		};
		789A0E0D2C03912D009CB9E7 /* Options */ = {
			isa = PBXGroup;
			children = (
				7827880C2BFB3F45004E7F77 /* OptionsView.swift */,
				789A0E062C032377009CB9E7 /* KoansEditView.swift */,
				7834263B2BFF6B990008F9F9 /* NotificationSoundView.swift */,
			);
			path = Options;
			sourceTree = "<group>";
		};
		789A0E0E2C039149009CB9E7 /* Statistics */ = {
			isa = PBXGroup;
			children = (
				789A0E0A2C038C42009CB9E7 /* StatisticsView.swift */,
				789A0E112C04D965009CB9E7 /* StreakTile.swift */,
				789A0E1B2C05B3EA009CB9E7 /* ThirtyDaysChart.swift */,
				789A0E132C04FCCA009CB9E7 /* MonthlyChart.swift */,
			);
			path = Statistics;
			sourceTree = "<group>";
		};
		789A0E262C06131E009CB9E7 /* Frameworks */ = {
			isa = PBXGroup;
			children = (
				789A0E272C06131E009CB9E7 /* WidgetKit.framework */,
				789A0E292C06131E009CB9E7 /* SwiftUI.framework */,
			);
			name = Frameworks;
			sourceTree = "<group>";
		};
		789A0E2B2C06131E009CB9E7 /* WidgetExtension */ = {
			isa = PBXGroup;
			children = (
				789A0E2C2C06131E009CB9E7 /* WidgetExtensionBundle.swift */,
				789A0E2E2C06131E009CB9E7 /* WidgetExtensionLiveActivity.swift */,
				789A0E302C06131E009CB9E7 /* WidgetExtension.swift */,
				789A0E342C061320009CB9E7 /* Info.plist */,
			);
			path = WidgetExtension;
			sourceTree = "<group>";
		};
/* End PBXGroup section */

/* Begin PBXNativeTarget section */
		78385D062BF3647300581057 /* Meditation */ = {
			isa = PBXNativeTarget;
			buildConfigurationList = 78385D162BF3647500581057 /* Build configuration list for PBXNativeTarget "Meditation" */;
			buildPhases = (
				78385D032BF3647300581057 /* Sources */,
				78385D042BF3647300581057 /* Frameworks */,
				78385D052BF3647300581057 /* Resources */,
				789A0E382C061320009CB9E7 /* Embed Foundation Extensions */,
			);
			buildRules = (
			);
			dependencies = (
				789A0E362C061320009CB9E7 /* PBXTargetDependency */,
			);
			name = Meditation;
			productName = Meditation;
			productReference = 78385D072BF3647300581057 /* Meditation.app */;
			productType = "com.apple.product-type.application";
		};
		789A0E242C06131E009CB9E7 /* WidgetExtensionExtension */ = {
			isa = PBXNativeTarget;
			buildConfigurationList = 789A0E3B2C061320009CB9E7 /* Build configuration list for PBXNativeTarget "WidgetExtensionExtension" */;
			buildPhases = (
				789A0E212C06131E009CB9E7 /* Sources */,
				789A0E222C06131E009CB9E7 /* Frameworks */,
				789A0E232C06131E009CB9E7 /* Resources */,
			);
			buildRules = (
			);
			dependencies = (
			);
			name = WidgetExtensionExtension;
			productName = WidgetExtensionExtension;
			productReference = 789A0E252C06131E009CB9E7 /* WidgetExtensionExtension.appex */;
			productType = "com.apple.product-type.app-extension";
		};
/* End PBXNativeTarget section */

/* Begin PBXProject section */
		78385CFF2BF3647300581057 /* Project object */ = {
			isa = PBXProject;
			attributes = {
				BuildIndependentTargetsInParallel = 1;
				LastSwiftUpdateCheck = 1540;
				LastUpgradeCheck = 1540;
				TargetAttributes = {
					78385D062BF3647300581057 = {
						CreatedOnToolsVersion = 15.3;
					};
					789A0E242C06131E009CB9E7 = {
						CreatedOnToolsVersion = 15.4;
					};
				};
			};
			buildConfigurationList = 78385D022BF3647300581057 /* Build configuration list for PBXProject "Meditation" */;
			compatibilityVersion = "Xcode 14.0";
			developmentRegion = en;
			hasScannedForEncodings = 0;
			knownRegions = (
				en,
				Base,
			);
			mainGroup = 78385CFE2BF3647300581057;
			productRefGroup = 78385D082BF3647300581057 /* Products */;
			projectDirPath = "";
			projectRoot = "";
			targets = (
				78385D062BF3647300581057 /* Meditation */,
				789A0E242C06131E009CB9E7 /* WidgetExtensionExtension */,
			);
		};
/* End PBXProject section */

/* Begin PBXResourcesBuildPhase section */
		78385D052BF3647300581057 /* Resources */ = {
			isa = PBXResourcesBuildPhase;
			buildActionMask = 2147483647;
			files = (
				783426832BFFBC7F0008F9F9 /* Gong 2b.caf in Resources */,
				783426802BFFBC7F0008F9F9 /* Metallophone.caf in Resources */,
				783426842BFFBC7F0008F9F9 /* Singing Bowl 2b.caf in Resources */,
				7879BDF12BF4BDE4001994D2 /* Kitchen Timer Normal.caf in Resources */,
				7834267C2BFFBC7F0008F9F9 /* Chimes 4.caf in Resources */,
				78385D132BF3647500581057 /* Preview Assets.xcassets in Resources */,
				7834267E2BFFBC7F0008F9F9 /* Basic Bells 2.caf in Resources */,
				7834267D2BFFBC7F0008F9F9 /* Chimes 2.caf in Resources */,
				78385D0F2BF3647500581057 /* Assets.xcassets in Resources */,
				7834267A2BFFBC7F0008F9F9 /* Chimes.caf in Resources */,
				783426742BFFBC7F0008F9F9 /* Synth Bell.caf in Resources */,
				783426782BFFBC7F0008F9F9 /* Friendly End.caf in Resources */,
				783426812BFFBC7F0008F9F9 /* Gong 2.caf in Resources */,
				7834267F2BFFBC7F0008F9F9 /* Singing Bowl 1.caf in Resources */,
				783426752BFFBC7F0008F9F9 /* Dual Bowl.caf in Resources */,
				783426762BFFBC7F0008F9F9 /* Friendly.caf in Resources */,
				7834267B2BFFBC7F0008F9F9 /* Basic Bells 1.caf in Resources */,
				783426792BFFBC7F0008F9F9 /* Chimes 3.caf in Resources */,
				783426772BFFBC7F0008F9F9 /* Basic Bells 3.caf in Resources */,
				783426822BFFBC7F0008F9F9 /* Singing Bowl 2.caf in Resources */,
			);
			runOnlyForDeploymentPostprocessing = 0;
		};
		789A0E232C06131E009CB9E7 /* Resources */ = {
			isa = PBXResourcesBuildPhase;
			buildActionMask = 2147483647;
			files = (
				782992412C06316B003C4949 /* Assets.xcassets in Resources */,
			);
			runOnlyForDeploymentPostprocessing = 0;
		};
/* End PBXResourcesBuildPhase section */

/* Begin PBXSourcesBuildPhase section */
		78385D032BF3647300581057 /* Sources */ = {
			isa = PBXSourcesBuildPhase;
			buildActionMask = 2147483647;
			files = (
				7827880A2BF68B67004E7F77 /* TimerRunningView.swift in Sources */,
				783426402BFF6C7B0008F9F9 /* TimerSound.swift in Sources */,
				78385D1A2BF366A000581057 /* MeditationTimer.swift in Sources */,
				789A0E092C0388FE009CB9E7 /* StreakButton.swift in Sources */,
				789A0E182C04FE57009CB9E7 /* DateComponents + Identifiable.swift in Sources */,
				7879BDF32BF68448001994D2 /* CircleButtonStyle.swift in Sources */,
				7879BDF02BF4A43E001994D2 /* Helpers.swift in Sources */,
				789A0E102C0392F5009CB9E7 /* MeditationStatistics.swift in Sources */,
				789A0E072C032377009CB9E7 /* KoansEditView.swift in Sources */,
				789A0E1C2C05B3EA009CB9E7 /* ThirtyDaysChart.swift in Sources */,
				78385D0D2BF3647300581057 /* ContentView.swift in Sources */,
				783426862BFFCFB20008F9F9 /* TimerCircleView.swift in Sources */,
				789A0E1A2C04FEAB009CB9E7 /* DateComponents + Comparable.swift in Sources */,
				789A0E3F2C061570009CB9E7 /* TimerStatus.swift in Sources */,
				789A0E142C04FCCA009CB9E7 /* MonthlyChart.swift in Sources */,
				7834263C2BFF6B990008F9F9 /* NotificationSoundView.swift in Sources */,
				7879BDF52BF684FD001994D2 /* TimerStoppedView.swift in Sources */,
				789A0E202C05C35A009CB9E7 /* StatisticsButton.swift in Sources */,
				78385D212BF3DFEE00581057 /* MeditationManager.swift in Sources */,
				789A0E122C04D965009CB9E7 /* StreakTile.swift in Sources */,
				78385D1F2BF3674800581057 /* TimerView.swift in Sources */,
				789A0E0B2C038C42009CB9E7 /* StatisticsView.swift in Sources */,
				7824958A2C075A5300CEA09D /* WidgetExtensionLiveActivity.swift in Sources */,
				7827880D2BFB3F45004E7F77 /* OptionsView.swift in Sources */,
				78385D0B2BF3647300581057 /* MeditationApp.swift in Sources */,
				78385D232BF3E11B00581057 /* MeditationSession.swift in Sources */,
			);
			runOnlyForDeploymentPostprocessing = 0;
		};
		789A0E212C06131E009CB9E7 /* Sources */ = {
			isa = PBXSourcesBuildPhase;
			buildActionMask = 2147483647;
			files = (
				789A0E2F2C06131E009CB9E7 /* WidgetExtensionLiveActivity.swift in Sources */,
				789A0E482C061ECE009CB9E7 /* Helpers.swift in Sources */,
				789A0E402C061577009CB9E7 /* TimerStatus.swift in Sources */,
				789A0E2D2C06131E009CB9E7 /* WidgetExtensionBundle.swift in Sources */,
				789A0E312C06131E009CB9E7 /* WidgetExtension.swift in Sources */,
			);
			runOnlyForDeploymentPostprocessing = 0;
		};
/* End PBXSourcesBuildPhase section */

/* Begin PBXTargetDependency section */
		789A0E362C061320009CB9E7 /* PBXTargetDependency */ = {
			isa = PBXTargetDependency;
			target = 789A0E242C06131E009CB9E7 /* WidgetExtensionExtension */;
			targetProxy = 789A0E352C061320009CB9E7 /* PBXContainerItemProxy */;
		};
/* End PBXTargetDependency section */

/* Begin XCBuildConfiguration section */
		78385D142BF3647500581057 /* Debug */ = {
			isa = XCBuildConfiguration;
			buildSettings = {
				ALWAYS_SEARCH_USER_PATHS = NO;
				ASSETCATALOG_COMPILER_GENERATE_SWIFT_ASSET_SYMBOL_EXTENSIONS = YES;
				CLANG_ANALYZER_NONNULL = YES;
				CLANG_ANALYZER_NUMBER_OBJECT_CONVERSION = YES_AGGRESSIVE;
				CLANG_CXX_LANGUAGE_STANDARD = "gnu++20";
				CLANG_ENABLE_MODULES = YES;
				CLANG_ENABLE_OBJC_ARC = YES;
				CLANG_ENABLE_OBJC_WEAK = YES;
				CLANG_WARN_BLOCK_CAPTURE_AUTORELEASING = YES;
				CLANG_WARN_BOOL_CONVERSION = YES;
				CLANG_WARN_COMMA = YES;
				CLANG_WARN_CONSTANT_CONVERSION = YES;
				CLANG_WARN_DEPRECATED_OBJC_IMPLEMENTATIONS = YES;
				CLANG_WARN_DIRECT_OBJC_ISA_USAGE = YES_ERROR;
				CLANG_WARN_DOCUMENTATION_COMMENTS = YES;
				CLANG_WARN_EMPTY_BODY = YES;
				CLANG_WARN_ENUM_CONVERSION = YES;
				CLANG_WARN_INFINITE_RECURSION = YES;
				CLANG_WARN_INT_CONVERSION = YES;
				CLANG_WARN_NON_LITERAL_NULL_CONVERSION = YES;
				CLANG_WARN_OBJC_IMPLICIT_RETAIN_SELF = YES;
				CLANG_WARN_OBJC_LITERAL_CONVERSION = YES;
				CLANG_WARN_OBJC_ROOT_CLASS = YES_ERROR;
				CLANG_WARN_QUOTED_INCLUDE_IN_FRAMEWORK_HEADER = YES;
				CLANG_WARN_RANGE_LOOP_ANALYSIS = YES;
				CLANG_WARN_STRICT_PROTOTYPES = YES;
				CLANG_WARN_SUSPICIOUS_MOVE = YES;
				CLANG_WARN_UNGUARDED_AVAILABILITY = YES_AGGRESSIVE;
				CLANG_WARN_UNREACHABLE_CODE = YES;
				CLANG_WARN__DUPLICATE_METHOD_MATCH = YES;
				COPY_PHASE_STRIP = NO;
				DEAD_CODE_STRIPPING = YES;
				DEBUG_INFORMATION_FORMAT = dwarf;
				ENABLE_STRICT_OBJC_MSGSEND = YES;
				ENABLE_TESTABILITY = YES;
				ENABLE_USER_SCRIPT_SANDBOXING = YES;
				GCC_C_LANGUAGE_STANDARD = gnu17;
				GCC_DYNAMIC_NO_PIC = NO;
				GCC_NO_COMMON_BLOCKS = YES;
				GCC_OPTIMIZATION_LEVEL = 0;
				GCC_PREPROCESSOR_DEFINITIONS = (
					"DEBUG=1",
					"$(inherited)",
				);
				GCC_WARN_64_TO_32_BIT_CONVERSION = YES;
				GCC_WARN_ABOUT_RETURN_TYPE = YES_ERROR;
				GCC_WARN_UNDECLARED_SELECTOR = YES;
				GCC_WARN_UNINITIALIZED_AUTOS = YES_AGGRESSIVE;
				GCC_WARN_UNUSED_FUNCTION = YES;
				GCC_WARN_UNUSED_VARIABLE = YES;
				LOCALIZATION_PREFERS_STRING_CATALOGS = YES;
				MTL_ENABLE_DEBUG_INFO = INCLUDE_SOURCE;
				MTL_FAST_MATH = YES;
				ONLY_ACTIVE_ARCH = YES;
				SWIFT_ACTIVE_COMPILATION_CONDITIONS = "DEBUG $(inherited)";
				SWIFT_OPTIMIZATION_LEVEL = "-Onone";
			};
			name = Debug;
		};
		78385D152BF3647500581057 /* Release */ = {
			isa = XCBuildConfiguration;
			buildSettings = {
				ALWAYS_SEARCH_USER_PATHS = NO;
				ASSETCATALOG_COMPILER_GENERATE_SWIFT_ASSET_SYMBOL_EXTENSIONS = YES;
				CLANG_ANALYZER_NONNULL = YES;
				CLANG_ANALYZER_NUMBER_OBJECT_CONVERSION = YES_AGGRESSIVE;
				CLANG_CXX_LANGUAGE_STANDARD = "gnu++20";
				CLANG_ENABLE_MODULES = YES;
				CLANG_ENABLE_OBJC_ARC = YES;
				CLANG_ENABLE_OBJC_WEAK = YES;
				CLANG_WARN_BLOCK_CAPTURE_AUTORELEASING = YES;
				CLANG_WARN_BOOL_CONVERSION = YES;
				CLANG_WARN_COMMA = YES;
				CLANG_WARN_CONSTANT_CONVERSION = YES;
				CLANG_WARN_DEPRECATED_OBJC_IMPLEMENTATIONS = YES;
				CLANG_WARN_DIRECT_OBJC_ISA_USAGE = YES_ERROR;
				CLANG_WARN_DOCUMENTATION_COMMENTS = YES;
				CLANG_WARN_EMPTY_BODY = YES;
				CLANG_WARN_ENUM_CONVERSION = YES;
				CLANG_WARN_INFINITE_RECURSION = YES;
				CLANG_WARN_INT_CONVERSION = YES;
				CLANG_WARN_NON_LITERAL_NULL_CONVERSION = YES;
				CLANG_WARN_OBJC_IMPLICIT_RETAIN_SELF = YES;
				CLANG_WARN_OBJC_LITERAL_CONVERSION = YES;
				CLANG_WARN_OBJC_ROOT_CLASS = YES_ERROR;
				CLANG_WARN_QUOTED_INCLUDE_IN_FRAMEWORK_HEADER = YES;
				CLANG_WARN_RANGE_LOOP_ANALYSIS = YES;
				CLANG_WARN_STRICT_PROTOTYPES = YES;
				CLANG_WARN_SUSPICIOUS_MOVE = YES;
				CLANG_WARN_UNGUARDED_AVAILABILITY = YES_AGGRESSIVE;
				CLANG_WARN_UNREACHABLE_CODE = YES;
				CLANG_WARN__DUPLICATE_METHOD_MATCH = YES;
				COPY_PHASE_STRIP = NO;
				DEAD_CODE_STRIPPING = YES;
				DEBUG_INFORMATION_FORMAT = "dwarf-with-dsym";
				ENABLE_NS_ASSERTIONS = NO;
				ENABLE_STRICT_OBJC_MSGSEND = YES;
				ENABLE_USER_SCRIPT_SANDBOXING = YES;
				GCC_C_LANGUAGE_STANDARD = gnu17;
				GCC_NO_COMMON_BLOCKS = YES;
				GCC_WARN_64_TO_32_BIT_CONVERSION = YES;
				GCC_WARN_ABOUT_RETURN_TYPE = YES_ERROR;
				GCC_WARN_UNDECLARED_SELECTOR = YES;
				GCC_WARN_UNINITIALIZED_AUTOS = YES_AGGRESSIVE;
				GCC_WARN_UNUSED_FUNCTION = YES;
				GCC_WARN_UNUSED_VARIABLE = YES;
				LOCALIZATION_PREFERS_STRING_CATALOGS = YES;
				MTL_ENABLE_DEBUG_INFO = NO;
				MTL_FAST_MATH = YES;
				SWIFT_COMPILATION_MODE = wholemodule;
			};
			name = Release;
		};
		78385D172BF3647500581057 /* Debug */ = {
			isa = XCBuildConfiguration;
			buildSettings = {
				ALWAYS_EMBED_SWIFT_STANDARD_LIBRARIES = YES;
				ASSETCATALOG_COMPILER_APPICON_NAME = AppIcon;
				ASSETCATALOG_COMPILER_GLOBAL_ACCENT_COLOR_NAME = AccentColor;
				CODE_SIGN_ENTITLEMENTS = Meditation/Meditation.entitlements;
				CODE_SIGN_STYLE = Automatic;
				CURRENT_PROJECT_VERSION = 1;
				DEAD_CODE_STRIPPING = YES;
				DEVELOPMENT_ASSET_PATHS = "\"Meditation/Preview Content\"";
				DEVELOPMENT_TEAM = A9H57996U3;
				ENABLE_HARDENED_RUNTIME = YES;
				ENABLE_PREVIEWS = YES;
				GENERATE_INFOPLIST_FILE = YES;
				INFOPLIST_FILE = Meditation/Info.plist;
				INFOPLIST_KEY_CFBundleDisplayName = "7III Meditation";
				INFOPLIST_KEY_LSApplicationCategoryType = "public.app-category.healthcare-fitness";
				INFOPLIST_KEY_NSHealthShareUsageDescription = "We need access to Mindful Minutes so we can save and load your meditation sessions.";
				INFOPLIST_KEY_NSHealthUpdateUsageDescription = "We need access to Mindful Minutes so we can save and load your meditation sessions.";
				INFOPLIST_KEY_NSSupportsLiveActivities = YES;
				"INFOPLIST_KEY_UIApplicationSceneManifest_Generation[sdk=iphoneos*]" = YES;
				"INFOPLIST_KEY_UIApplicationSceneManifest_Generation[sdk=iphonesimulator*]" = YES;
				"INFOPLIST_KEY_UIApplicationSupportsIndirectInputEvents[sdk=iphoneos*]" = YES;
				"INFOPLIST_KEY_UIApplicationSupportsIndirectInputEvents[sdk=iphonesimulator*]" = YES;
				"INFOPLIST_KEY_UILaunchScreen_Generation[sdk=iphoneos*]" = YES;
				"INFOPLIST_KEY_UILaunchScreen_Generation[sdk=iphonesimulator*]" = YES;
				"INFOPLIST_KEY_UIStatusBarStyle[sdk=iphoneos*]" = UIStatusBarStyleDefault;
				"INFOPLIST_KEY_UIStatusBarStyle[sdk=iphonesimulator*]" = UIStatusBarStyleDefault;
				INFOPLIST_KEY_UISupportedInterfaceOrientations = UIInterfaceOrientationPortrait;
				INFOPLIST_KEY_UISupportedInterfaceOrientations_iPad = "UIInterfaceOrientationLandscapeLeft UIInterfaceOrientationLandscapeRight UIInterfaceOrientationPortrait UIInterfaceOrientationPortraitUpsideDown";
				IPHONEOS_DEPLOYMENT_TARGET = 17.4;
				LD_RUNPATH_SEARCH_PATHS = "@executable_path/Frameworks";
				"LD_RUNPATH_SEARCH_PATHS[sdk=macosx*]" = "@executable_path/../Frameworks";
				MACOSX_DEPLOYMENT_TARGET = 14.4;
				MARKETING_VERSION = 0.1;
				PRODUCT_BUNDLE_IDENTIFIER = com.project7III.meditation;
				PRODUCT_NAME = "$(TARGET_NAME)";
				SDKROOT = auto;
				SUPPORTED_PLATFORMS = "iphoneos iphonesimulator";
				SUPPORTS_MACCATALYST = NO;
				SWIFT_EMIT_LOC_STRINGS = YES;
				SWIFT_VERSION = 5.0;
				TARGETED_DEVICE_FAMILY = "1,2";
			};
			name = Debug;
		};
		78385D182BF3647500581057 /* Release */ = {
			isa = XCBuildConfiguration;
			buildSettings = {
				ALWAYS_EMBED_SWIFT_STANDARD_LIBRARIES = YES;
				ASSETCATALOG_COMPILER_APPICON_NAME = AppIcon;
				ASSETCATALOG_COMPILER_GLOBAL_ACCENT_COLOR_NAME = AccentColor;
				CODE_SIGN_ENTITLEMENTS = Meditation/Meditation.entitlements;
				CODE_SIGN_STYLE = Automatic;
				CURRENT_PROJECT_VERSION = 1;
				DEAD_CODE_STRIPPING = YES;
				DEVELOPMENT_ASSET_PATHS = "\"Meditation/Preview Content\"";
				DEVELOPMENT_TEAM = A9H57996U3;
				ENABLE_HARDENED_RUNTIME = YES;
				ENABLE_PREVIEWS = YES;
				GENERATE_INFOPLIST_FILE = YES;
				INFOPLIST_FILE = Meditation/Info.plist;
				INFOPLIST_KEY_CFBundleDisplayName = "7III Meditation";
				INFOPLIST_KEY_LSApplicationCategoryType = "public.app-category.healthcare-fitness";
				INFOPLIST_KEY_NSHealthShareUsageDescription = "We need access to Mindful Minutes so we can save and load your meditation sessions.";
				INFOPLIST_KEY_NSHealthUpdateUsageDescription = "We need access to Mindful Minutes so we can save and load your meditation sessions.";
				INFOPLIST_KEY_NSSupportsLiveActivities = YES;
				"INFOPLIST_KEY_UIApplicationSceneManifest_Generation[sdk=iphoneos*]" = YES;
				"INFOPLIST_KEY_UIApplicationSceneManifest_Generation[sdk=iphonesimulator*]" = YES;
				"INFOPLIST_KEY_UIApplicationSupportsIndirectInputEvents[sdk=iphoneos*]" = YES;
				"INFOPLIST_KEY_UIApplicationSupportsIndirectInputEvents[sdk=iphonesimulator*]" = YES;
				"INFOPLIST_KEY_UILaunchScreen_Generation[sdk=iphoneos*]" = YES;
				"INFOPLIST_KEY_UILaunchScreen_Generation[sdk=iphonesimulator*]" = YES;
				"INFOPLIST_KEY_UIStatusBarStyle[sdk=iphoneos*]" = UIStatusBarStyleDefault;
				"INFOPLIST_KEY_UIStatusBarStyle[sdk=iphonesimulator*]" = UIStatusBarStyleDefault;
				INFOPLIST_KEY_UISupportedInterfaceOrientations = UIInterfaceOrientationPortrait;
				INFOPLIST_KEY_UISupportedInterfaceOrientations_iPad = "UIInterfaceOrientationLandscapeLeft UIInterfaceOrientationLandscapeRight UIInterfaceOrientationPortrait UIInterfaceOrientationPortraitUpsideDown";
				IPHONEOS_DEPLOYMENT_TARGET = 17.4;
				LD_RUNPATH_SEARCH_PATHS = "@executable_path/Frameworks";
				"LD_RUNPATH_SEARCH_PATHS[sdk=macosx*]" = "@executable_path/../Frameworks";
				MACOSX_DEPLOYMENT_TARGET = 14.4;
				MARKETING_VERSION = 0.1;
				PRODUCT_BUNDLE_IDENTIFIER = com.project7III.meditation;
				PRODUCT_NAME = "$(TARGET_NAME)";
				SDKROOT = auto;
				SUPPORTED_PLATFORMS = "iphoneos iphonesimulator";
				SUPPORTS_MACCATALYST = NO;
				SWIFT_EMIT_LOC_STRINGS = YES;
				SWIFT_VERSION = 5.0;
				TARGETED_DEVICE_FAMILY = "1,2";
			};
			name = Release;
		};
		789A0E392C061320009CB9E7 /* Debug */ = {
			isa = XCBuildConfiguration;
			buildSettings = {
				ASSETCATALOG_COMPILER_GLOBAL_ACCENT_COLOR_NAME = AccentColor;
				ASSETCATALOG_COMPILER_WIDGET_BACKGROUND_COLOR_NAME = WidgetBackground;
				CODE_SIGN_STYLE = Automatic;
				CURRENT_PROJECT_VERSION = 1;
				DEVELOPMENT_TEAM = A9H57996U3;
				GENERATE_INFOPLIST_FILE = YES;
				INFOPLIST_FILE = WidgetExtension/Info.plist;
				INFOPLIST_KEY_CFBundleDisplayName = WidgetExtension;
				INFOPLIST_KEY_NSHumanReadableCopyright = "";
				IPHONEOS_DEPLOYMENT_TARGET = 17.4;
				LD_RUNPATH_SEARCH_PATHS = (
					"$(inherited)",
					"@executable_path/Frameworks",
					"@executable_path/../../Frameworks",
				);
				MARKETING_VERSION = 0.1;
				PRODUCT_BUNDLE_IDENTIFIER = com.project7III.meditation.WidgetExtension;
				PRODUCT_NAME = "$(TARGET_NAME)";
				SDKROOT = iphoneos;
				SKIP_INSTALL = YES;
				SWIFT_EMIT_LOC_STRINGS = YES;
				SWIFT_VERSION = 5.0;
				TARGETED_DEVICE_FAMILY = "1,2";
			};
			name = Debug;
		};
		789A0E3A2C061320009CB9E7 /* Release */ = {
			isa = XCBuildConfiguration;
			buildSettings = {
				ASSETCATALOG_COMPILER_GLOBAL_ACCENT_COLOR_NAME = AccentColor;
				ASSETCATALOG_COMPILER_WIDGET_BACKGROUND_COLOR_NAME = WidgetBackground;
				CODE_SIGN_STYLE = Automatic;
				CURRENT_PROJECT_VERSION = 1;
				DEVELOPMENT_TEAM = A9H57996U3;
				GENERATE_INFOPLIST_FILE = YES;
				INFOPLIST_FILE = WidgetExtension/Info.plist;
				INFOPLIST_KEY_CFBundleDisplayName = WidgetExtension;
				INFOPLIST_KEY_NSHumanReadableCopyright = "";
				IPHONEOS_DEPLOYMENT_TARGET = 17.4;
				LD_RUNPATH_SEARCH_PATHS = (
					"$(inherited)",
					"@executable_path/Frameworks",
					"@executable_path/../../Frameworks",
				);
				MARKETING_VERSION = 0.1;
				PRODUCT_BUNDLE_IDENTIFIER = com.project7III.meditation.WidgetExtension;
				PRODUCT_NAME = "$(TARGET_NAME)";
				SDKROOT = iphoneos;
				SKIP_INSTALL = YES;
				SWIFT_EMIT_LOC_STRINGS = YES;
				SWIFT_VERSION = 5.0;
				TARGETED_DEVICE_FAMILY = "1,2";
				VALIDATE_PRODUCT = YES;
			};
			name = Release;
		};
/* End XCBuildConfiguration section */

/* Begin XCConfigurationList section */
		78385D022BF3647300581057 /* Build configuration list for PBXProject "Meditation" */ = {
			isa = XCConfigurationList;
			buildConfigurations = (
				78385D142BF3647500581057 /* Debug */,
				78385D152BF3647500581057 /* Release */,
			);
			defaultConfigurationIsVisible = 0;
			defaultConfigurationName = Release;
		};
		78385D162BF3647500581057 /* Build configuration list for PBXNativeTarget "Meditation" */ = {
			isa = XCConfigurationList;
			buildConfigurations = (
				78385D172BF3647500581057 /* Debug */,
				78385D182BF3647500581057 /* Release */,
			);
			defaultConfigurationIsVisible = 0;
			defaultConfigurationName = Release;
		};
		789A0E3B2C061320009CB9E7 /* Build configuration list for PBXNativeTarget "WidgetExtensionExtension" */ = {
			isa = XCConfigurationList;
			buildConfigurations = (
				789A0E392C061320009CB9E7 /* Debug */,
				789A0E3A2C061320009CB9E7 /* Release */,
			);
			defaultConfigurationIsVisible = 0;
			defaultConfigurationName = Release;
		};
/* End XCConfigurationList section */
	};
	rootObject = 78385CFF2BF3647300581057 /* Project object */;
}
