// !$*UTF8*$!
{
	archiveVersion = 1;
	classes = {
	};
	objectVersion = 56;
	objects = {

/* Begin PBXBuildFile section */
		7827880A2BF68B67004E7F77 /* TimerRunningView.swift in Sources */ = {isa = PBXBuildFile; fileRef = 782788092BF68B67004E7F77 /* TimerRunningView.swift */; };
		7827880D2BFB3F45004E7F77 /* OptionsView.swift in Sources */ = {isa = PBXBuildFile; fileRef = 7827880C2BFB3F45004E7F77 /* OptionsView.swift */; };
		7834263C2BFF6B990008F9F9 /* NotificationSoundView.swift in Sources */ = {isa = PBXBuildFile; fileRef = 7834263B2BFF6B990008F9F9 /* NotificationSoundView.swift */; };
		783426402BFF6C7B0008F9F9 /* TimerSound.swift in Sources */ = {isa = PBXBuildFile; fileRef = 7834263F2BFF6C7B0008F9F9 /* TimerSound.swift */; };
		78385D0B2BF3647300581057 /* MeditationApp.swift in Sources */ = {isa = PBXBuildFile; fileRef = 78385D0A2BF3647300581057 /* MeditationApp.swift */; };
		78385D0D2BF3647300581057 /* ContentView.swift in Sources */ = {isa = PBXBuildFile; fileRef = 78385D0C2BF3647300581057 /* ContentView.swift */; };
		78385D0F2BF3647500581057 /* Assets.xcassets in Resources */ = {isa = PBXBuildFile; fileRef = 78385D0E2BF3647500581057 /* Assets.xcassets */; };
		78385D132BF3647500581057 /* Preview Assets.xcassets in Resources */ = {isa = PBXBuildFile; fileRef = 78385D122BF3647500581057 /* Preview Assets.xcassets */; };
		78385D1A2BF366A000581057 /* MeditationTimer.swift in Sources */ = {isa = PBXBuildFile; fileRef = 78385D192BF366A000581057 /* MeditationTimer.swift */; };
		78385D1F2BF3674800581057 /* TimerView.swift in Sources */ = {isa = PBXBuildFile; fileRef = 78385D1E2BF3674800581057 /* TimerView.swift */; };
		78385D212BF3DFEE00581057 /* MeditationManager.swift in Sources */ = {isa = PBXBuildFile; fileRef = 78385D202BF3DFEE00581057 /* MeditationManager.swift */; };
		78385D232BF3E11B00581057 /* MeditationSession.swift in Sources */ = {isa = PBXBuildFile; fileRef = 78385D222BF3E11B00581057 /* MeditationSession.swift */; };
		7879BDF02BF4A43E001994D2 /* Helpers.swift in Sources */ = {isa = PBXBuildFile; fileRef = 7879BDEF2BF4A43E001994D2 /* Helpers.swift */; };
		7879BDF12BF4BDE4001994D2 /* Kitchen Timer Normal.caf in Resources */ = {isa = PBXBuildFile; fileRef = 78385D242BF3E4F100581057 /* Kitchen Timer Normal.caf */; };
		7879BDF32BF68448001994D2 /* CircleButtonStyle.swift in Sources */ = {isa = PBXBuildFile; fileRef = 7879BDF22BF68448001994D2 /* CircleButtonStyle.swift */; };
		7879BDF52BF684FD001994D2 /* TimerStoppedView.swift in Sources */ = {isa = PBXBuildFile; fileRef = 7879BDF42BF684FD001994D2 /* TimerStoppedView.swift */; };
/* End PBXBuildFile section */

/* Begin PBXFileReference section */
		782788092BF68B67004E7F77 /* TimerRunningView.swift */ = {isa = PBXFileReference; lastKnownFileType = sourcecode.swift; path = TimerRunningView.swift; sourceTree = "<group>"; };
		7827880C2BFB3F45004E7F77 /* OptionsView.swift */ = {isa = PBXFileReference; lastKnownFileType = sourcecode.swift; path = OptionsView.swift; sourceTree = "<group>"; };
		7834263B2BFF6B990008F9F9 /* NotificationSoundView.swift */ = {isa = PBXFileReference; lastKnownFileType = sourcecode.swift; path = NotificationSoundView.swift; sourceTree = "<group>"; };
		7834263F2BFF6C7B0008F9F9 /* TimerSound.swift */ = {isa = PBXFileReference; lastKnownFileType = sourcecode.swift; path = TimerSound.swift; sourceTree = "<group>"; };
		78385D072BF3647300581057 /* Meditation.app */ = {isa = PBXFileReference; explicitFileType = wrapper.application; includeInIndex = 0; path = Meditation.app; sourceTree = BUILT_PRODUCTS_DIR; };
		78385D0A2BF3647300581057 /* MeditationApp.swift */ = {isa = PBXFileReference; lastKnownFileType = sourcecode.swift; path = MeditationApp.swift; sourceTree = "<group>"; };
		78385D0C2BF3647300581057 /* ContentView.swift */ = {isa = PBXFileReference; lastKnownFileType = sourcecode.swift; path = ContentView.swift; sourceTree = "<group>"; };
		78385D0E2BF3647500581057 /* Assets.xcassets */ = {isa = PBXFileReference; lastKnownFileType = folder.assetcatalog; path = Assets.xcassets; sourceTree = "<group>"; };
		78385D102BF3647500581057 /* Meditation.entitlements */ = {isa = PBXFileReference; lastKnownFileType = text.plist.entitlements; path = Meditation.entitlements; sourceTree = "<group>"; };
		78385D122BF3647500581057 /* Preview Assets.xcassets */ = {isa = PBXFileReference; lastKnownFileType = folder.assetcatalog; path = "Preview Assets.xcassets"; sourceTree = "<group>"; };
		78385D192BF366A000581057 /* MeditationTimer.swift */ = {isa = PBXFileReference; lastKnownFileType = sourcecode.swift; path = MeditationTimer.swift; sourceTree = "<group>"; };
		78385D1E2BF3674800581057 /* TimerView.swift */ = {isa = PBXFileReference; lastKnownFileType = sourcecode.swift; path = TimerView.swift; sourceTree = "<group>"; };
		78385D202BF3DFEE00581057 /* MeditationManager.swift */ = {isa = PBXFileReference; lastKnownFileType = sourcecode.swift; path = MeditationManager.swift; sourceTree = "<group>"; };
		78385D222BF3E11B00581057 /* MeditationSession.swift */ = {isa = PBXFileReference; lastKnownFileType = sourcecode.swift; path = MeditationSession.swift; sourceTree = "<group>"; };
		78385D242BF3E4F100581057 /* Kitchen Timer Normal.caf */ = {isa = PBXFileReference; lastKnownFileType = file; path = "Kitchen Timer Normal.caf"; sourceTree = "<group>"; };
		7879BDEF2BF4A43E001994D2 /* Helpers.swift */ = {isa = PBXFileReference; lastKnownFileType = sourcecode.swift; path = Helpers.swift; sourceTree = "<group>"; };
		7879BDF22BF68448001994D2 /* CircleButtonStyle.swift */ = {isa = PBXFileReference; lastKnownFileType = sourcecode.swift; path = CircleButtonStyle.swift; sourceTree = "<group>"; };
		7879BDF42BF684FD001994D2 /* TimerStoppedView.swift */ = {isa = PBXFileReference; lastKnownFileType = sourcecode.swift; path = TimerStoppedView.swift; sourceTree = "<group>"; };
/* End PBXFileReference section */

/* Begin PBXFrameworksBuildPhase section */
		78385D042BF3647300581057 /* Frameworks */ = {
			isa = PBXFrameworksBuildPhase;
			buildActionMask = 2147483647;
			files = (
			);
			runOnlyForDeploymentPostprocessing = 0;
		};
/* End PBXFrameworksBuildPhase section */

/* Begin PBXGroup section */
		7827880B2BFB3F30004E7F77 /* Timer */ = {
			isa = PBXGroup;
			children = (
				78385D1E2BF3674800581057 /* TimerView.swift */,
				7879BDF42BF684FD001994D2 /* TimerStoppedView.swift */,
				782788092BF68B67004E7F77 /* TimerRunningView.swift */,
				7879BDF22BF68448001994D2 /* CircleButtonStyle.swift */,
			);
			path = Timer;
			sourceTree = "<group>";
		};
		78385CFE2BF3647300581057 = {
			isa = PBXGroup;
			children = (
				78385D092BF3647300581057 /* Meditation */,
				78385D082BF3647300581057 /* Products */,
			);
			sourceTree = "<group>";
		};
		78385D082BF3647300581057 /* Products */ = {
			isa = PBXGroup;
			children = (
				78385D072BF3647300581057 /* Meditation.app */,
			);
			name = Products;
			sourceTree = "<group>";
		};
		78385D092BF3647300581057 /* Meditation */ = {
			isa = PBXGroup;
			children = (
				78385D0A2BF3647300581057 /* MeditationApp.swift */,
				78385D0C2BF3647300581057 /* ContentView.swift */,
				7827880C2BFB3F45004E7F77 /* OptionsView.swift */,
				7834263B2BFF6B990008F9F9 /* NotificationSoundView.swift */,
				7827880B2BFB3F30004E7F77 /* Timer */,
				78385D1B2BF366F900581057 /* Model */,
				78385D0E2BF3647500581057 /* Assets.xcassets */,
				78385D252BF3E4F700581057 /* Sounds */,
				78385D102BF3647500581057 /* Meditation.entitlements */,
				78385D112BF3647500581057 /* Preview Content */,
			);
			path = Meditation;
			sourceTree = "<group>";
		};
		78385D112BF3647500581057 /* Preview Content */ = {
			isa = PBXGroup;
			children = (
				78385D122BF3647500581057 /* Preview Assets.xcassets */,
			);
			path = "Preview Content";
			sourceTree = "<group>";
		};
		78385D1B2BF366F900581057 /* Model */ = {
			isa = PBXGroup;
			children = (
				78385D202BF3DFEE00581057 /* MeditationManager.swift */,
				78385D192BF366A000581057 /* MeditationTimer.swift */,
				7834263F2BFF6C7B0008F9F9 /* TimerSound.swift */,
				78385D222BF3E11B00581057 /* MeditationSession.swift */,
				7879BDEF2BF4A43E001994D2 /* Helpers.swift */,
			);
			path = Model;
			sourceTree = "<group>";
		};
		78385D252BF3E4F700581057 /* Sounds */ = {
			isa = PBXGroup;
			children = (
				78385D242BF3E4F100581057 /* Kitchen Timer Normal.caf */,
			);
			path = Sounds;
			sourceTree = "<group>";
		};
/* End PBXGroup section */

/* Begin PBXNativeTarget section */
		78385D062BF3647300581057 /* Meditation */ = {
			isa = PBXNativeTarget;
			buildConfigurationList = 78385D162BF3647500581057 /* Build configuration list for PBXNativeTarget "Meditation" */;
			buildPhases = (
				78385D032BF3647300581057 /* Sources */,
				78385D042BF3647300581057 /* Frameworks */,
				78385D052BF3647300581057 /* Resources */,
			);
			buildRules = (
			);
			dependencies = (
			);
			name = Meditation;
			productName = Meditation;
			productReference = 78385D072BF3647300581057 /* Meditation.app */;
			productType = "com.apple.product-type.application";
		};
/* End PBXNativeTarget section */

/* Begin PBXProject section */
		78385CFF2BF3647300581057 /* Project object */ = {
			isa = PBXProject;
			attributes = {
				BuildIndependentTargetsInParallel = 1;
				LastSwiftUpdateCheck = 1530;
				LastUpgradeCheck = 1540;
				TargetAttributes = {
					78385D062BF3647300581057 = {
						CreatedOnToolsVersion = 15.3;
					};
				};
			};
			buildConfigurationList = 78385D022BF3647300581057 /* Build configuration list for PBXProject "Meditation" */;
			compatibilityVersion = "Xcode 14.0";
			developmentRegion = en;
			hasScannedForEncodings = 0;
			knownRegions = (
				en,
				Base,
			);
			mainGroup = 78385CFE2BF3647300581057;
			productRefGroup = 78385D082BF3647300581057 /* Products */;
			projectDirPath = "";
			projectRoot = "";
			targets = (
				78385D062BF3647300581057 /* Meditation */,
			);
		};
/* End PBXProject section */

/* Begin PBXResourcesBuildPhase section */
		78385D052BF3647300581057 /* Resources */ = {
			isa = PBXResourcesBuildPhase;
			buildActionMask = 2147483647;
			files = (
				7879BDF12BF4BDE4001994D2 /* Kitchen Timer Normal.caf in Resources */,
				78385D132BF3647500581057 /* Preview Assets.xcassets in Resources */,
				78385D0F2BF3647500581057 /* Assets.xcassets in Resources */,
			);
			runOnlyForDeploymentPostprocessing = 0;
		};
/* End PBXResourcesBuildPhase section */

/* Begin PBXSourcesBuildPhase section */
		78385D032BF3647300581057 /* Sources */ = {
			isa = PBXSourcesBuildPhase;
			buildActionMask = 2147483647;
			files = (
				7827880A2BF68B67004E7F77 /* TimerRunningView.swift in Sources */,
				783426402BFF6C7B0008F9F9 /* TimerSound.swift in Sources */,
				78385D1A2BF366A000581057 /* MeditationTimer.swift in Sources */,
				7879BDF32BF68448001994D2 /* CircleButtonStyle.swift in Sources */,
				7879BDF02BF4A43E001994D2 /* Helpers.swift in Sources */,
				78385D0D2BF3647300581057 /* ContentView.swift in Sources */,
				7834263C2BFF6B990008F9F9 /* NotificationSoundView.swift in Sources */,
				7879BDF52BF684FD001994D2 /* TimerStoppedView.swift in Sources */,
				78385D212BF3DFEE00581057 /* MeditationManager.swift in Sources */,
				78385D1F2BF3674800581057 /* TimerView.swift in Sources */,
				7827880D2BFB3F45004E7F77 /* OptionsView.swift in Sources */,
				78385D0B2BF3647300581057 /* MeditationApp.swift in Sources */,
				78385D232BF3E11B00581057 /* MeditationSession.swift in Sources */,
			);
			runOnlyForDeploymentPostprocessing = 0;
		};
/* End PBXSourcesBuildPhase section */

/* Begin XCBuildConfiguration section */
		78385D142BF3647500581057 /* Debug */ = {
			isa = XCBuildConfiguration;
			buildSettings = {
				ALWAYS_SEARCH_USER_PATHS = NO;
				ASSETCATALOG_COMPILER_GENERATE_SWIFT_ASSET_SYMBOL_EXTENSIONS = YES;
				CLANG_ANALYZER_NONNULL = YES;
				CLANG_ANALYZER_NUMBER_OBJECT_CONVERSION = YES_AGGRESSIVE;
				CLANG_CXX_LANGUAGE_STANDARD = "gnu++20";
				CLANG_ENABLE_MODULES = YES;
				CLANG_ENABLE_OBJC_ARC = YES;
				CLANG_ENABLE_OBJC_WEAK = YES;
				CLANG_WARN_BLOCK_CAPTURE_AUTORELEASING = YES;
				CLANG_WARN_BOOL_CONVERSION = YES;
				CLANG_WARN_COMMA = YES;
				CLANG_WARN_CONSTANT_CONVERSION = YES;
				CLANG_WARN_DEPRECATED_OBJC_IMPLEMENTATIONS = YES;
				CLANG_WARN_DIRECT_OBJC_ISA_USAGE = YES_ERROR;
				CLANG_WARN_DOCUMENTATION_COMMENTS = YES;
				CLANG_WARN_EMPTY_BODY = YES;
				CLANG_WARN_ENUM_CONVERSION = YES;
				CLANG_WARN_INFINITE_RECURSION = YES;
				CLANG_WARN_INT_CONVERSION = YES;
				CLANG_WARN_NON_LITERAL_NULL_CONVERSION = YES;
				CLANG_WARN_OBJC_IMPLICIT_RETAIN_SELF = YES;
				CLANG_WARN_OBJC_LITERAL_CONVERSION = YES;
				CLANG_WARN_OBJC_ROOT_CLASS = YES_ERROR;
				CLANG_WARN_QUOTED_INCLUDE_IN_FRAMEWORK_HEADER = YES;
				CLANG_WARN_RANGE_LOOP_ANALYSIS = YES;
				CLANG_WARN_STRICT_PROTOTYPES = YES;
				CLANG_WARN_SUSPICIOUS_MOVE = YES;
				CLANG_WARN_UNGUARDED_AVAILABILITY = YES_AGGRESSIVE;
				CLANG_WARN_UNREACHABLE_CODE = YES;
				CLANG_WARN__DUPLICATE_METHOD_MATCH = YES;
				COPY_PHASE_STRIP = NO;
				DEAD_CODE_STRIPPING = YES;
				DEBUG_INFORMATION_FORMAT = dwarf;
				ENABLE_STRICT_OBJC_MSGSEND = YES;
				ENABLE_TESTABILITY = YES;
				ENABLE_USER_SCRIPT_SANDBOXING = YES;
				GCC_C_LANGUAGE_STANDARD = gnu17;
				GCC_DYNAMIC_NO_PIC = NO;
				GCC_NO_COMMON_BLOCKS = YES;
				GCC_OPTIMIZATION_LEVEL = 0;
				GCC_PREPROCESSOR_DEFINITIONS = (
					"DEBUG=1",
					"$(inherited)",
				);
				GCC_WARN_64_TO_32_BIT_CONVERSION = YES;
				GCC_WARN_ABOUT_RETURN_TYPE = YES_ERROR;
				GCC_WARN_UNDECLARED_SELECTOR = YES;
				GCC_WARN_UNINITIALIZED_AUTOS = YES_AGGRESSIVE;
				GCC_WARN_UNUSED_FUNCTION = YES;
				GCC_WARN_UNUSED_VARIABLE = YES;
				LOCALIZATION_PREFERS_STRING_CATALOGS = YES;
				MTL_ENABLE_DEBUG_INFO = INCLUDE_SOURCE;
				MTL_FAST_MATH = YES;
				ONLY_ACTIVE_ARCH = YES;
				SWIFT_ACTIVE_COMPILATION_CONDITIONS = "DEBUG $(inherited)";
				SWIFT_OPTIMIZATION_LEVEL = "-Onone";
			};
			name = Debug;
		};
		78385D152BF3647500581057 /* Release */ = {
			isa = XCBuildConfiguration;
			buildSettings = {
				ALWAYS_SEARCH_USER_PATHS = NO;
				ASSETCATALOG_COMPILER_GENERATE_SWIFT_ASSET_SYMBOL_EXTENSIONS = YES;
				CLANG_ANALYZER_NONNULL = YES;
				CLANG_ANALYZER_NUMBER_OBJECT_CONVERSION = YES_AGGRESSIVE;
				CLANG_CXX_LANGUAGE_STANDARD = "gnu++20";
				CLANG_ENABLE_MODULES = YES;
				CLANG_ENABLE_OBJC_ARC = YES;
				CLANG_ENABLE_OBJC_WEAK = YES;
				CLANG_WARN_BLOCK_CAPTURE_AUTORELEASING = YES;
				CLANG_WARN_BOOL_CONVERSION = YES;
				CLANG_WARN_COMMA = YES;
				CLANG_WARN_CONSTANT_CONVERSION = YES;
				CLANG_WARN_DEPRECATED_OBJC_IMPLEMENTATIONS = YES;
				CLANG_WARN_DIRECT_OBJC_ISA_USAGE = YES_ERROR;
				CLANG_WARN_DOCUMENTATION_COMMENTS = YES;
				CLANG_WARN_EMPTY_BODY = YES;
				CLANG_WARN_ENUM_CONVERSION = YES;
				CLANG_WARN_INFINITE_RECURSION = YES;
				CLANG_WARN_INT_CONVERSION = YES;
				CLANG_WARN_NON_LITERAL_NULL_CONVERSION = YES;
				CLANG_WARN_OBJC_IMPLICIT_RETAIN_SELF = YES;
				CLANG_WARN_OBJC_LITERAL_CONVERSION = YES;
				CLANG_WARN_OBJC_ROOT_CLASS = YES_ERROR;
				CLANG_WARN_QUOTED_INCLUDE_IN_FRAMEWORK_HEADER = YES;
				CLANG_WARN_RANGE_LOOP_ANALYSIS = YES;
				CLANG_WARN_STRICT_PROTOTYPES = YES;
				CLANG_WARN_SUSPICIOUS_MOVE = YES;
				CLANG_WARN_UNGUARDED_AVAILABILITY = YES_AGGRESSIVE;
				CLANG_WARN_UNREACHABLE_CODE = YES;
				CLANG_WARN__DUPLICATE_METHOD_MATCH = YES;
				COPY_PHASE_STRIP = NO;
				DEAD_CODE_STRIPPING = YES;
				DEBUG_INFORMATION_FORMAT = "dwarf-with-dsym";
				ENABLE_NS_ASSERTIONS = NO;
				ENABLE_STRICT_OBJC_MSGSEND = YES;
				ENABLE_USER_SCRIPT_SANDBOXING = YES;
				GCC_C_LANGUAGE_STANDARD = gnu17;
				GCC_NO_COMMON_BLOCKS = YES;
				GCC_WARN_64_TO_32_BIT_CONVERSION = YES;
				GCC_WARN_ABOUT_RETURN_TYPE = YES_ERROR;
				GCC_WARN_UNDECLARED_SELECTOR = YES;
				GCC_WARN_UNINITIALIZED_AUTOS = YES_AGGRESSIVE;
				GCC_WARN_UNUSED_FUNCTION = YES;
				GCC_WARN_UNUSED_VARIABLE = YES;
				LOCALIZATION_PREFERS_STRING_CATALOGS = YES;
				MTL_ENABLE_DEBUG_INFO = NO;
				MTL_FAST_MATH = YES;
				SWIFT_COMPILATION_MODE = wholemodule;
			};
			name = Release;
		};
		78385D172BF3647500581057 /* Debug */ = {
			isa = XCBuildConfiguration;
			buildSettings = {
				ASSETCATALOG_COMPILER_APPICON_NAME = AppIcon;
				ASSETCATALOG_COMPILER_GLOBAL_ACCENT_COLOR_NAME = AccentColor;
				CODE_SIGN_ENTITLEMENTS = Meditation/Meditation.entitlements;
				CODE_SIGN_STYLE = Automatic;
				CURRENT_PROJECT_VERSION = 1;
				DEAD_CODE_STRIPPING = YES;
				DEVELOPMENT_ASSET_PATHS = "\"Meditation/Preview Content\"";
				DEVELOPMENT_TEAM = A9H57996U3;
				ENABLE_HARDENED_RUNTIME = YES;
				ENABLE_PREVIEWS = YES;
				GENERATE_INFOPLIST_FILE = YES;
				INFOPLIST_KEY_NSHealthShareUsageDescription = "We need access to Mindful Minutes so we can save your meditation sessions.";
				INFOPLIST_KEY_NSHealthUpdateUsageDescription = "We need access to Mindful Minutes so we can save your meditation sessions.";
				"INFOPLIST_KEY_UIApplicationSceneManifest_Generation[sdk=iphoneos*]" = YES;
				"INFOPLIST_KEY_UIApplicationSceneManifest_Generation[sdk=iphonesimulator*]" = YES;
				"INFOPLIST_KEY_UIApplicationSupportsIndirectInputEvents[sdk=iphoneos*]" = YES;
				"INFOPLIST_KEY_UIApplicationSupportsIndirectInputEvents[sdk=iphonesimulator*]" = YES;
				"INFOPLIST_KEY_UILaunchScreen_Generation[sdk=iphoneos*]" = YES;
				"INFOPLIST_KEY_UILaunchScreen_Generation[sdk=iphonesimulator*]" = YES;
				"INFOPLIST_KEY_UIStatusBarStyle[sdk=iphoneos*]" = UIStatusBarStyleDefault;
				"INFOPLIST_KEY_UIStatusBarStyle[sdk=iphonesimulator*]" = UIStatusBarStyleDefault;
				INFOPLIST_KEY_UISupportedInterfaceOrientations_iPad = "UIInterfaceOrientationPortrait UIInterfaceOrientationPortraitUpsideDown UIInterfaceOrientationLandscapeLeft UIInterfaceOrientationLandscapeRight";
				INFOPLIST_KEY_UISupportedInterfaceOrientations_iPhone = "UIInterfaceOrientationPortrait UIInterfaceOrientationLandscapeLeft UIInterfaceOrientationLandscapeRight";
				IPHONEOS_DEPLOYMENT_TARGET = 17.4;
				LD_RUNPATH_SEARCH_PATHS = "@executable_path/Frameworks";
				"LD_RUNPATH_SEARCH_PATHS[sdk=macosx*]" = "@executable_path/../Frameworks";
				MACOSX_DEPLOYMENT_TARGET = 14.4;
				MARKETING_VERSION = 1.0;
				PRODUCT_BUNDLE_IDENTIFIER = com.project7III.meditation;
				PRODUCT_NAME = "$(TARGET_NAME)";
				SDKROOT = auto;
				SUPPORTED_PLATFORMS = "iphoneos iphonesimulator";
				SUPPORTS_MACCATALYST = NO;
				SWIFT_EMIT_LOC_STRINGS = YES;
				SWIFT_VERSION = 5.0;
				TARGETED_DEVICE_FAMILY = "1,2";
			};
			name = Debug;
		};
		78385D182BF3647500581057 /* Release */ = {
			isa = XCBuildConfiguration;
			buildSettings = {
				ASSETCATALOG_COMPILER_APPICON_NAME = AppIcon;
				ASSETCATALOG_COMPILER_GLOBAL_ACCENT_COLOR_NAME = AccentColor;
				CODE_SIGN_ENTITLEMENTS = Meditation/Meditation.entitlements;
				CODE_SIGN_STYLE = Automatic;
				CURRENT_PROJECT_VERSION = 1;
				DEAD_CODE_STRIPPING = YES;
				DEVELOPMENT_ASSET_PATHS = "\"Meditation/Preview Content\"";
				DEVELOPMENT_TEAM = A9H57996U3;
				ENABLE_HARDENED_RUNTIME = YES;
				ENABLE_PREVIEWS = YES;
				GENERATE_INFOPLIST_FILE = YES;
				INFOPLIST_KEY_NSHealthShareUsageDescription = "We need access to Mindful Minutes so we can save your meditation sessions.";
				INFOPLIST_KEY_NSHealthUpdateUsageDescription = "We need access to Mindful Minutes so we can save your meditation sessions.";
				"INFOPLIST_KEY_UIApplicationSceneManifest_Generation[sdk=iphoneos*]" = YES;
				"INFOPLIST_KEY_UIApplicationSceneManifest_Generation[sdk=iphonesimulator*]" = YES;
				"INFOPLIST_KEY_UIApplicationSupportsIndirectInputEvents[sdk=iphoneos*]" = YES;
				"INFOPLIST_KEY_UIApplicationSupportsIndirectInputEvents[sdk=iphonesimulator*]" = YES;
				"INFOPLIST_KEY_UILaunchScreen_Generation[sdk=iphoneos*]" = YES;
				"INFOPLIST_KEY_UILaunchScreen_Generation[sdk=iphonesimulator*]" = YES;
				"INFOPLIST_KEY_UIStatusBarStyle[sdk=iphoneos*]" = UIStatusBarStyleDefault;
				"INFOPLIST_KEY_UIStatusBarStyle[sdk=iphonesimulator*]" = UIStatusBarStyleDefault;
				INFOPLIST_KEY_UISupportedInterfaceOrientations_iPad = "UIInterfaceOrientationPortrait UIInterfaceOrientationPortraitUpsideDown UIInterfaceOrientationLandscapeLeft UIInterfaceOrientationLandscapeRight";
				INFOPLIST_KEY_UISupportedInterfaceOrientations_iPhone = "UIInterfaceOrientationPortrait UIInterfaceOrientationLandscapeLeft UIInterfaceOrientationLandscapeRight";
				IPHONEOS_DEPLOYMENT_TARGET = 17.4;
				LD_RUNPATH_SEARCH_PATHS = "@executable_path/Frameworks";
				"LD_RUNPATH_SEARCH_PATHS[sdk=macosx*]" = "@executable_path/../Frameworks";
				MACOSX_DEPLOYMENT_TARGET = 14.4;
				MARKETING_VERSION = 1.0;
				PRODUCT_BUNDLE_IDENTIFIER = com.project7III.meditation;
				PRODUCT_NAME = "$(TARGET_NAME)";
				SDKROOT = auto;
				SUPPORTED_PLATFORMS = "iphoneos iphonesimulator";
				SUPPORTS_MACCATALYST = NO;
				SWIFT_EMIT_LOC_STRINGS = YES;
				SWIFT_VERSION = 5.0;
				TARGETED_DEVICE_FAMILY = "1,2";
			};
			name = Release;
		};
/* End XCBuildConfiguration section */

/* Begin XCConfigurationList section */
		78385D022BF3647300581057 /* Build configuration list for PBXProject "Meditation" */ = {
			isa = XCConfigurationList;
			buildConfigurations = (
				78385D142BF3647500581057 /* Debug */,
				78385D152BF3647500581057 /* Release */,
			);
			defaultConfigurationIsVisible = 0;
			defaultConfigurationName = Release;
		};
		78385D162BF3647500581057 /* Build configuration list for PBXNativeTarget "Meditation" */ = {
			isa = XCConfigurationList;
			buildConfigurations = (
				78385D172BF3647500581057 /* Debug */,
				78385D182BF3647500581057 /* Release */,
			);
			defaultConfigurationIsVisible = 0;
			defaultConfigurationName = Release;
		};
/* End XCConfigurationList section */
	};
	rootObject = 78385CFF2BF3647300581057 /* Project object */;
}
